
Microsoft Visual Studio Solution File, Format Version 12.00
# Visual Studio 15
VisualStudioVersion = 15.0.27428.2037
MinimumVisualStudioVersion = 10.0.40219.1
Project("{FAE04EC0-301F-11D3-BF4B-00C04F79EFBC}") = "App1_Vagas.Android", "App1_Vagas\App1_Vagas.Android\App1_Vagas.Android.csproj", "{1A6A6BDB-FCA5-4A5D-981C-95B9912D09AA}"
EndProject
Project("{FAE04EC0-301F-11D3-BF4B-00C04F79EFBC}") = "App1_Vagas.iOS", "App1_Vagas\App1_Vagas.iOS\App1_Vagas.iOS.csproj", "{C25D2FC8-8A8F-4CA8-847E-4EFCA115E0BD}"
EndProject
Project("{FAE04EC0-301F-11D3-BF4B-00C04F79EFBC}") = "App1_Vagas.UWP", "App1_Vagas\App1_Vagas.UWP\App1_Vagas.UWP.csproj", "{82EB1644-4B06-4397-9F3C-549E84067AF4}"
EndProject
Project("{FAE04EC0-301F-11D3-BF4B-00C04F79EFBC}") = "App1_Vagas", "App1_Vagas\App1_Vagas\App1_Vagas.csproj", "{1BDD8DF7-9356-4951-9BDD-86EF5823DEBD}"
EndProject
Global
	GlobalSection(SolutionConfigurationPlatforms) = preSolution
		Ad-Hoc|Any CPU = Ad-Hoc|Any CPU
		Ad-Hoc|ARM = Ad-Hoc|ARM
		Ad-Hoc|iPhone = Ad-Hoc|iPhone
		Ad-Hoc|iPhoneSimulator = Ad-Hoc|iPhoneSimulator
		Ad-Hoc|x64 = Ad-Hoc|x64
		Ad-Hoc|x86 = Ad-Hoc|x86
		AppStore|Any CPU = AppStore|Any CPU
		AppStore|ARM = AppStore|ARM
		AppStore|iPhone = AppStore|iPhone
		AppStore|iPhoneSimulator = AppStore|iPhoneSimulator
		AppStore|x64 = AppStore|x64
		AppStore|x86 = AppStore|x86
		Debug|Any CPU = Debug|Any CPU
		Debug|ARM = Debug|ARM
		Debug|iPhone = Debug|iPhone
		Debug|iPhoneSimulator = Debug|iPhoneSimulator
		Debug|x64 = Debug|x64
		Debug|x86 = Debug|x86
		Release|Any CPU = Release|Any CPU
		Release|ARM = Release|ARM
		Release|iPhone = Release|iPhone
		Release|iPhoneSimulator = Release|iPhoneSimulator
		Release|x64 = Release|x64
		Release|x86 = Release|x86
	EndGlobalSection
	GlobalSection(ProjectConfigurationPlatforms) = postSolution
		{1A6A6BDB-FCA5-4A5D-981C-95B9912D09AA}.Ad-Hoc|Any CPU.ActiveCfg = Release|Any CPU
		{1A6A6BDB-FCA5-4A5D-981C-95B9912D09AA}.Ad-Hoc|Any CPU.Build.0 = Release|Any CPU
		{1A6A6BDB-FCA5-4A5D-981C-95B9912D09AA}.Ad-Hoc|Any CPU.Deploy.0 = Release|Any CPU
		{1A6A6BDB-FCA5-4A5D-981C-95B9912D09AA}.Ad-Hoc|ARM.ActiveCfg = Release|Any CPU
		{1A6A6BDB-FCA5-4A5D-981C-95B9912D09AA}.Ad-Hoc|ARM.Build.0 = Release|Any CPU
		{1A6A6BDB-FCA5-4A5D-981C-95B9912D09AA}.Ad-Hoc|ARM.Deploy.0 = Release|Any CPU
		{1A6A6BDB-FCA5-4A5D-981C-95B9912D09AA}.Ad-Hoc|iPhone.ActiveCfg = Release|Any CPU
		{1A6A6BDB-FCA5-4A5D-981C-95B9912D09AA}.Ad-Hoc|iPhone.Build.0 = Release|Any CPU
		{1A6A6BDB-FCA5-4A5D-981C-95B9912D09AA}.Ad-Hoc|iPhone.Deploy.0 = Release|Any CPU
		{1A6A6BDB-FCA5-4A5D-981C-95B9912D09AA}.Ad-Hoc|iPhoneSimulator.ActiveCfg = Release|Any CPU
		{1A6A6BDB-FCA5-4A5D-981C-95B9912D09AA}.Ad-Hoc|iPhoneSimulator.Build.0 = Release|Any CPU
		{1A6A6BDB-FCA5-4A5D-981C-95B9912D09AA}.Ad-Hoc|iPhoneSimulator.Deploy.0 = Release|Any CPU
		{1A6A6BDB-FCA5-4A5D-981C-95B9912D09AA}.Ad-Hoc|x64.ActiveCfg = Release|Any CPU
		{1A6A6BDB-FCA5-4A5D-981C-95B9912D09AA}.Ad-Hoc|x64.Build.0 = Release|Any CPU
		{1A6A6BDB-FCA5-4A5D-981C-95B9912D09AA}.Ad-Hoc|x64.Deploy.0 = Release|Any CPU
		{1A6A6BDB-FCA5-4A5D-981C-95B9912D09AA}.Ad-Hoc|x86.ActiveCfg = Release|Any CPU
		{1A6A6BDB-FCA5-4A5D-981C-95B9912D09AA}.Ad-Hoc|x86.Build.0 = Release|Any CPU
		{1A6A6BDB-FCA5-4A5D-981C-95B9912D09AA}.Ad-Hoc|x86.Deploy.0 = Release|Any CPU
		{1A6A6BDB-FCA5-4A5D-981C-95B9912D09AA}.AppStore|Any CPU.ActiveCfg = Release|Any CPU
		{1A6A6BDB-FCA5-4A5D-981C-95B9912D09AA}.AppStore|Any CPU.Build.0 = Release|Any CPU
		{1A6A6BDB-FCA5-4A5D-981C-95B9912D09AA}.AppStore|Any CPU.Deploy.0 = Release|Any CPU
		{1A6A6BDB-FCA5-4A5D-981C-95B9912D09AA}.AppStore|ARM.ActiveCfg = Release|Any CPU
		{1A6A6BDB-FCA5-4A5D-981C-95B9912D09AA}.AppStore|ARM.Build.0 = Release|Any CPU
		{1A6A6BDB-FCA5-4A5D-981C-95B9912D09AA}.AppStore|ARM.Deploy.0 = Release|Any CPU
		{1A6A6BDB-FCA5-4A5D-981C-95B9912D09AA}.AppStore|iPhone.ActiveCfg = Release|Any CPU
		{1A6A6BDB-FCA5-4A5D-981C-95B9912D09AA}.AppStore|iPhone.Build.0 = Release|Any CPU
		{1A6A6BDB-FCA5-4A5D-981C-95B9912D09AA}.AppStore|iPhone.Deploy.0 = Release|Any CPU
		{1A6A6BDB-FCA5-4A5D-981C-95B9912D09AA}.AppStore|iPhoneSimulator.ActiveCfg = Release|Any CPU
		{1A6A6BDB-FCA5-4A5D-981C-95B9912D09AA}.AppStore|iPhoneSimulator.Build.0 = Release|Any CPU
		{1A6A6BDB-FCA5-4A5D-981C-95B9912D09AA}.AppStore|iPhoneSimulator.Deploy.0 = Release|Any CPU
		{1A6A6BDB-FCA5-4A5D-981C-95B9912D09AA}.AppStore|x64.ActiveCfg = Release|Any CPU
		{1A6A6BDB-FCA5-4A5D-981C-95B9912D09AA}.AppStore|x64.Build.0 = Release|Any CPU
		{1A6A6BDB-FCA5-4A5D-981C-95B9912D09AA}.AppStore|x64.Deploy.0 = Release|Any CPU
		{1A6A6BDB-FCA5-4A5D-981C-95B9912D09AA}.AppStore|x86.ActiveCfg = Release|Any CPU
		{1A6A6BDB-FCA5-4A5D-981C-95B9912D09AA}.AppStore|x86.Build.0 = Release|Any CPU
		{1A6A6BDB-FCA5-4A5D-981C-95B9912D09AA}.AppStore|x86.Deploy.0 = Release|Any CPU
		{1A6A6BDB-FCA5-4A5D-981C-95B9912D09AA}.Debug|Any CPU.ActiveCfg = Debug|Any CPU
		{1A6A6BDB-FCA5-4A5D-981C-95B9912D09AA}.Debug|Any CPU.Build.0 = Debug|Any CPU
		{1A6A6BDB-FCA5-4A5D-981C-95B9912D09AA}.Debug|Any CPU.Deploy.0 = Debug|Any CPU
		{1A6A6BDB-FCA5-4A5D-981C-95B9912D09AA}.Debug|ARM.ActiveCfg = Debug|Any CPU
		{1A6A6BDB-FCA5-4A5D-981C-95B9912D09AA}.Debug|ARM.Build.0 = Debug|Any CPU
		{1A6A6BDB-FCA5-4A5D-981C-95B9912D09AA}.Debug|ARM.Deploy.0 = Debug|Any CPU
		{1A6A6BDB-FCA5-4A5D-981C-95B9912D09AA}.Debug|iPhone.ActiveCfg = Debug|Any CPU
		{1A6A6BDB-FCA5-4A5D-981C-95B9912D09AA}.Debug|iPhone.Build.0 = Debug|Any CPU
		{1A6A6BDB-FCA5-4A5D-981C-95B9912D09AA}.Debug|iPhone.Deploy.0 = Debug|Any CPU
		{1A6A6BDB-FCA5-4A5D-981C-95B9912D09AA}.Debug|iPhoneSimulator.ActiveCfg = Debug|Any CPU
		{1A6A6BDB-FCA5-4A5D-981C-95B9912D09AA}.Debug|iPhoneSimulator.Build.0 = Debug|Any CPU
		{1A6A6BDB-FCA5-4A5D-981C-95B9912D09AA}.Debug|iPhoneSimulator.Deploy.0 = Debug|Any CPU
		{1A6A6BDB-FCA5-4A5D-981C-95B9912D09AA}.Debug|x64.ActiveCfg = Debug|Any CPU
		{1A6A6BDB-FCA5-4A5D-981C-95B9912D09AA}.Debug|x64.Build.0 = Debug|Any CPU
		{1A6A6BDB-FCA5-4A5D-981C-95B9912D09AA}.Debug|x64.Deploy.0 = Debug|Any CPU
		{1A6A6BDB-FCA5-4A5D-981C-95B9912D09AA}.Debug|x86.ActiveCfg = Debug|Any CPU
		{1A6A6BDB-FCA5-4A5D-981C-95B9912D09AA}.Debug|x86.Build.0 = Debug|Any CPU
		{1A6A6BDB-FCA5-4A5D-981C-95B9912D09AA}.Debug|x86.Deploy.0 = Debug|Any CPU
		{1A6A6BDB-FCA5-4A5D-981C-95B9912D09AA}.Release|Any CPU.ActiveCfg = Release|Any CPU
		{1A6A6BDB-FCA5-4A5D-981C-95B9912D09AA}.Release|Any CPU.Build.0 = Release|Any CPU
		{1A6A6BDB-FCA5-4A5D-981C-95B9912D09AA}.Release|Any CPU.Deploy.0 = Release|Any CPU
		{1A6A6BDB-FCA5-4A5D-981C-95B9912D09AA}.Release|ARM.ActiveCfg = Release|Any CPU
		{1A6A6BDB-FCA5-4A5D-981C-95B9912D09AA}.Release|ARM.Build.0 = Release|Any CPU
		{1A6A6BDB-FCA5-4A5D-981C-95B9912D09AA}.Release|ARM.Deploy.0 = Release|Any CPU
		{1A6A6BDB-FCA5-4A5D-981C-95B9912D09AA}.Release|iPhone.ActiveCfg = Release|Any CPU
		{1A6A6BDB-FCA5-4A5D-981C-95B9912D09AA}.Release|iPhone.Build.0 = Release|Any CPU
		{1A6A6BDB-FCA5-4A5D-981C-95B9912D09AA}.Release|iPhone.Deploy.0 = Release|Any CPU
		{1A6A6BDB-FCA5-4A5D-981C-95B9912D09AA}.Release|iPhoneSimulator.ActiveCfg = Release|Any CPU
		{1A6A6BDB-FCA5-4A5D-981C-95B9912D09AA}.Release|iPhoneSimulator.Build.0 = Release|Any CPU
		{1A6A6BDB-FCA5-4A5D-981C-95B9912D09AA}.Release|iPhoneSimulator.Deploy.0 = Release|Any CPU
		{1A6A6BDB-FCA5-4A5D-981C-95B9912D09AA}.Release|x64.ActiveCfg = Release|Any CPU
		{1A6A6BDB-FCA5-4A5D-981C-95B9912D09AA}.Release|x64.Build.0 = Release|Any CPU
		{1A6A6BDB-FCA5-4A5D-981C-95B9912D09AA}.Release|x64.Deploy.0 = Release|Any CPU
		{1A6A6BDB-FCA5-4A5D-981C-95B9912D09AA}.Release|x86.ActiveCfg = Release|Any CPU
		{1A6A6BDB-FCA5-4A5D-981C-95B9912D09AA}.Release|x86.Build.0 = Release|Any CPU
		{1A6A6BDB-FCA5-4A5D-981C-95B9912D09AA}.Release|x86.Deploy.0 = Release|Any CPU
		{C25D2FC8-8A8F-4CA8-847E-4EFCA115E0BD}.Ad-Hoc|Any CPU.ActiveCfg = Ad-Hoc|iPhone
		{C25D2FC8-8A8F-4CA8-847E-4EFCA115E0BD}.Ad-Hoc|ARM.ActiveCfg = Ad-Hoc|iPhone
		{C25D2FC8-8A8F-4CA8-847E-4EFCA115E0BD}.Ad-Hoc|iPhone.ActiveCfg = Ad-Hoc|iPhone
		{C25D2FC8-8A8F-4CA8-847E-4EFCA115E0BD}.Ad-Hoc|iPhone.Build.0 = Ad-Hoc|iPhone
		{C25D2FC8-8A8F-4CA8-847E-4EFCA115E0BD}.Ad-Hoc|iPhoneSimulator.ActiveCfg = Ad-Hoc|iPhoneSimulator
		{C25D2FC8-8A8F-4CA8-847E-4EFCA115E0BD}.Ad-Hoc|iPhoneSimulator.Build.0 = Ad-Hoc|iPhoneSimulator
		{C25D2FC8-8A8F-4CA8-847E-4EFCA115E0BD}.Ad-Hoc|x64.ActiveCfg = Ad-Hoc|iPhone
		{C25D2FC8-8A8F-4CA8-847E-4EFCA115E0BD}.Ad-Hoc|x86.ActiveCfg = Ad-Hoc|iPhone
		{C25D2FC8-8A8F-4CA8-847E-4EFCA115E0BD}.AppStore|Any CPU.ActiveCfg = AppStore|iPhone
		{C25D2FC8-8A8F-4CA8-847E-4EFCA115E0BD}.AppStore|ARM.ActiveCfg = AppStore|iPhone
		{C25D2FC8-8A8F-4CA8-847E-4EFCA115E0BD}.AppStore|iPhone.ActiveCfg = AppStore|iPhone
		{C25D2FC8-8A8F-4CA8-847E-4EFCA115E0BD}.AppStore|iPhone.Build.0 = AppStore|iPhone
		{C25D2FC8-8A8F-4CA8-847E-4EFCA115E0BD}.AppStore|iPhoneSimulator.ActiveCfg = AppStore|iPhoneSimulator
		{C25D2FC8-8A8F-4CA8-847E-4EFCA115E0BD}.AppStore|iPhoneSimulator.Build.0 = AppStore|iPhoneSimulator
		{C25D2FC8-8A8F-4CA8-847E-4EFCA115E0BD}.AppStore|x64.ActiveCfg = AppStore|iPhone
		{C25D2FC8-8A8F-4CA8-847E-4EFCA115E0BD}.AppStore|x86.ActiveCfg = AppStore|iPhone
		{C25D2FC8-8A8F-4CA8-847E-4EFCA115E0BD}.Debug|Any CPU.ActiveCfg = Debug|iPhone
		{C25D2FC8-8A8F-4CA8-847E-4EFCA115E0BD}.Debug|ARM.ActiveCfg = Debug|iPhone
		{C25D2FC8-8A8F-4CA8-847E-4EFCA115E0BD}.Debug|iPhone.ActiveCfg = Debug|iPhone
		{C25D2FC8-8A8F-4CA8-847E-4EFCA115E0BD}.Debug|iPhone.Build.0 = Debug|iPhone
		{C25D2FC8-8A8F-4CA8-847E-4EFCA115E0BD}.Debug|iPhoneSimulator.ActiveCfg = Debug|iPhoneSimulator
		{C25D2FC8-8A8F-4CA8-847E-4EFCA115E0BD}.Debug|iPhoneSimulator.Build.0 = Debug|iPhoneSimulator
		{C25D2FC8-8A8F-4CA8-847E-4EFCA115E0BD}.Debug|x64.ActiveCfg = Debug|iPhone
		{C25D2FC8-8A8F-4CA8-847E-4EFCA115E0BD}.Debug|x86.ActiveCfg = Debug|iPhone
		{C25D2FC8-8A8F-4CA8-847E-4EFCA115E0BD}.Release|Any CPU.ActiveCfg = Release|iPhone
		{C25D2FC8-8A8F-4CA8-847E-4EFCA115E0BD}.Release|ARM.ActiveCfg = Release|iPhone
		{C25D2FC8-8A8F-4CA8-847E-4EFCA115E0BD}.Release|iPhone.ActiveCfg = Release|iPhone
		{C25D2FC8-8A8F-4CA8-847E-4EFCA115E0BD}.Release|iPhone.Build.0 = Release|iPhone
		{C25D2FC8-8A8F-4CA8-847E-4EFCA115E0BD}.Release|iPhoneSimulator.ActiveCfg = Release|iPhoneSimulator
		{C25D2FC8-8A8F-4CA8-847E-4EFCA115E0BD}.Release|iPhoneSimulator.Build.0 = Release|iPhoneSimulator
		{C25D2FC8-8A8F-4CA8-847E-4EFCA115E0BD}.Release|x64.ActiveCfg = Release|iPhone
		{C25D2FC8-8A8F-4CA8-847E-4EFCA115E0BD}.Release|x86.ActiveCfg = Release|iPhone
		{82EB1644-4B06-4397-9F3C-549E84067AF4}.Ad-Hoc|Any CPU.ActiveCfg = Release|x86
		{82EB1644-4B06-4397-9F3C-549E84067AF4}.Ad-Hoc|Any CPU.Build.0 = Release|x86
		{82EB1644-4B06-4397-9F3C-549E84067AF4}.Ad-Hoc|Any CPU.Deploy.0 = Release|x86
		{82EB1644-4B06-4397-9F3C-549E84067AF4}.Ad-Hoc|ARM.ActiveCfg = Release|ARM
		{82EB1644-4B06-4397-9F3C-549E84067AF4}.Ad-Hoc|ARM.Build.0 = Release|ARM
		{82EB1644-4B06-4397-9F3C-549E84067AF4}.Ad-Hoc|ARM.Deploy.0 = Release|ARM
		{82EB1644-4B06-4397-9F3C-549E84067AF4}.Ad-Hoc|iPhone.ActiveCfg = Release|x86
		{82EB1644-4B06-4397-9F3C-549E84067AF4}.Ad-Hoc|iPhone.Build.0 = Release|x86
		{82EB1644-4B06-4397-9F3C-549E84067AF4}.Ad-Hoc|iPhone.Deploy.0 = Release|x86
		{82EB1644-4B06-4397-9F3C-549E84067AF4}.Ad-Hoc|iPhoneSimulator.ActiveCfg = Release|x86
		{82EB1644-4B06-4397-9F3C-549E84067AF4}.Ad-Hoc|iPhoneSimulator.Build.0 = Release|x86
		{82EB1644-4B06-4397-9F3C-549E84067AF4}.Ad-Hoc|iPhoneSimulator.Deploy.0 = Release|x86
		{82EB1644-4B06-4397-9F3C-549E84067AF4}.Ad-Hoc|x64.ActiveCfg = Release|x64
		{82EB1644-4B06-4397-9F3C-549E84067AF4}.Ad-Hoc|x64.Build.0 = Release|x64
		{82EB1644-4B06-4397-9F3C-549E84067AF4}.Ad-Hoc|x64.Deploy.0 = Release|x64
		{82EB1644-4B06-4397-9F3C-549E84067AF4}.Ad-Hoc|x86.ActiveCfg = Release|x86
		{82EB1644-4B06-4397-9F3C-549E84067AF4}.Ad-Hoc|x86.Build.0 = Release|x86
		{82EB1644-4B06-4397-9F3C-549E84067AF4}.Ad-Hoc|x86.Deploy.0 = Release|x86
		{82EB1644-4B06-4397-9F3C-549E84067AF4}.AppStore|Any CPU.ActiveCfg = Release|x86
		{82EB1644-4B06-4397-9F3C-549E84067AF4}.AppStore|Any CPU.Build.0 = Release|x86
		{82EB1644-4B06-4397-9F3C-549E84067AF4}.AppStore|Any CPU.Deploy.0 = Release|x86
		{82EB1644-4B06-4397-9F3C-549E84067AF4}.AppStore|ARM.ActiveCfg = Release|ARM
		{82EB1644-4B06-4397-9F3C-549E84067AF4}.AppStore|ARM.Build.0 = Release|ARM
		{82EB1644-4B06-4397-9F3C-549E84067AF4}.AppStore|ARM.Deploy.0 = Release|ARM
		{82EB1644-4B06-4397-9F3C-549E84067AF4}.AppStore|iPhone.ActiveCfg = Release|x86
		{82EB1644-4B06-4397-9F3C-549E84067AF4}.AppStore|iPhone.Build.0 = Release|x86
		{82EB1644-4B06-4397-9F3C-549E84067AF4}.AppStore|iPhone.Deploy.0 = Release|x86
		{82EB1644-4B06-4397-9F3C-549E84067AF4}.AppStore|iPhoneSimulator.ActiveCfg = Release|x86
		{82EB1644-4B06-4397-9F3C-549E84067AF4}.AppStore|iPhoneSimulator.Build.0 = Release|x86
		{82EB1644-4B06-4397-9F3C-549E84067AF4}.AppStore|iPhoneSimulator.Deploy.0 = Release|x86
		{82EB1644-4B06-4397-9F3C-549E84067AF4}.AppStore|x64.ActiveCfg = Release|x64
		{82EB1644-4B06-4397-9F3C-549E84067AF4}.AppStore|x64.Build.0 = Release|x64
		{82EB1644-4B06-4397-9F3C-549E84067AF4}.AppStore|x64.Deploy.0 = Release|x64
		{82EB1644-4B06-4397-9F3C-549E84067AF4}.AppStore|x86.ActiveCfg = Release|x86
		{82EB1644-4B06-4397-9F3C-549E84067AF4}.AppStore|x86.Build.0 = Release|x86
		{82EB1644-4B06-4397-9F3C-549E84067AF4}.AppStore|x86.Deploy.0 = Release|x86
		{82EB1644-4B06-4397-9F3C-549E84067AF4}.Debug|Any CPU.ActiveCfg = Debug|x86
		{82EB1644-4B06-4397-9F3C-549E84067AF4}.Debug|ARM.ActiveCfg = Debug|ARM
		{82EB1644-4B06-4397-9F3C-549E84067AF4}.Debug|ARM.Build.0 = Debug|ARM
		{82EB1644-4B06-4397-9F3C-549E84067AF4}.Debug|ARM.Deploy.0 = Debug|ARM
		{82EB1644-4B06-4397-9F3C-549E84067AF4}.Debug|iPhone.ActiveCfg = Debug|x86
		{82EB1644-4B06-4397-9F3C-549E84067AF4}.Debug|iPhoneSimulator.ActiveCfg = Debug|x86
		{82EB1644-4B06-4397-9F3C-549E84067AF4}.Debug|x64.ActiveCfg = Debug|x64
		{82EB1644-4B06-4397-9F3C-549E84067AF4}.Debug|x64.Build.0 = Debug|x64
		{82EB1644-4B06-4397-9F3C-549E84067AF4}.Debug|x64.Deploy.0 = Debug|x64
		{82EB1644-4B06-4397-9F3C-549E84067AF4}.Debug|x86.ActiveCfg = Debug|x86
		{82EB1644-4B06-4397-9F3C-549E84067AF4}.Debug|x86.Build.0 = Debug|x86
		{82EB1644-4B06-4397-9F3C-549E84067AF4}.Debug|x86.Deploy.0 = Debug|x86
		{82EB1644-4B06-4397-9F3C-549E84067AF4}.Release|Any CPU.ActiveCfg = Release|x86
		{82EB1644-4B06-4397-9F3C-549E84067AF4}.Release|ARM.ActiveCfg = Release|ARM
		{82EB1644-4B06-4397-9F3C-549E84067AF4}.Release|ARM.Build.0 = Release|ARM
		{82EB1644-4B06-4397-9F3C-549E84067AF4}.Release|ARM.Deploy.0 = Release|ARM
		{82EB1644-4B06-4397-9F3C-549E84067AF4}.Release|iPhone.ActiveCfg = Release|x86
		{82EB1644-4B06-4397-9F3C-549E84067AF4}.Release|iPhoneSimulator.ActiveCfg = Release|x86
		{82EB1644-4B06-4397-9F3C-549E84067AF4}.Release|x64.ActiveCfg = Release|x64
		{82EB1644-4B06-4397-9F3C-549E84067AF4}.Release|x64.Build.0 = Release|x64
		{82EB1644-4B06-4397-9F3C-549E84067AF4}.Release|x64.Deploy.0 = Release|x64
		{82EB1644-4B06-4397-9F3C-549E84067AF4}.Release|x86.ActiveCfg = Release|x86
		{82EB1644-4B06-4397-9F3C-549E84067AF4}.Release|x86.Build.0 = Release|x86
		{82EB1644-4B06-4397-9F3C-549E84067AF4}.Release|x86.Deploy.0 = Release|x86
		{1BDD8DF7-9356-4951-9BDD-86EF5823DEBD}.Ad-Hoc|Any CPU.ActiveCfg = Debug|Any CPU
		{1BDD8DF7-9356-4951-9BDD-86EF5823DEBD}.Ad-Hoc|Any CPU.Build.0 = Debug|Any CPU
		{1BDD8DF7-9356-4951-9BDD-86EF5823DEBD}.Ad-Hoc|ARM.ActiveCfg = Debug|Any CPU
		{1BDD8DF7-9356-4951-9BDD-86EF5823DEBD}.Ad-Hoc|ARM.Build.0 = Debug|Any CPU
		{1BDD8DF7-9356-4951-9BDD-86EF5823DEBD}.Ad-Hoc|iPhone.ActiveCfg = Debug|Any CPU
		{1BDD8DF7-9356-4951-9BDD-86EF5823DEBD}.Ad-Hoc|iPhone.Build.0 = Debug|Any CPU
		{1BDD8DF7-9356-4951-9BDD-86EF5823DEBD}.Ad-Hoc|iPhoneSimulator.ActiveCfg = Debug|Any CPU
		{1BDD8DF7-9356-4951-9BDD-86EF5823DEBD}.Ad-Hoc|iPhoneSimulator.Build.0 = Debug|Any CPU
		{1BDD8DF7-9356-4951-9BDD-86EF5823DEBD}.Ad-Hoc|x64.ActiveCfg = Debug|Any CPU
		{1BDD8DF7-9356-4951-9BDD-86EF5823DEBD}.Ad-Hoc|x64.Build.0 = Debug|Any CPU
		{1BDD8DF7-9356-4951-9BDD-86EF5823DEBD}.Ad-Hoc|x86.ActiveCfg = Debug|Any CPU
		{1BDD8DF7-9356-4951-9BDD-86EF5823DEBD}.Ad-Hoc|x86.Build.0 = Debug|Any CPU
		{1BDD8DF7-9356-4951-9BDD-86EF5823DEBD}.AppStore|Any CPU.ActiveCfg = Debug|Any CPU
		{1BDD8DF7-9356-4951-9BDD-86EF5823DEBD}.AppStore|Any CPU.Build.0 = Debug|Any CPU
		{1BDD8DF7-9356-4951-9BDD-86EF5823DEBD}.AppStore|ARM.ActiveCfg = Debug|Any CPU
		{1BDD8DF7-9356-4951-9BDD-86EF5823DEBD}.AppStore|ARM.Build.0 = Debug|Any CPU
		{1BDD8DF7-9356-4951-9BDD-86EF5823DEBD}.AppStore|iPhone.ActiveCfg = Debug|Any CPU
		{1BDD8DF7-9356-4951-9BDD-86EF5823DEBD}.AppStore|iPhone.Build.0 = Debug|Any CPU
		{1BDD8DF7-9356-4951-9BDD-86EF5823DEBD}.AppStore|iPhoneSimulator.ActiveCfg = Debug|Any CPU
		{1BDD8DF7-9356-4951-9BDD-86EF5823DEBD}.AppStore|iPhoneSimulator.Build.0 = Debug|Any CPU
		{1BDD8DF7-9356-4951-9BDD-86EF5823DEBD}.AppStore|x64.ActiveCfg = Debug|Any CPU
		{1BDD8DF7-9356-4951-9BDD-86EF5823DEBD}.AppStore|x64.Build.0 = Debug|Any CPU
		{1BDD8DF7-9356-4951-9BDD-86EF5823DEBD}.AppStore|x86.ActiveCfg = Debug|Any CPU
		{1BDD8DF7-9356-4951-9BDD-86EF5823DEBD}.AppStore|x86.Build.0 = Debug|Any CPU
		{1BDD8DF7-9356-4951-9BDD-86EF5823DEBD}.Debug|Any CPU.ActiveCfg = Debug|Any CPU
		{1BDD8DF7-9356-4951-9BDD-86EF5823DEBD}.Debug|Any CPU.Build.0 = Debug|Any CPU
		{1BDD8DF7-9356-4951-9BDD-86EF5823DEBD}.Debug|ARM.ActiveCfg = Debug|Any CPU
		{1BDD8DF7-9356-4951-9BDD-86EF5823DEBD}.Debug|ARM.Build.0 = Debug|Any CPU
		{1BDD8DF7-9356-4951-9BDD-86EF5823DEBD}.Debug|iPhone.ActiveCfg = Debug|Any CPU
		{1BDD8DF7-9356-4951-9BDD-86EF5823DEBD}.Debug|iPhone.Build.0 = Debug|Any CPU
		{1BDD8DF7-9356-4951-9BDD-86EF5823DEBD}.Debug|iPhoneSimulator.ActiveCfg = Debug|Any CPU
		{1BDD8DF7-9356-4951-9BDD-86EF5823DEBD}.Debug|iPhoneSimulator.Build.0 = Debug|Any CPU
		{1BDD8DF7-9356-4951-9BDD-86EF5823DEBD}.Debug|x64.ActiveCfg = Debug|Any CPU
		{1BDD8DF7-9356-4951-9BDD-86EF5823DEBD}.Debug|x64.Build.0 = Debug|Any CPU
		{1BDD8DF7-9356-4951-9BDD-86EF5823DEBD}.Debug|x86.ActiveCfg = Debug|Any CPU
		{1BDD8DF7-9356-4951-9BDD-86EF5823DEBD}.Debug|x86.Build.0 = Debug|Any CPU
		{1BDD8DF7-9356-4951-9BDD-86EF5823DEBD}.Release|Any CPU.ActiveCfg = Release|Any CPU
		{1BDD8DF7-9356-4951-9BDD-86EF5823DEBD}.Release|Any CPU.Build.0 = Release|Any CPU
		{1BDD8DF7-9356-4951-9BDD-86EF5823DEBD}.Release|ARM.ActiveCfg = Release|Any CPU
		{1BDD8DF7-9356-4951-9BDD-86EF5823DEBD}.Release|ARM.Build.0 = Release|Any CPU
		{1BDD8DF7-9356-4951-9BDD-86EF5823DEBD}.Release|iPhone.ActiveCfg = Release|Any CPU
		{1BDD8DF7-9356-4951-9BDD-86EF5823DEBD}.Release|iPhone.Build.0 = Release|Any CPU
		{1BDD8DF7-9356-4951-9BDD-86EF5823DEBD}.Release|iPhoneSimulator.ActiveCfg = Release|Any CPU
		{1BDD8DF7-9356-4951-9BDD-86EF5823DEBD}.Release|iPhoneSimulator.Build.0 = Release|Any CPU
		{1BDD8DF7-9356-4951-9BDD-86EF5823DEBD}.Release|x64.ActiveCfg = Release|Any CPU
		{1BDD8DF7-9356-4951-9BDD-86EF5823DEBD}.Release|x64.Build.0 = Release|Any CPU
		{1BDD8DF7-9356-4951-9BDD-86EF5823DEBD}.Release|x86.ActiveCfg = Release|Any CPU
		{1BDD8DF7-9356-4951-9BDD-86EF5823DEBD}.Release|x86.Build.0 = Release|Any CPU
	EndGlobalSection
	GlobalSection(SolutionProperties) = preSolution
		HideSolutionNode = FALSE
	EndGlobalSection
	GlobalSection(ExtensibilityGlobals) = postSolution
		SolutionGuid = {1EB01CAD-4CE7-4A6C-B9CD-E5F7B542566F}
	EndGlobalSection
EndGlobal
