
Microsoft Visual Studio Solution File, Format Version 12.00
# Visual Studio 15
VisualStudioVersion = 15.0.27428.2037
MinimumVisualStudioVersion = 10.0.40219.1
Project("{FAE04EC0-301F-11D3-BF4B-00C04F79EFBC}") = "App1_Estilo.Android", "App1_Estilo\App1_Estilo.Android\App1_Estilo.Android.csproj", "{E9DB2534-96DF-4D56-8942-854684308B08}"
EndProject
Project("{FAE04EC0-301F-11D3-BF4B-00C04F79EFBC}") = "App1_Estilo.iOS", "App1_Estilo\App1_Estilo.iOS\App1_Estilo.iOS.csproj", "{A8F443DA-C86B-47FB-9059-E1F8C5F486BC}"
EndProject
Project("{FAE04EC0-301F-11D3-BF4B-00C04F79EFBC}") = "App1_Estilo.UWP", "App1_Estilo\App1_Estilo.UWP\App1_Estilo.UWP.csproj", "{7CC9EECA-AF7F-49B6-B0B0-38C8A99AFE02}"
EndProject
Project("{FAE04EC0-301F-11D3-BF4B-00C04F79EFBC}") = "App1_Estilo", "App1_Estilo\App1_Estilo\App1_Estilo.csproj", "{F25815FA-A88D-49E1-B1D1-546E963600F5}"
EndProject
Global
	GlobalSection(SolutionConfigurationPlatforms) = preSolution
		Ad-Hoc|Any CPU = Ad-Hoc|Any CPU
		Ad-Hoc|ARM = Ad-Hoc|ARM
		Ad-Hoc|iPhone = Ad-Hoc|iPhone
		Ad-Hoc|iPhoneSimulator = Ad-Hoc|iPhoneSimulator
		Ad-Hoc|x64 = Ad-Hoc|x64
		Ad-Hoc|x86 = Ad-Hoc|x86
		AppStore|Any CPU = AppStore|Any CPU
		AppStore|ARM = AppStore|ARM
		AppStore|iPhone = AppStore|iPhone
		AppStore|iPhoneSimulator = AppStore|iPhoneSimulator
		AppStore|x64 = AppStore|x64
		AppStore|x86 = AppStore|x86
		Debug|Any CPU = Debug|Any CPU
		Debug|ARM = Debug|ARM
		Debug|iPhone = Debug|iPhone
		Debug|iPhoneSimulator = Debug|iPhoneSimulator
		Debug|x64 = Debug|x64
		Debug|x86 = Debug|x86
		Release|Any CPU = Release|Any CPU
		Release|ARM = Release|ARM
		Release|iPhone = Release|iPhone
		Release|iPhoneSimulator = Release|iPhoneSimulator
		Release|x64 = Release|x64
		Release|x86 = Release|x86
	EndGlobalSection
	GlobalSection(ProjectConfigurationPlatforms) = postSolution
		{E9DB2534-96DF-4D56-8942-854684308B08}.Ad-Hoc|Any CPU.ActiveCfg = Release|Any CPU
		{E9DB2534-96DF-4D56-8942-854684308B08}.Ad-Hoc|Any CPU.Build.0 = Release|Any CPU
		{E9DB2534-96DF-4D56-8942-854684308B08}.Ad-Hoc|Any CPU.Deploy.0 = Release|Any CPU
		{E9DB2534-96DF-4D56-8942-854684308B08}.Ad-Hoc|ARM.ActiveCfg = Release|Any CPU
		{E9DB2534-96DF-4D56-8942-854684308B08}.Ad-Hoc|ARM.Build.0 = Release|Any CPU
		{E9DB2534-96DF-4D56-8942-854684308B08}.Ad-Hoc|ARM.Deploy.0 = Release|Any CPU
		{E9DB2534-96DF-4D56-8942-854684308B08}.Ad-Hoc|iPhone.ActiveCfg = Release|Any CPU
		{E9DB2534-96DF-4D56-8942-854684308B08}.Ad-Hoc|iPhone.Build.0 = Release|Any CPU
		{E9DB2534-96DF-4D56-8942-854684308B08}.Ad-Hoc|iPhone.Deploy.0 = Release|Any CPU
		{E9DB2534-96DF-4D56-8942-854684308B08}.Ad-Hoc|iPhoneSimulator.ActiveCfg = Release|Any CPU
		{E9DB2534-96DF-4D56-8942-854684308B08}.Ad-Hoc|iPhoneSimulator.Build.0 = Release|Any CPU
		{E9DB2534-96DF-4D56-8942-854684308B08}.Ad-Hoc|iPhoneSimulator.Deploy.0 = Release|Any CPU
		{E9DB2534-96DF-4D56-8942-854684308B08}.Ad-Hoc|x64.ActiveCfg = Release|Any CPU
		{E9DB2534-96DF-4D56-8942-854684308B08}.Ad-Hoc|x64.Build.0 = Release|Any CPU
		{E9DB2534-96DF-4D56-8942-854684308B08}.Ad-Hoc|x64.Deploy.0 = Release|Any CPU
		{E9DB2534-96DF-4D56-8942-854684308B08}.Ad-Hoc|x86.ActiveCfg = Release|Any CPU
		{E9DB2534-96DF-4D56-8942-854684308B08}.Ad-Hoc|x86.Build.0 = Release|Any CPU
		{E9DB2534-96DF-4D56-8942-854684308B08}.Ad-Hoc|x86.Deploy.0 = Release|Any CPU
		{E9DB2534-96DF-4D56-8942-854684308B08}.AppStore|Any CPU.ActiveCfg = Release|Any CPU
		{E9DB2534-96DF-4D56-8942-854684308B08}.AppStore|Any CPU.Build.0 = Release|Any CPU
		{E9DB2534-96DF-4D56-8942-854684308B08}.AppStore|Any CPU.Deploy.0 = Release|Any CPU
		{E9DB2534-96DF-4D56-8942-854684308B08}.AppStore|ARM.ActiveCfg = Release|Any CPU
		{E9DB2534-96DF-4D56-8942-854684308B08}.AppStore|ARM.Build.0 = Release|Any CPU
		{E9DB2534-96DF-4D56-8942-854684308B08}.AppStore|ARM.Deploy.0 = Release|Any CPU
		{E9DB2534-96DF-4D56-8942-854684308B08}.AppStore|iPhone.ActiveCfg = Release|Any CPU
		{E9DB2534-96DF-4D56-8942-854684308B08}.AppStore|iPhone.Build.0 = Release|Any CPU
		{E9DB2534-96DF-4D56-8942-854684308B08}.AppStore|iPhone.Deploy.0 = Release|Any CPU
		{E9DB2534-96DF-4D56-8942-854684308B08}.AppStore|iPhoneSimulator.ActiveCfg = Release|Any CPU
		{E9DB2534-96DF-4D56-8942-854684308B08}.AppStore|iPhoneSimulator.Build.0 = Release|Any CPU
		{E9DB2534-96DF-4D56-8942-854684308B08}.AppStore|iPhoneSimulator.Deploy.0 = Release|Any CPU
		{E9DB2534-96DF-4D56-8942-854684308B08}.AppStore|x64.ActiveCfg = Release|Any CPU
		{E9DB2534-96DF-4D56-8942-854684308B08}.AppStore|x64.Build.0 = Release|Any CPU
		{E9DB2534-96DF-4D56-8942-854684308B08}.AppStore|x64.Deploy.0 = Release|Any CPU
		{E9DB2534-96DF-4D56-8942-854684308B08}.AppStore|x86.ActiveCfg = Release|Any CPU
		{E9DB2534-96DF-4D56-8942-854684308B08}.AppStore|x86.Build.0 = Release|Any CPU
		{E9DB2534-96DF-4D56-8942-854684308B08}.AppStore|x86.Deploy.0 = Release|Any CPU
		{E9DB2534-96DF-4D56-8942-854684308B08}.Debug|Any CPU.ActiveCfg = Debug|Any CPU
		{E9DB2534-96DF-4D56-8942-854684308B08}.Debug|Any CPU.Build.0 = Debug|Any CPU
		{E9DB2534-96DF-4D56-8942-854684308B08}.Debug|Any CPU.Deploy.0 = Debug|Any CPU
		{E9DB2534-96DF-4D56-8942-854684308B08}.Debug|ARM.ActiveCfg = Debug|Any CPU
		{E9DB2534-96DF-4D56-8942-854684308B08}.Debug|ARM.Build.0 = Debug|Any CPU
		{E9DB2534-96DF-4D56-8942-854684308B08}.Debug|ARM.Deploy.0 = Debug|Any CPU
		{E9DB2534-96DF-4D56-8942-854684308B08}.Debug|iPhone.ActiveCfg = Debug|Any CPU
		{E9DB2534-96DF-4D56-8942-854684308B08}.Debug|iPhone.Build.0 = Debug|Any CPU
		{E9DB2534-96DF-4D56-8942-854684308B08}.Debug|iPhone.Deploy.0 = Debug|Any CPU
		{E9DB2534-96DF-4D56-8942-854684308B08}.Debug|iPhoneSimulator.ActiveCfg = Debug|Any CPU
		{E9DB2534-96DF-4D56-8942-854684308B08}.Debug|iPhoneSimulator.Build.0 = Debug|Any CPU
		{E9DB2534-96DF-4D56-8942-854684308B08}.Debug|iPhoneSimulator.Deploy.0 = Debug|Any CPU
		{E9DB2534-96DF-4D56-8942-854684308B08}.Debug|x64.ActiveCfg = Debug|Any CPU
		{E9DB2534-96DF-4D56-8942-854684308B08}.Debug|x64.Build.0 = Debug|Any CPU
		{E9DB2534-96DF-4D56-8942-854684308B08}.Debug|x64.Deploy.0 = Debug|Any CPU
		{E9DB2534-96DF-4D56-8942-854684308B08}.Debug|x86.ActiveCfg = Debug|Any CPU
		{E9DB2534-96DF-4D56-8942-854684308B08}.Debug|x86.Build.0 = Debug|Any CPU
		{E9DB2534-96DF-4D56-8942-854684308B08}.Debug|x86.Deploy.0 = Debug|Any CPU
		{E9DB2534-96DF-4D56-8942-854684308B08}.Release|Any CPU.ActiveCfg = Release|Any CPU
		{E9DB2534-96DF-4D56-8942-854684308B08}.Release|Any CPU.Build.0 = Release|Any CPU
		{E9DB2534-96DF-4D56-8942-854684308B08}.Release|Any CPU.Deploy.0 = Release|Any CPU
		{E9DB2534-96DF-4D56-8942-854684308B08}.Release|ARM.ActiveCfg = Release|Any CPU
		{E9DB2534-96DF-4D56-8942-854684308B08}.Release|ARM.Build.0 = Release|Any CPU
		{E9DB2534-96DF-4D56-8942-854684308B08}.Release|ARM.Deploy.0 = Release|Any CPU
		{E9DB2534-96DF-4D56-8942-854684308B08}.Release|iPhone.ActiveCfg = Release|Any CPU
		{E9DB2534-96DF-4D56-8942-854684308B08}.Release|iPhone.Build.0 = Release|Any CPU
		{E9DB2534-96DF-4D56-8942-854684308B08}.Release|iPhone.Deploy.0 = Release|Any CPU
		{E9DB2534-96DF-4D56-8942-854684308B08}.Release|iPhoneSimulator.ActiveCfg = Release|Any CPU
		{E9DB2534-96DF-4D56-8942-854684308B08}.Release|iPhoneSimulator.Build.0 = Release|Any CPU
		{E9DB2534-96DF-4D56-8942-854684308B08}.Release|iPhoneSimulator.Deploy.0 = Release|Any CPU
		{E9DB2534-96DF-4D56-8942-854684308B08}.Release|x64.ActiveCfg = Release|Any CPU
		{E9DB2534-96DF-4D56-8942-854684308B08}.Release|x64.Build.0 = Release|Any CPU
		{E9DB2534-96DF-4D56-8942-854684308B08}.Release|x64.Deploy.0 = Release|Any CPU
		{E9DB2534-96DF-4D56-8942-854684308B08}.Release|x86.ActiveCfg = Release|Any CPU
		{E9DB2534-96DF-4D56-8942-854684308B08}.Release|x86.Build.0 = Release|Any CPU
		{E9DB2534-96DF-4D56-8942-854684308B08}.Release|x86.Deploy.0 = Release|Any CPU
		{A8F443DA-C86B-47FB-9059-E1F8C5F486BC}.Ad-Hoc|Any CPU.ActiveCfg = Ad-Hoc|iPhone
		{A8F443DA-C86B-47FB-9059-E1F8C5F486BC}.Ad-Hoc|ARM.ActiveCfg = Ad-Hoc|iPhone
		{A8F443DA-C86B-47FB-9059-E1F8C5F486BC}.Ad-Hoc|iPhone.ActiveCfg = Ad-Hoc|iPhone
		{A8F443DA-C86B-47FB-9059-E1F8C5F486BC}.Ad-Hoc|iPhone.Build.0 = Ad-Hoc|iPhone
		{A8F443DA-C86B-47FB-9059-E1F8C5F486BC}.Ad-Hoc|iPhoneSimulator.ActiveCfg = Ad-Hoc|iPhoneSimulator
		{A8F443DA-C86B-47FB-9059-E1F8C5F486BC}.Ad-Hoc|iPhoneSimulator.Build.0 = Ad-Hoc|iPhoneSimulator
		{A8F443DA-C86B-47FB-9059-E1F8C5F486BC}.Ad-Hoc|x64.ActiveCfg = Ad-Hoc|iPhone
		{A8F443DA-C86B-47FB-9059-E1F8C5F486BC}.Ad-Hoc|x86.ActiveCfg = Ad-Hoc|iPhone
		{A8F443DA-C86B-47FB-9059-E1F8C5F486BC}.AppStore|Any CPU.ActiveCfg = AppStore|iPhone
		{A8F443DA-C86B-47FB-9059-E1F8C5F486BC}.AppStore|ARM.ActiveCfg = AppStore|iPhone
		{A8F443DA-C86B-47FB-9059-E1F8C5F486BC}.AppStore|iPhone.ActiveCfg = AppStore|iPhone
		{A8F443DA-C86B-47FB-9059-E1F8C5F486BC}.AppStore|iPhone.Build.0 = AppStore|iPhone
		{A8F443DA-C86B-47FB-9059-E1F8C5F486BC}.AppStore|iPhoneSimulator.ActiveCfg = AppStore|iPhoneSimulator
		{A8F443DA-C86B-47FB-9059-E1F8C5F486BC}.AppStore|iPhoneSimulator.Build.0 = AppStore|iPhoneSimulator
		{A8F443DA-C86B-47FB-9059-E1F8C5F486BC}.AppStore|x64.ActiveCfg = AppStore|iPhone
		{A8F443DA-C86B-47FB-9059-E1F8C5F486BC}.AppStore|x86.ActiveCfg = AppStore|iPhone
		{A8F443DA-C86B-47FB-9059-E1F8C5F486BC}.Debug|Any CPU.ActiveCfg = Debug|iPhone
		{A8F443DA-C86B-47FB-9059-E1F8C5F486BC}.Debug|ARM.ActiveCfg = Debug|iPhone
		{A8F443DA-C86B-47FB-9059-E1F8C5F486BC}.Debug|iPhone.ActiveCfg = Debug|iPhone
		{A8F443DA-C86B-47FB-9059-E1F8C5F486BC}.Debug|iPhone.Build.0 = Debug|iPhone
		{A8F443DA-C86B-47FB-9059-E1F8C5F486BC}.Debug|iPhoneSimulator.ActiveCfg = Debug|iPhoneSimulator
		{A8F443DA-C86B-47FB-9059-E1F8C5F486BC}.Debug|iPhoneSimulator.Build.0 = Debug|iPhoneSimulator
		{A8F443DA-C86B-47FB-9059-E1F8C5F486BC}.Debug|x64.ActiveCfg = Debug|iPhone
		{A8F443DA-C86B-47FB-9059-E1F8C5F486BC}.Debug|x86.ActiveCfg = Debug|iPhone
		{A8F443DA-C86B-47FB-9059-E1F8C5F486BC}.Release|Any CPU.ActiveCfg = Release|iPhone
		{A8F443DA-C86B-47FB-9059-E1F8C5F486BC}.Release|ARM.ActiveCfg = Release|iPhone
		{A8F443DA-C86B-47FB-9059-E1F8C5F486BC}.Release|iPhone.ActiveCfg = Release|iPhone
		{A8F443DA-C86B-47FB-9059-E1F8C5F486BC}.Release|iPhone.Build.0 = Release|iPhone
		{A8F443DA-C86B-47FB-9059-E1F8C5F486BC}.Release|iPhoneSimulator.ActiveCfg = Release|iPhoneSimulator
		{A8F443DA-C86B-47FB-9059-E1F8C5F486BC}.Release|iPhoneSimulator.Build.0 = Release|iPhoneSimulator
		{A8F443DA-C86B-47FB-9059-E1F8C5F486BC}.Release|x64.ActiveCfg = Release|iPhone
		{A8F443DA-C86B-47FB-9059-E1F8C5F486BC}.Release|x86.ActiveCfg = Release|iPhone
		{7CC9EECA-AF7F-49B6-B0B0-38C8A99AFE02}.Ad-Hoc|Any CPU.ActiveCfg = Release|x86
		{7CC9EECA-AF7F-49B6-B0B0-38C8A99AFE02}.Ad-Hoc|Any CPU.Build.0 = Release|x86
		{7CC9EECA-AF7F-49B6-B0B0-38C8A99AFE02}.Ad-Hoc|Any CPU.Deploy.0 = Release|x86
		{7CC9EECA-AF7F-49B6-B0B0-38C8A99AFE02}.Ad-Hoc|ARM.ActiveCfg = Release|ARM
		{7CC9EECA-AF7F-49B6-B0B0-38C8A99AFE02}.Ad-Hoc|ARM.Build.0 = Release|ARM
		{7CC9EECA-AF7F-49B6-B0B0-38C8A99AFE02}.Ad-Hoc|ARM.Deploy.0 = Release|ARM
		{7CC9EECA-AF7F-49B6-B0B0-38C8A99AFE02}.Ad-Hoc|iPhone.ActiveCfg = Release|x86
		{7CC9EECA-AF7F-49B6-B0B0-38C8A99AFE02}.Ad-Hoc|iPhone.Build.0 = Release|x86
		{7CC9EECA-AF7F-49B6-B0B0-38C8A99AFE02}.Ad-Hoc|iPhone.Deploy.0 = Release|x86
		{7CC9EECA-AF7F-49B6-B0B0-38C8A99AFE02}.Ad-Hoc|iPhoneSimulator.ActiveCfg = Release|x86
		{7CC9EECA-AF7F-49B6-B0B0-38C8A99AFE02}.Ad-Hoc|iPhoneSimulator.Build.0 = Release|x86
		{7CC9EECA-AF7F-49B6-B0B0-38C8A99AFE02}.Ad-Hoc|iPhoneSimulator.Deploy.0 = Release|x86
		{7CC9EECA-AF7F-49B6-B0B0-38C8A99AFE02}.Ad-Hoc|x64.ActiveCfg = Release|x64
		{7CC9EECA-AF7F-49B6-B0B0-38C8A99AFE02}.Ad-Hoc|x64.Build.0 = Release|x64
		{7CC9EECA-AF7F-49B6-B0B0-38C8A99AFE02}.Ad-Hoc|x64.Deploy.0 = Release|x64
		{7CC9EECA-AF7F-49B6-B0B0-38C8A99AFE02}.Ad-Hoc|x86.ActiveCfg = Release|x86
		{7CC9EECA-AF7F-49B6-B0B0-38C8A99AFE02}.Ad-Hoc|x86.Build.0 = Release|x86
		{7CC9EECA-AF7F-49B6-B0B0-38C8A99AFE02}.Ad-Hoc|x86.Deploy.0 = Release|x86
		{7CC9EECA-AF7F-49B6-B0B0-38C8A99AFE02}.AppStore|Any CPU.ActiveCfg = Release|x86
		{7CC9EECA-AF7F-49B6-B0B0-38C8A99AFE02}.AppStore|Any CPU.Build.0 = Release|x86
		{7CC9EECA-AF7F-49B6-B0B0-38C8A99AFE02}.AppStore|Any CPU.Deploy.0 = Release|x86
		{7CC9EECA-AF7F-49B6-B0B0-38C8A99AFE02}.AppStore|ARM.ActiveCfg = Release|ARM
		{7CC9EECA-AF7F-49B6-B0B0-38C8A99AFE02}.AppStore|ARM.Build.0 = Release|ARM
		{7CC9EECA-AF7F-49B6-B0B0-38C8A99AFE02}.AppStore|ARM.Deploy.0 = Release|ARM
		{7CC9EECA-AF7F-49B6-B0B0-38C8A99AFE02}.AppStore|iPhone.ActiveCfg = Release|x86
		{7CC9EECA-AF7F-49B6-B0B0-38C8A99AFE02}.AppStore|iPhone.Build.0 = Release|x86
		{7CC9EECA-AF7F-49B6-B0B0-38C8A99AFE02}.AppStore|iPhone.Deploy.0 = Release|x86
		{7CC9EECA-AF7F-49B6-B0B0-38C8A99AFE02}.AppStore|iPhoneSimulator.ActiveCfg = Release|x86
		{7CC9EECA-AF7F-49B6-B0B0-38C8A99AFE02}.AppStore|iPhoneSimulator.Build.0 = Release|x86
		{7CC9EECA-AF7F-49B6-B0B0-38C8A99AFE02}.AppStore|iPhoneSimulator.Deploy.0 = Release|x86
		{7CC9EECA-AF7F-49B6-B0B0-38C8A99AFE02}.AppStore|x64.ActiveCfg = Release|x64
		{7CC9EECA-AF7F-49B6-B0B0-38C8A99AFE02}.AppStore|x64.Build.0 = Release|x64
		{7CC9EECA-AF7F-49B6-B0B0-38C8A99AFE02}.AppStore|x64.Deploy.0 = Release|x64
		{7CC9EECA-AF7F-49B6-B0B0-38C8A99AFE02}.AppStore|x86.ActiveCfg = Release|x86
		{7CC9EECA-AF7F-49B6-B0B0-38C8A99AFE02}.AppStore|x86.Build.0 = Release|x86
		{7CC9EECA-AF7F-49B6-B0B0-38C8A99AFE02}.AppStore|x86.Deploy.0 = Release|x86
		{7CC9EECA-AF7F-49B6-B0B0-38C8A99AFE02}.Debug|Any CPU.ActiveCfg = Debug|x86
		{7CC9EECA-AF7F-49B6-B0B0-38C8A99AFE02}.Debug|ARM.ActiveCfg = Debug|ARM
		{7CC9EECA-AF7F-49B6-B0B0-38C8A99AFE02}.Debug|ARM.Build.0 = Debug|ARM
		{7CC9EECA-AF7F-49B6-B0B0-38C8A99AFE02}.Debug|ARM.Deploy.0 = Debug|ARM
		{7CC9EECA-AF7F-49B6-B0B0-38C8A99AFE02}.Debug|iPhone.ActiveCfg = Debug|x86
		{7CC9EECA-AF7F-49B6-B0B0-38C8A99AFE02}.Debug|iPhoneSimulator.ActiveCfg = Debug|x86
		{7CC9EECA-AF7F-49B6-B0B0-38C8A99AFE02}.Debug|x64.ActiveCfg = Debug|x64
		{7CC9EECA-AF7F-49B6-B0B0-38C8A99AFE02}.Debug|x64.Build.0 = Debug|x64
		{7CC9EECA-AF7F-49B6-B0B0-38C8A99AFE02}.Debug|x64.Deploy.0 = Debug|x64
		{7CC9EECA-AF7F-49B6-B0B0-38C8A99AFE02}.Debug|x86.ActiveCfg = Debug|x86
		{7CC9EECA-AF7F-49B6-B0B0-38C8A99AFE02}.Debug|x86.Build.0 = Debug|x86
		{7CC9EECA-AF7F-49B6-B0B0-38C8A99AFE02}.Debug|x86.Deploy.0 = Debug|x86
		{7CC9EECA-AF7F-49B6-B0B0-38C8A99AFE02}.Release|Any CPU.ActiveCfg = Release|x86
		{7CC9EECA-AF7F-49B6-B0B0-38C8A99AFE02}.Release|ARM.ActiveCfg = Release|ARM
		{7CC9EECA-AF7F-49B6-B0B0-38C8A99AFE02}.Release|ARM.Build.0 = Release|ARM
		{7CC9EECA-AF7F-49B6-B0B0-38C8A99AFE02}.Release|ARM.Deploy.0 = Release|ARM
		{7CC9EECA-AF7F-49B6-B0B0-38C8A99AFE02}.Release|iPhone.ActiveCfg = Release|x86
		{7CC9EECA-AF7F-49B6-B0B0-38C8A99AFE02}.Release|iPhoneSimulator.ActiveCfg = Release|x86
		{7CC9EECA-AF7F-49B6-B0B0-38C8A99AFE02}.Release|x64.ActiveCfg = Release|x64
		{7CC9EECA-AF7F-49B6-B0B0-38C8A99AFE02}.Release|x64.Build.0 = Release|x64
		{7CC9EECA-AF7F-49B6-B0B0-38C8A99AFE02}.Release|x64.Deploy.0 = Release|x64
		{7CC9EECA-AF7F-49B6-B0B0-38C8A99AFE02}.Release|x86.ActiveCfg = Release|x86
		{7CC9EECA-AF7F-49B6-B0B0-38C8A99AFE02}.Release|x86.Build.0 = Release|x86
		{7CC9EECA-AF7F-49B6-B0B0-38C8A99AFE02}.Release|x86.Deploy.0 = Release|x86
		{F25815FA-A88D-49E1-B1D1-546E963600F5}.Ad-Hoc|Any CPU.ActiveCfg = Debug|Any CPU
		{F25815FA-A88D-49E1-B1D1-546E963600F5}.Ad-Hoc|Any CPU.Build.0 = Debug|Any CPU
		{F25815FA-A88D-49E1-B1D1-546E963600F5}.Ad-Hoc|ARM.ActiveCfg = Debug|Any CPU
		{F25815FA-A88D-49E1-B1D1-546E963600F5}.Ad-Hoc|ARM.Build.0 = Debug|Any CPU
		{F25815FA-A88D-49E1-B1D1-546E963600F5}.Ad-Hoc|iPhone.ActiveCfg = Debug|Any CPU
		{F25815FA-A88D-49E1-B1D1-546E963600F5}.Ad-Hoc|iPhone.Build.0 = Debug|Any CPU
		{F25815FA-A88D-49E1-B1D1-546E963600F5}.Ad-Hoc|iPhoneSimulator.ActiveCfg = Debug|Any CPU
		{F25815FA-A88D-49E1-B1D1-546E963600F5}.Ad-Hoc|iPhoneSimulator.Build.0 = Debug|Any CPU
		{F25815FA-A88D-49E1-B1D1-546E963600F5}.Ad-Hoc|x64.ActiveCfg = Debug|Any CPU
		{F25815FA-A88D-49E1-B1D1-546E963600F5}.Ad-Hoc|x64.Build.0 = Debug|Any CPU
		{F25815FA-A88D-49E1-B1D1-546E963600F5}.Ad-Hoc|x86.ActiveCfg = Debug|Any CPU
		{F25815FA-A88D-49E1-B1D1-546E963600F5}.Ad-Hoc|x86.Build.0 = Debug|Any CPU
		{F25815FA-A88D-49E1-B1D1-546E963600F5}.AppStore|Any CPU.ActiveCfg = Debug|Any CPU
		{F25815FA-A88D-49E1-B1D1-546E963600F5}.AppStore|Any CPU.Build.0 = Debug|Any CPU
		{F25815FA-A88D-49E1-B1D1-546E963600F5}.AppStore|ARM.ActiveCfg = Debug|Any CPU
		{F25815FA-A88D-49E1-B1D1-546E963600F5}.AppStore|ARM.Build.0 = Debug|Any CPU
		{F25815FA-A88D-49E1-B1D1-546E963600F5}.AppStore|iPhone.ActiveCfg = Debug|Any CPU
		{F25815FA-A88D-49E1-B1D1-546E963600F5}.AppStore|iPhone.Build.0 = Debug|Any CPU
		{F25815FA-A88D-49E1-B1D1-546E963600F5}.AppStore|iPhoneSimulator.ActiveCfg = Debug|Any CPU
		{F25815FA-A88D-49E1-B1D1-546E963600F5}.AppStore|iPhoneSimulator.Build.0 = Debug|Any CPU
		{F25815FA-A88D-49E1-B1D1-546E963600F5}.AppStore|x64.ActiveCfg = Debug|Any CPU
		{F25815FA-A88D-49E1-B1D1-546E963600F5}.AppStore|x64.Build.0 = Debug|Any CPU
		{F25815FA-A88D-49E1-B1D1-546E963600F5}.AppStore|x86.ActiveCfg = Debug|Any CPU
		{F25815FA-A88D-49E1-B1D1-546E963600F5}.AppStore|x86.Build.0 = Debug|Any CPU
		{F25815FA-A88D-49E1-B1D1-546E963600F5}.Debug|Any CPU.ActiveCfg = Debug|Any CPU
		{F25815FA-A88D-49E1-B1D1-546E963600F5}.Debug|Any CPU.Build.0 = Debug|Any CPU
		{F25815FA-A88D-49E1-B1D1-546E963600F5}.Debug|ARM.ActiveCfg = Debug|Any CPU
		{F25815FA-A88D-49E1-B1D1-546E963600F5}.Debug|ARM.Build.0 = Debug|Any CPU
		{F25815FA-A88D-49E1-B1D1-546E963600F5}.Debug|iPhone.ActiveCfg = Debug|Any CPU
		{F25815FA-A88D-49E1-B1D1-546E963600F5}.Debug|iPhone.Build.0 = Debug|Any CPU
		{F25815FA-A88D-49E1-B1D1-546E963600F5}.Debug|iPhoneSimulator.ActiveCfg = Debug|Any CPU
		{F25815FA-A88D-49E1-B1D1-546E963600F5}.Debug|iPhoneSimulator.Build.0 = Debug|Any CPU
		{F25815FA-A88D-49E1-B1D1-546E963600F5}.Debug|x64.ActiveCfg = Debug|Any CPU
		{F25815FA-A88D-49E1-B1D1-546E963600F5}.Debug|x64.Build.0 = Debug|Any CPU
		{F25815FA-A88D-49E1-B1D1-546E963600F5}.Debug|x86.ActiveCfg = Debug|Any CPU
		{F25815FA-A88D-49E1-B1D1-546E963600F5}.Debug|x86.Build.0 = Debug|Any CPU
		{F25815FA-A88D-49E1-B1D1-546E963600F5}.Release|Any CPU.ActiveCfg = Release|Any CPU
		{F25815FA-A88D-49E1-B1D1-546E963600F5}.Release|Any CPU.Build.0 = Release|Any CPU
		{F25815FA-A88D-49E1-B1D1-546E963600F5}.Release|ARM.ActiveCfg = Release|Any CPU
		{F25815FA-A88D-49E1-B1D1-546E963600F5}.Release|ARM.Build.0 = Release|Any CPU
		{F25815FA-A88D-49E1-B1D1-546E963600F5}.Release|iPhone.ActiveCfg = Release|Any CPU
		{F25815FA-A88D-49E1-B1D1-546E963600F5}.Release|iPhone.Build.0 = Release|Any CPU
		{F25815FA-A88D-49E1-B1D1-546E963600F5}.Release|iPhoneSimulator.ActiveCfg = Release|Any CPU
		{F25815FA-A88D-49E1-B1D1-546E963600F5}.Release|iPhoneSimulator.Build.0 = Release|Any CPU
		{F25815FA-A88D-49E1-B1D1-546E963600F5}.Release|x64.ActiveCfg = Release|Any CPU
		{F25815FA-A88D-49E1-B1D1-546E963600F5}.Release|x64.Build.0 = Release|Any CPU
		{F25815FA-A88D-49E1-B1D1-546E963600F5}.Release|x86.ActiveCfg = Release|Any CPU
		{F25815FA-A88D-49E1-B1D1-546E963600F5}.Release|x86.Build.0 = Release|Any CPU
	EndGlobalSection
	GlobalSection(SolutionProperties) = preSolution
		HideSolutionNode = FALSE
	EndGlobalSection
	GlobalSection(ExtensibilityGlobals) = postSolution
		SolutionGuid = {D992590B-83A1-4913-8125-C77D77F4CCE5}
	EndGlobalSection
EndGlobal
