
Microsoft Visual Studio Solution File, Format Version 12.00
# Visual Studio 15
VisualStudioVersion = 15.0.27428.2037
MinimumVisualStudioVersion = 10.0.40219.1
Project("{FAE04EC0-301F-11D3-BF4B-00C04F79EFBC}") = "App1_Cell.Android", "App1_Cell\App1_Cell.Android\App1_Cell.Android.csproj", "{A602F10F-3312-4BF4-A524-B81DE7A5FEF0}"
EndProject
Project("{FAE04EC0-301F-11D3-BF4B-00C04F79EFBC}") = "App1_Cell.iOS", "App1_Cell\App1_Cell.iOS\App1_Cell.iOS.csproj", "{6E2B1E87-58D1-4466-AB14-7363458F2E71}"
EndProject
Project("{FAE04EC0-301F-11D3-BF4B-00C04F79EFBC}") = "App1_Cell.UWP", "App1_Cell\App1_Cell.UWP\App1_Cell.UWP.csproj", "{CDFEB9F6-C25D-4ABC-B9E3-18B28DDCBE1E}"
EndProject
Project("{FAE04EC0-301F-11D3-BF4B-00C04F79EFBC}") = "App1_Cell", "App1_Cell\App1_Cell\App1_Cell.csproj", "{912146F5-48AD-42AD-AB66-01FA4A205012}"
EndProject
Global
	GlobalSection(SolutionConfigurationPlatforms) = preSolution
		Ad-Hoc|Any CPU = Ad-Hoc|Any CPU
		Ad-Hoc|ARM = Ad-Hoc|ARM
		Ad-Hoc|iPhone = Ad-Hoc|iPhone
		Ad-Hoc|iPhoneSimulator = Ad-Hoc|iPhoneSimulator
		Ad-Hoc|x64 = Ad-Hoc|x64
		Ad-Hoc|x86 = Ad-Hoc|x86
		AppStore|Any CPU = AppStore|Any CPU
		AppStore|ARM = AppStore|ARM
		AppStore|iPhone = AppStore|iPhone
		AppStore|iPhoneSimulator = AppStore|iPhoneSimulator
		AppStore|x64 = AppStore|x64
		AppStore|x86 = AppStore|x86
		Debug|Any CPU = Debug|Any CPU
		Debug|ARM = Debug|ARM
		Debug|iPhone = Debug|iPhone
		Debug|iPhoneSimulator = Debug|iPhoneSimulator
		Debug|x64 = Debug|x64
		Debug|x86 = Debug|x86
		Release|Any CPU = Release|Any CPU
		Release|ARM = Release|ARM
		Release|iPhone = Release|iPhone
		Release|iPhoneSimulator = Release|iPhoneSimulator
		Release|x64 = Release|x64
		Release|x86 = Release|x86
	EndGlobalSection
	GlobalSection(ProjectConfigurationPlatforms) = postSolution
		{A602F10F-3312-4BF4-A524-B81DE7A5FEF0}.Ad-Hoc|Any CPU.ActiveCfg = Release|Any CPU
		{A602F10F-3312-4BF4-A524-B81DE7A5FEF0}.Ad-Hoc|Any CPU.Build.0 = Release|Any CPU
		{A602F10F-3312-4BF4-A524-B81DE7A5FEF0}.Ad-Hoc|Any CPU.Deploy.0 = Release|Any CPU
		{A602F10F-3312-4BF4-A524-B81DE7A5FEF0}.Ad-Hoc|ARM.ActiveCfg = Release|Any CPU
		{A602F10F-3312-4BF4-A524-B81DE7A5FEF0}.Ad-Hoc|ARM.Build.0 = Release|Any CPU
		{A602F10F-3312-4BF4-A524-B81DE7A5FEF0}.Ad-Hoc|ARM.Deploy.0 = Release|Any CPU
		{A602F10F-3312-4BF4-A524-B81DE7A5FEF0}.Ad-Hoc|iPhone.ActiveCfg = Release|Any CPU
		{A602F10F-3312-4BF4-A524-B81DE7A5FEF0}.Ad-Hoc|iPhone.Build.0 = Release|Any CPU
		{A602F10F-3312-4BF4-A524-B81DE7A5FEF0}.Ad-Hoc|iPhone.Deploy.0 = Release|Any CPU
		{A602F10F-3312-4BF4-A524-B81DE7A5FEF0}.Ad-Hoc|iPhoneSimulator.ActiveCfg = Release|Any CPU
		{A602F10F-3312-4BF4-A524-B81DE7A5FEF0}.Ad-Hoc|iPhoneSimulator.Build.0 = Release|Any CPU
		{A602F10F-3312-4BF4-A524-B81DE7A5FEF0}.Ad-Hoc|iPhoneSimulator.Deploy.0 = Release|Any CPU
		{A602F10F-3312-4BF4-A524-B81DE7A5FEF0}.Ad-Hoc|x64.ActiveCfg = Release|Any CPU
		{A602F10F-3312-4BF4-A524-B81DE7A5FEF0}.Ad-Hoc|x64.Build.0 = Release|Any CPU
		{A602F10F-3312-4BF4-A524-B81DE7A5FEF0}.Ad-Hoc|x64.Deploy.0 = Release|Any CPU
		{A602F10F-3312-4BF4-A524-B81DE7A5FEF0}.Ad-Hoc|x86.ActiveCfg = Release|Any CPU
		{A602F10F-3312-4BF4-A524-B81DE7A5FEF0}.Ad-Hoc|x86.Build.0 = Release|Any CPU
		{A602F10F-3312-4BF4-A524-B81DE7A5FEF0}.Ad-Hoc|x86.Deploy.0 = Release|Any CPU
		{A602F10F-3312-4BF4-A524-B81DE7A5FEF0}.AppStore|Any CPU.ActiveCfg = Release|Any CPU
		{A602F10F-3312-4BF4-A524-B81DE7A5FEF0}.AppStore|Any CPU.Build.0 = Release|Any CPU
		{A602F10F-3312-4BF4-A524-B81DE7A5FEF0}.AppStore|Any CPU.Deploy.0 = Release|Any CPU
		{A602F10F-3312-4BF4-A524-B81DE7A5FEF0}.AppStore|ARM.ActiveCfg = Release|Any CPU
		{A602F10F-3312-4BF4-A524-B81DE7A5FEF0}.AppStore|ARM.Build.0 = Release|Any CPU
		{A602F10F-3312-4BF4-A524-B81DE7A5FEF0}.AppStore|ARM.Deploy.0 = Release|Any CPU
		{A602F10F-3312-4BF4-A524-B81DE7A5FEF0}.AppStore|iPhone.ActiveCfg = Release|Any CPU
		{A602F10F-3312-4BF4-A524-B81DE7A5FEF0}.AppStore|iPhone.Build.0 = Release|Any CPU
		{A602F10F-3312-4BF4-A524-B81DE7A5FEF0}.AppStore|iPhone.Deploy.0 = Release|Any CPU
		{A602F10F-3312-4BF4-A524-B81DE7A5FEF0}.AppStore|iPhoneSimulator.ActiveCfg = Release|Any CPU
		{A602F10F-3312-4BF4-A524-B81DE7A5FEF0}.AppStore|iPhoneSimulator.Build.0 = Release|Any CPU
		{A602F10F-3312-4BF4-A524-B81DE7A5FEF0}.AppStore|iPhoneSimulator.Deploy.0 = Release|Any CPU
		{A602F10F-3312-4BF4-A524-B81DE7A5FEF0}.AppStore|x64.ActiveCfg = Release|Any CPU
		{A602F10F-3312-4BF4-A524-B81DE7A5FEF0}.AppStore|x64.Build.0 = Release|Any CPU
		{A602F10F-3312-4BF4-A524-B81DE7A5FEF0}.AppStore|x64.Deploy.0 = Release|Any CPU
		{A602F10F-3312-4BF4-A524-B81DE7A5FEF0}.AppStore|x86.ActiveCfg = Release|Any CPU
		{A602F10F-3312-4BF4-A524-B81DE7A5FEF0}.AppStore|x86.Build.0 = Release|Any CPU
		{A602F10F-3312-4BF4-A524-B81DE7A5FEF0}.AppStore|x86.Deploy.0 = Release|Any CPU
		{A602F10F-3312-4BF4-A524-B81DE7A5FEF0}.Debug|Any CPU.ActiveCfg = Debug|Any CPU
		{A602F10F-3312-4BF4-A524-B81DE7A5FEF0}.Debug|Any CPU.Build.0 = Debug|Any CPU
		{A602F10F-3312-4BF4-A524-B81DE7A5FEF0}.Debug|Any CPU.Deploy.0 = Debug|Any CPU
		{A602F10F-3312-4BF4-A524-B81DE7A5FEF0}.Debug|ARM.ActiveCfg = Debug|Any CPU
		{A602F10F-3312-4BF4-A524-B81DE7A5FEF0}.Debug|ARM.Build.0 = Debug|Any CPU
		{A602F10F-3312-4BF4-A524-B81DE7A5FEF0}.Debug|ARM.Deploy.0 = Debug|Any CPU
		{A602F10F-3312-4BF4-A524-B81DE7A5FEF0}.Debug|iPhone.ActiveCfg = Debug|Any CPU
		{A602F10F-3312-4BF4-A524-B81DE7A5FEF0}.Debug|iPhone.Build.0 = Debug|Any CPU
		{A602F10F-3312-4BF4-A524-B81DE7A5FEF0}.Debug|iPhone.Deploy.0 = Debug|Any CPU
		{A602F10F-3312-4BF4-A524-B81DE7A5FEF0}.Debug|iPhoneSimulator.ActiveCfg = Debug|Any CPU
		{A602F10F-3312-4BF4-A524-B81DE7A5FEF0}.Debug|iPhoneSimulator.Build.0 = Debug|Any CPU
		{A602F10F-3312-4BF4-A524-B81DE7A5FEF0}.Debug|iPhoneSimulator.Deploy.0 = Debug|Any CPU
		{A602F10F-3312-4BF4-A524-B81DE7A5FEF0}.Debug|x64.ActiveCfg = Debug|Any CPU
		{A602F10F-3312-4BF4-A524-B81DE7A5FEF0}.Debug|x64.Build.0 = Debug|Any CPU
		{A602F10F-3312-4BF4-A524-B81DE7A5FEF0}.Debug|x64.Deploy.0 = Debug|Any CPU
		{A602F10F-3312-4BF4-A524-B81DE7A5FEF0}.Debug|x86.ActiveCfg = Debug|Any CPU
		{A602F10F-3312-4BF4-A524-B81DE7A5FEF0}.Debug|x86.Build.0 = Debug|Any CPU
		{A602F10F-3312-4BF4-A524-B81DE7A5FEF0}.Debug|x86.Deploy.0 = Debug|Any CPU
		{A602F10F-3312-4BF4-A524-B81DE7A5FEF0}.Release|Any CPU.ActiveCfg = Release|Any CPU
		{A602F10F-3312-4BF4-A524-B81DE7A5FEF0}.Release|Any CPU.Build.0 = Release|Any CPU
		{A602F10F-3312-4BF4-A524-B81DE7A5FEF0}.Release|Any CPU.Deploy.0 = Release|Any CPU
		{A602F10F-3312-4BF4-A524-B81DE7A5FEF0}.Release|ARM.ActiveCfg = Release|Any CPU
		{A602F10F-3312-4BF4-A524-B81DE7A5FEF0}.Release|ARM.Build.0 = Release|Any CPU
		{A602F10F-3312-4BF4-A524-B81DE7A5FEF0}.Release|ARM.Deploy.0 = Release|Any CPU
		{A602F10F-3312-4BF4-A524-B81DE7A5FEF0}.Release|iPhone.ActiveCfg = Release|Any CPU
		{A602F10F-3312-4BF4-A524-B81DE7A5FEF0}.Release|iPhone.Build.0 = Release|Any CPU
		{A602F10F-3312-4BF4-A524-B81DE7A5FEF0}.Release|iPhone.Deploy.0 = Release|Any CPU
		{A602F10F-3312-4BF4-A524-B81DE7A5FEF0}.Release|iPhoneSimulator.ActiveCfg = Release|Any CPU
		{A602F10F-3312-4BF4-A524-B81DE7A5FEF0}.Release|iPhoneSimulator.Build.0 = Release|Any CPU
		{A602F10F-3312-4BF4-A524-B81DE7A5FEF0}.Release|iPhoneSimulator.Deploy.0 = Release|Any CPU
		{A602F10F-3312-4BF4-A524-B81DE7A5FEF0}.Release|x64.ActiveCfg = Release|Any CPU
		{A602F10F-3312-4BF4-A524-B81DE7A5FEF0}.Release|x64.Build.0 = Release|Any CPU
		{A602F10F-3312-4BF4-A524-B81DE7A5FEF0}.Release|x64.Deploy.0 = Release|Any CPU
		{A602F10F-3312-4BF4-A524-B81DE7A5FEF0}.Release|x86.ActiveCfg = Release|Any CPU
		{A602F10F-3312-4BF4-A524-B81DE7A5FEF0}.Release|x86.Build.0 = Release|Any CPU
		{A602F10F-3312-4BF4-A524-B81DE7A5FEF0}.Release|x86.Deploy.0 = Release|Any CPU
		{6E2B1E87-58D1-4466-AB14-7363458F2E71}.Ad-Hoc|Any CPU.ActiveCfg = Ad-Hoc|iPhone
		{6E2B1E87-58D1-4466-AB14-7363458F2E71}.Ad-Hoc|ARM.ActiveCfg = Ad-Hoc|iPhone
		{6E2B1E87-58D1-4466-AB14-7363458F2E71}.Ad-Hoc|iPhone.ActiveCfg = Ad-Hoc|iPhone
		{6E2B1E87-58D1-4466-AB14-7363458F2E71}.Ad-Hoc|iPhone.Build.0 = Ad-Hoc|iPhone
		{6E2B1E87-58D1-4466-AB14-7363458F2E71}.Ad-Hoc|iPhoneSimulator.ActiveCfg = Ad-Hoc|iPhoneSimulator
		{6E2B1E87-58D1-4466-AB14-7363458F2E71}.Ad-Hoc|iPhoneSimulator.Build.0 = Ad-Hoc|iPhoneSimulator
		{6E2B1E87-58D1-4466-AB14-7363458F2E71}.Ad-Hoc|x64.ActiveCfg = Ad-Hoc|iPhone
		{6E2B1E87-58D1-4466-AB14-7363458F2E71}.Ad-Hoc|x86.ActiveCfg = Ad-Hoc|iPhone
		{6E2B1E87-58D1-4466-AB14-7363458F2E71}.AppStore|Any CPU.ActiveCfg = AppStore|iPhone
		{6E2B1E87-58D1-4466-AB14-7363458F2E71}.AppStore|ARM.ActiveCfg = AppStore|iPhone
		{6E2B1E87-58D1-4466-AB14-7363458F2E71}.AppStore|iPhone.ActiveCfg = AppStore|iPhone
		{6E2B1E87-58D1-4466-AB14-7363458F2E71}.AppStore|iPhone.Build.0 = AppStore|iPhone
		{6E2B1E87-58D1-4466-AB14-7363458F2E71}.AppStore|iPhoneSimulator.ActiveCfg = AppStore|iPhoneSimulator
		{6E2B1E87-58D1-4466-AB14-7363458F2E71}.AppStore|iPhoneSimulator.Build.0 = AppStore|iPhoneSimulator
		{6E2B1E87-58D1-4466-AB14-7363458F2E71}.AppStore|x64.ActiveCfg = AppStore|iPhone
		{6E2B1E87-58D1-4466-AB14-7363458F2E71}.AppStore|x86.ActiveCfg = AppStore|iPhone
		{6E2B1E87-58D1-4466-AB14-7363458F2E71}.Debug|Any CPU.ActiveCfg = Debug|iPhone
		{6E2B1E87-58D1-4466-AB14-7363458F2E71}.Debug|ARM.ActiveCfg = Debug|iPhone
		{6E2B1E87-58D1-4466-AB14-7363458F2E71}.Debug|iPhone.ActiveCfg = Debug|iPhone
		{6E2B1E87-58D1-4466-AB14-7363458F2E71}.Debug|iPhone.Build.0 = Debug|iPhone
		{6E2B1E87-58D1-4466-AB14-7363458F2E71}.Debug|iPhoneSimulator.ActiveCfg = Debug|iPhoneSimulator
		{6E2B1E87-58D1-4466-AB14-7363458F2E71}.Debug|iPhoneSimulator.Build.0 = Debug|iPhoneSimulator
		{6E2B1E87-58D1-4466-AB14-7363458F2E71}.Debug|x64.ActiveCfg = Debug|iPhone
		{6E2B1E87-58D1-4466-AB14-7363458F2E71}.Debug|x86.ActiveCfg = Debug|iPhone
		{6E2B1E87-58D1-4466-AB14-7363458F2E71}.Release|Any CPU.ActiveCfg = Release|iPhone
		{6E2B1E87-58D1-4466-AB14-7363458F2E71}.Release|ARM.ActiveCfg = Release|iPhone
		{6E2B1E87-58D1-4466-AB14-7363458F2E71}.Release|iPhone.ActiveCfg = Release|iPhone
		{6E2B1E87-58D1-4466-AB14-7363458F2E71}.Release|iPhone.Build.0 = Release|iPhone
		{6E2B1E87-58D1-4466-AB14-7363458F2E71}.Release|iPhoneSimulator.ActiveCfg = Release|iPhoneSimulator
		{6E2B1E87-58D1-4466-AB14-7363458F2E71}.Release|iPhoneSimulator.Build.0 = Release|iPhoneSimulator
		{6E2B1E87-58D1-4466-AB14-7363458F2E71}.Release|x64.ActiveCfg = Release|iPhone
		{6E2B1E87-58D1-4466-AB14-7363458F2E71}.Release|x86.ActiveCfg = Release|iPhone
		{CDFEB9F6-C25D-4ABC-B9E3-18B28DDCBE1E}.Ad-Hoc|Any CPU.ActiveCfg = Release|x86
		{CDFEB9F6-C25D-4ABC-B9E3-18B28DDCBE1E}.Ad-Hoc|Any CPU.Build.0 = Release|x86
		{CDFEB9F6-C25D-4ABC-B9E3-18B28DDCBE1E}.Ad-Hoc|Any CPU.Deploy.0 = Release|x86
		{CDFEB9F6-C25D-4ABC-B9E3-18B28DDCBE1E}.Ad-Hoc|ARM.ActiveCfg = Release|ARM
		{CDFEB9F6-C25D-4ABC-B9E3-18B28DDCBE1E}.Ad-Hoc|ARM.Build.0 = Release|ARM
		{CDFEB9F6-C25D-4ABC-B9E3-18B28DDCBE1E}.Ad-Hoc|ARM.Deploy.0 = Release|ARM
		{CDFEB9F6-C25D-4ABC-B9E3-18B28DDCBE1E}.Ad-Hoc|iPhone.ActiveCfg = Release|x86
		{CDFEB9F6-C25D-4ABC-B9E3-18B28DDCBE1E}.Ad-Hoc|iPhone.Build.0 = Release|x86
		{CDFEB9F6-C25D-4ABC-B9E3-18B28DDCBE1E}.Ad-Hoc|iPhone.Deploy.0 = Release|x86
		{CDFEB9F6-C25D-4ABC-B9E3-18B28DDCBE1E}.Ad-Hoc|iPhoneSimulator.ActiveCfg = Release|x86
		{CDFEB9F6-C25D-4ABC-B9E3-18B28DDCBE1E}.Ad-Hoc|iPhoneSimulator.Build.0 = Release|x86
		{CDFEB9F6-C25D-4ABC-B9E3-18B28DDCBE1E}.Ad-Hoc|iPhoneSimulator.Deploy.0 = Release|x86
		{CDFEB9F6-C25D-4ABC-B9E3-18B28DDCBE1E}.Ad-Hoc|x64.ActiveCfg = Release|x64
		{CDFEB9F6-C25D-4ABC-B9E3-18B28DDCBE1E}.Ad-Hoc|x64.Build.0 = Release|x64
		{CDFEB9F6-C25D-4ABC-B9E3-18B28DDCBE1E}.Ad-Hoc|x64.Deploy.0 = Release|x64
		{CDFEB9F6-C25D-4ABC-B9E3-18B28DDCBE1E}.Ad-Hoc|x86.ActiveCfg = Release|x86
		{CDFEB9F6-C25D-4ABC-B9E3-18B28DDCBE1E}.Ad-Hoc|x86.Build.0 = Release|x86
		{CDFEB9F6-C25D-4ABC-B9E3-18B28DDCBE1E}.Ad-Hoc|x86.Deploy.0 = Release|x86
		{CDFEB9F6-C25D-4ABC-B9E3-18B28DDCBE1E}.AppStore|Any CPU.ActiveCfg = Release|x86
		{CDFEB9F6-C25D-4ABC-B9E3-18B28DDCBE1E}.AppStore|Any CPU.Build.0 = Release|x86
		{CDFEB9F6-C25D-4ABC-B9E3-18B28DDCBE1E}.AppStore|Any CPU.Deploy.0 = Release|x86
		{CDFEB9F6-C25D-4ABC-B9E3-18B28DDCBE1E}.AppStore|ARM.ActiveCfg = Release|ARM
		{CDFEB9F6-C25D-4ABC-B9E3-18B28DDCBE1E}.AppStore|ARM.Build.0 = Release|ARM
		{CDFEB9F6-C25D-4ABC-B9E3-18B28DDCBE1E}.AppStore|ARM.Deploy.0 = Release|ARM
		{CDFEB9F6-C25D-4ABC-B9E3-18B28DDCBE1E}.AppStore|iPhone.ActiveCfg = Release|x86
		{CDFEB9F6-C25D-4ABC-B9E3-18B28DDCBE1E}.AppStore|iPhone.Build.0 = Release|x86
		{CDFEB9F6-C25D-4ABC-B9E3-18B28DDCBE1E}.AppStore|iPhone.Deploy.0 = Release|x86
		{CDFEB9F6-C25D-4ABC-B9E3-18B28DDCBE1E}.AppStore|iPhoneSimulator.ActiveCfg = Release|x86
		{CDFEB9F6-C25D-4ABC-B9E3-18B28DDCBE1E}.AppStore|iPhoneSimulator.Build.0 = Release|x86
		{CDFEB9F6-C25D-4ABC-B9E3-18B28DDCBE1E}.AppStore|iPhoneSimulator.Deploy.0 = Release|x86
		{CDFEB9F6-C25D-4ABC-B9E3-18B28DDCBE1E}.AppStore|x64.ActiveCfg = Release|x64
		{CDFEB9F6-C25D-4ABC-B9E3-18B28DDCBE1E}.AppStore|x64.Build.0 = Release|x64
		{CDFEB9F6-C25D-4ABC-B9E3-18B28DDCBE1E}.AppStore|x64.Deploy.0 = Release|x64
		{CDFEB9F6-C25D-4ABC-B9E3-18B28DDCBE1E}.AppStore|x86.ActiveCfg = Release|x86
		{CDFEB9F6-C25D-4ABC-B9E3-18B28DDCBE1E}.AppStore|x86.Build.0 = Release|x86
		{CDFEB9F6-C25D-4ABC-B9E3-18B28DDCBE1E}.AppStore|x86.Deploy.0 = Release|x86
		{CDFEB9F6-C25D-4ABC-B9E3-18B28DDCBE1E}.Debug|Any CPU.ActiveCfg = Debug|x86
		{CDFEB9F6-C25D-4ABC-B9E3-18B28DDCBE1E}.Debug|ARM.ActiveCfg = Debug|ARM
		{CDFEB9F6-C25D-4ABC-B9E3-18B28DDCBE1E}.Debug|ARM.Build.0 = Debug|ARM
		{CDFEB9F6-C25D-4ABC-B9E3-18B28DDCBE1E}.Debug|ARM.Deploy.0 = Debug|ARM
		{CDFEB9F6-C25D-4ABC-B9E3-18B28DDCBE1E}.Debug|iPhone.ActiveCfg = Debug|x86
		{CDFEB9F6-C25D-4ABC-B9E3-18B28DDCBE1E}.Debug|iPhoneSimulator.ActiveCfg = Debug|x86
		{CDFEB9F6-C25D-4ABC-B9E3-18B28DDCBE1E}.Debug|x64.ActiveCfg = Debug|x64
		{CDFEB9F6-C25D-4ABC-B9E3-18B28DDCBE1E}.Debug|x64.Build.0 = Debug|x64
		{CDFEB9F6-C25D-4ABC-B9E3-18B28DDCBE1E}.Debug|x64.Deploy.0 = Debug|x64
		{CDFEB9F6-C25D-4ABC-B9E3-18B28DDCBE1E}.Debug|x86.ActiveCfg = Debug|x86
		{CDFEB9F6-C25D-4ABC-B9E3-18B28DDCBE1E}.Debug|x86.Build.0 = Debug|x86
		{CDFEB9F6-C25D-4ABC-B9E3-18B28DDCBE1E}.Debug|x86.Deploy.0 = Debug|x86
		{CDFEB9F6-C25D-4ABC-B9E3-18B28DDCBE1E}.Release|Any CPU.ActiveCfg = Release|x86
		{CDFEB9F6-C25D-4ABC-B9E3-18B28DDCBE1E}.Release|ARM.ActiveCfg = Release|ARM
		{CDFEB9F6-C25D-4ABC-B9E3-18B28DDCBE1E}.Release|ARM.Build.0 = Release|ARM
		{CDFEB9F6-C25D-4ABC-B9E3-18B28DDCBE1E}.Release|ARM.Deploy.0 = Release|ARM
		{CDFEB9F6-C25D-4ABC-B9E3-18B28DDCBE1E}.Release|iPhone.ActiveCfg = Release|x86
		{CDFEB9F6-C25D-4ABC-B9E3-18B28DDCBE1E}.Release|iPhoneSimulator.ActiveCfg = Release|x86
		{CDFEB9F6-C25D-4ABC-B9E3-18B28DDCBE1E}.Release|x64.ActiveCfg = Release|x64
		{CDFEB9F6-C25D-4ABC-B9E3-18B28DDCBE1E}.Release|x64.Build.0 = Release|x64
		{CDFEB9F6-C25D-4ABC-B9E3-18B28DDCBE1E}.Release|x64.Deploy.0 = Release|x64
		{CDFEB9F6-C25D-4ABC-B9E3-18B28DDCBE1E}.Release|x86.ActiveCfg = Release|x86
		{CDFEB9F6-C25D-4ABC-B9E3-18B28DDCBE1E}.Release|x86.Build.0 = Release|x86
		{CDFEB9F6-C25D-4ABC-B9E3-18B28DDCBE1E}.Release|x86.Deploy.0 = Release|x86
		{912146F5-48AD-42AD-AB66-01FA4A205012}.Ad-Hoc|Any CPU.ActiveCfg = Debug|Any CPU
		{912146F5-48AD-42AD-AB66-01FA4A205012}.Ad-Hoc|Any CPU.Build.0 = Debug|Any CPU
		{912146F5-48AD-42AD-AB66-01FA4A205012}.Ad-Hoc|ARM.ActiveCfg = Debug|Any CPU
		{912146F5-48AD-42AD-AB66-01FA4A205012}.Ad-Hoc|ARM.Build.0 = Debug|Any CPU
		{912146F5-48AD-42AD-AB66-01FA4A205012}.Ad-Hoc|iPhone.ActiveCfg = Debug|Any CPU
		{912146F5-48AD-42AD-AB66-01FA4A205012}.Ad-Hoc|iPhone.Build.0 = Debug|Any CPU
		{912146F5-48AD-42AD-AB66-01FA4A205012}.Ad-Hoc|iPhoneSimulator.ActiveCfg = Debug|Any CPU
		{912146F5-48AD-42AD-AB66-01FA4A205012}.Ad-Hoc|iPhoneSimulator.Build.0 = Debug|Any CPU
		{912146F5-48AD-42AD-AB66-01FA4A205012}.Ad-Hoc|x64.ActiveCfg = Debug|Any CPU
		{912146F5-48AD-42AD-AB66-01FA4A205012}.Ad-Hoc|x64.Build.0 = Debug|Any CPU
		{912146F5-48AD-42AD-AB66-01FA4A205012}.Ad-Hoc|x86.ActiveCfg = Debug|Any CPU
		{912146F5-48AD-42AD-AB66-01FA4A205012}.Ad-Hoc|x86.Build.0 = Debug|Any CPU
		{912146F5-48AD-42AD-AB66-01FA4A205012}.AppStore|Any CPU.ActiveCfg = Debug|Any CPU
		{912146F5-48AD-42AD-AB66-01FA4A205012}.AppStore|Any CPU.Build.0 = Debug|Any CPU
		{912146F5-48AD-42AD-AB66-01FA4A205012}.AppStore|ARM.ActiveCfg = Debug|Any CPU
		{912146F5-48AD-42AD-AB66-01FA4A205012}.AppStore|ARM.Build.0 = Debug|Any CPU
		{912146F5-48AD-42AD-AB66-01FA4A205012}.AppStore|iPhone.ActiveCfg = Debug|Any CPU
		{912146F5-48AD-42AD-AB66-01FA4A205012}.AppStore|iPhone.Build.0 = Debug|Any CPU
		{912146F5-48AD-42AD-AB66-01FA4A205012}.AppStore|iPhoneSimulator.ActiveCfg = Debug|Any CPU
		{912146F5-48AD-42AD-AB66-01FA4A205012}.AppStore|iPhoneSimulator.Build.0 = Debug|Any CPU
		{912146F5-48AD-42AD-AB66-01FA4A205012}.AppStore|x64.ActiveCfg = Debug|Any CPU
		{912146F5-48AD-42AD-AB66-01FA4A205012}.AppStore|x64.Build.0 = Debug|Any CPU
		{912146F5-48AD-42AD-AB66-01FA4A205012}.AppStore|x86.ActiveCfg = Debug|Any CPU
		{912146F5-48AD-42AD-AB66-01FA4A205012}.AppStore|x86.Build.0 = Debug|Any CPU
		{912146F5-48AD-42AD-AB66-01FA4A205012}.Debug|Any CPU.ActiveCfg = Debug|Any CPU
		{912146F5-48AD-42AD-AB66-01FA4A205012}.Debug|Any CPU.Build.0 = Debug|Any CPU
		{912146F5-48AD-42AD-AB66-01FA4A205012}.Debug|ARM.ActiveCfg = Debug|Any CPU
		{912146F5-48AD-42AD-AB66-01FA4A205012}.Debug|ARM.Build.0 = Debug|Any CPU
		{912146F5-48AD-42AD-AB66-01FA4A205012}.Debug|iPhone.ActiveCfg = Debug|Any CPU
		{912146F5-48AD-42AD-AB66-01FA4A205012}.Debug|iPhone.Build.0 = Debug|Any CPU
		{912146F5-48AD-42AD-AB66-01FA4A205012}.Debug|iPhoneSimulator.ActiveCfg = Debug|Any CPU
		{912146F5-48AD-42AD-AB66-01FA4A205012}.Debug|iPhoneSimulator.Build.0 = Debug|Any CPU
		{912146F5-48AD-42AD-AB66-01FA4A205012}.Debug|x64.ActiveCfg = Debug|Any CPU
		{912146F5-48AD-42AD-AB66-01FA4A205012}.Debug|x64.Build.0 = Debug|Any CPU
		{912146F5-48AD-42AD-AB66-01FA4A205012}.Debug|x86.ActiveCfg = Debug|Any CPU
		{912146F5-48AD-42AD-AB66-01FA4A205012}.Debug|x86.Build.0 = Debug|Any CPU
		{912146F5-48AD-42AD-AB66-01FA4A205012}.Release|Any CPU.ActiveCfg = Release|Any CPU
		{912146F5-48AD-42AD-AB66-01FA4A205012}.Release|Any CPU.Build.0 = Release|Any CPU
		{912146F5-48AD-42AD-AB66-01FA4A205012}.Release|ARM.ActiveCfg = Release|Any CPU
		{912146F5-48AD-42AD-AB66-01FA4A205012}.Release|ARM.Build.0 = Release|Any CPU
		{912146F5-48AD-42AD-AB66-01FA4A205012}.Release|iPhone.ActiveCfg = Release|Any CPU
		{912146F5-48AD-42AD-AB66-01FA4A205012}.Release|iPhone.Build.0 = Release|Any CPU
		{912146F5-48AD-42AD-AB66-01FA4A205012}.Release|iPhoneSimulator.ActiveCfg = Release|Any CPU
		{912146F5-48AD-42AD-AB66-01FA4A205012}.Release|iPhoneSimulator.Build.0 = Release|Any CPU
		{912146F5-48AD-42AD-AB66-01FA4A205012}.Release|x64.ActiveCfg = Release|Any CPU
		{912146F5-48AD-42AD-AB66-01FA4A205012}.Release|x64.Build.0 = Release|Any CPU
		{912146F5-48AD-42AD-AB66-01FA4A205012}.Release|x86.ActiveCfg = Release|Any CPU
		{912146F5-48AD-42AD-AB66-01FA4A205012}.Release|x86.Build.0 = Release|Any CPU
	EndGlobalSection
	GlobalSection(SolutionProperties) = preSolution
		HideSolutionNode = FALSE
	EndGlobalSection
	GlobalSection(ExtensibilityGlobals) = postSolution
		SolutionGuid = {25FF31A5-FDF7-4324-8B1C-777574E2DAE2}
	EndGlobalSection
EndGlobal
