
Microsoft Visual Studio Solution File, Format Version 12.00
# Visual Studio 15
VisualStudioVersion = 15.0.27703.2026
MinimumVisualStudioVersion = 10.0.40219.1
Project("{FAE04EC0-301F-11D3-BF4B-00C04F79EFBC}") = "App3_JWTAsync.Android", "App3_JWTAsync\App3_JWTAsync.Android\App3_JWTAsync.Android.csproj", "{388E8CB6-7BE9-42C2-8A1A-0B159D196A33}"
EndProject
Project("{FAE04EC0-301F-11D3-BF4B-00C04F79EFBC}") = "App3_JWTAsync.iOS", "App3_JWTAsync\App3_JWTAsync.iOS\App3_JWTAsync.iOS.csproj", "{D4B76102-6776-4192-A67B-BF17134217D2}"
EndProject
Project("{FAE04EC0-301F-11D3-BF4B-00C04F79EFBC}") = "App3_JWTAsync.UWP", "App3_JWTAsync\App3_JWTAsync.UWP\App3_JWTAsync.UWP.csproj", "{D9D2065A-6136-4476-8EBD-AC44DA7424ED}"
EndProject
Project("{FAE04EC0-301F-11D3-BF4B-00C04F79EFBC}") = "App3_JWTAsync", "App3_JWTAsync\App3_JWTAsync\App3_JWTAsync.csproj", "{C2CD8743-90A5-4FBD-91CF-CE5C2F636B36}"
EndProject
Global
	GlobalSection(SolutionConfigurationPlatforms) = preSolution
		Ad-Hoc|Any CPU = Ad-Hoc|Any CPU
		Ad-Hoc|ARM = Ad-Hoc|ARM
		Ad-Hoc|iPhone = Ad-Hoc|iPhone
		Ad-Hoc|iPhoneSimulator = Ad-Hoc|iPhoneSimulator
		Ad-Hoc|x64 = Ad-Hoc|x64
		Ad-Hoc|x86 = Ad-Hoc|x86
		AppStore|Any CPU = AppStore|Any CPU
		AppStore|ARM = AppStore|ARM
		AppStore|iPhone = AppStore|iPhone
		AppStore|iPhoneSimulator = AppStore|iPhoneSimulator
		AppStore|x64 = AppStore|x64
		AppStore|x86 = AppStore|x86
		Debug|Any CPU = Debug|Any CPU
		Debug|ARM = Debug|ARM
		Debug|iPhone = Debug|iPhone
		Debug|iPhoneSimulator = Debug|iPhoneSimulator
		Debug|x64 = Debug|x64
		Debug|x86 = Debug|x86
		Release|Any CPU = Release|Any CPU
		Release|ARM = Release|ARM
		Release|iPhone = Release|iPhone
		Release|iPhoneSimulator = Release|iPhoneSimulator
		Release|x64 = Release|x64
		Release|x86 = Release|x86
	EndGlobalSection
	GlobalSection(ProjectConfigurationPlatforms) = postSolution
		{388E8CB6-7BE9-42C2-8A1A-0B159D196A33}.Ad-Hoc|Any CPU.ActiveCfg = Release|Any CPU
		{388E8CB6-7BE9-42C2-8A1A-0B159D196A33}.Ad-Hoc|Any CPU.Build.0 = Release|Any CPU
		{388E8CB6-7BE9-42C2-8A1A-0B159D196A33}.Ad-Hoc|Any CPU.Deploy.0 = Release|Any CPU
		{388E8CB6-7BE9-42C2-8A1A-0B159D196A33}.Ad-Hoc|ARM.ActiveCfg = Release|Any CPU
		{388E8CB6-7BE9-42C2-8A1A-0B159D196A33}.Ad-Hoc|ARM.Build.0 = Release|Any CPU
		{388E8CB6-7BE9-42C2-8A1A-0B159D196A33}.Ad-Hoc|ARM.Deploy.0 = Release|Any CPU
		{388E8CB6-7BE9-42C2-8A1A-0B159D196A33}.Ad-Hoc|iPhone.ActiveCfg = Release|Any CPU
		{388E8CB6-7BE9-42C2-8A1A-0B159D196A33}.Ad-Hoc|iPhone.Build.0 = Release|Any CPU
		{388E8CB6-7BE9-42C2-8A1A-0B159D196A33}.Ad-Hoc|iPhone.Deploy.0 = Release|Any CPU
		{388E8CB6-7BE9-42C2-8A1A-0B159D196A33}.Ad-Hoc|iPhoneSimulator.ActiveCfg = Release|Any CPU
		{388E8CB6-7BE9-42C2-8A1A-0B159D196A33}.Ad-Hoc|iPhoneSimulator.Build.0 = Release|Any CPU
		{388E8CB6-7BE9-42C2-8A1A-0B159D196A33}.Ad-Hoc|iPhoneSimulator.Deploy.0 = Release|Any CPU
		{388E8CB6-7BE9-42C2-8A1A-0B159D196A33}.Ad-Hoc|x64.ActiveCfg = Release|Any CPU
		{388E8CB6-7BE9-42C2-8A1A-0B159D196A33}.Ad-Hoc|x64.Build.0 = Release|Any CPU
		{388E8CB6-7BE9-42C2-8A1A-0B159D196A33}.Ad-Hoc|x64.Deploy.0 = Release|Any CPU
		{388E8CB6-7BE9-42C2-8A1A-0B159D196A33}.Ad-Hoc|x86.ActiveCfg = Release|Any CPU
		{388E8CB6-7BE9-42C2-8A1A-0B159D196A33}.Ad-Hoc|x86.Build.0 = Release|Any CPU
		{388E8CB6-7BE9-42C2-8A1A-0B159D196A33}.Ad-Hoc|x86.Deploy.0 = Release|Any CPU
		{388E8CB6-7BE9-42C2-8A1A-0B159D196A33}.AppStore|Any CPU.ActiveCfg = Release|Any CPU
		{388E8CB6-7BE9-42C2-8A1A-0B159D196A33}.AppStore|Any CPU.Build.0 = Release|Any CPU
		{388E8CB6-7BE9-42C2-8A1A-0B159D196A33}.AppStore|Any CPU.Deploy.0 = Release|Any CPU
		{388E8CB6-7BE9-42C2-8A1A-0B159D196A33}.AppStore|ARM.ActiveCfg = Release|Any CPU
		{388E8CB6-7BE9-42C2-8A1A-0B159D196A33}.AppStore|ARM.Build.0 = Release|Any CPU
		{388E8CB6-7BE9-42C2-8A1A-0B159D196A33}.AppStore|ARM.Deploy.0 = Release|Any CPU
		{388E8CB6-7BE9-42C2-8A1A-0B159D196A33}.AppStore|iPhone.ActiveCfg = Release|Any CPU
		{388E8CB6-7BE9-42C2-8A1A-0B159D196A33}.AppStore|iPhone.Build.0 = Release|Any CPU
		{388E8CB6-7BE9-42C2-8A1A-0B159D196A33}.AppStore|iPhone.Deploy.0 = Release|Any CPU
		{388E8CB6-7BE9-42C2-8A1A-0B159D196A33}.AppStore|iPhoneSimulator.ActiveCfg = Release|Any CPU
		{388E8CB6-7BE9-42C2-8A1A-0B159D196A33}.AppStore|iPhoneSimulator.Build.0 = Release|Any CPU
		{388E8CB6-7BE9-42C2-8A1A-0B159D196A33}.AppStore|iPhoneSimulator.Deploy.0 = Release|Any CPU
		{388E8CB6-7BE9-42C2-8A1A-0B159D196A33}.AppStore|x64.ActiveCfg = Release|Any CPU
		{388E8CB6-7BE9-42C2-8A1A-0B159D196A33}.AppStore|x64.Build.0 = Release|Any CPU
		{388E8CB6-7BE9-42C2-8A1A-0B159D196A33}.AppStore|x64.Deploy.0 = Release|Any CPU
		{388E8CB6-7BE9-42C2-8A1A-0B159D196A33}.AppStore|x86.ActiveCfg = Release|Any CPU
		{388E8CB6-7BE9-42C2-8A1A-0B159D196A33}.AppStore|x86.Build.0 = Release|Any CPU
		{388E8CB6-7BE9-42C2-8A1A-0B159D196A33}.AppStore|x86.Deploy.0 = Release|Any CPU
		{388E8CB6-7BE9-42C2-8A1A-0B159D196A33}.Debug|Any CPU.ActiveCfg = Debug|Any CPU
		{388E8CB6-7BE9-42C2-8A1A-0B159D196A33}.Debug|Any CPU.Build.0 = Debug|Any CPU
		{388E8CB6-7BE9-42C2-8A1A-0B159D196A33}.Debug|Any CPU.Deploy.0 = Debug|Any CPU
		{388E8CB6-7BE9-42C2-8A1A-0B159D196A33}.Debug|ARM.ActiveCfg = Debug|Any CPU
		{388E8CB6-7BE9-42C2-8A1A-0B159D196A33}.Debug|ARM.Build.0 = Debug|Any CPU
		{388E8CB6-7BE9-42C2-8A1A-0B159D196A33}.Debug|ARM.Deploy.0 = Debug|Any CPU
		{388E8CB6-7BE9-42C2-8A1A-0B159D196A33}.Debug|iPhone.ActiveCfg = Debug|Any CPU
		{388E8CB6-7BE9-42C2-8A1A-0B159D196A33}.Debug|iPhone.Build.0 = Debug|Any CPU
		{388E8CB6-7BE9-42C2-8A1A-0B159D196A33}.Debug|iPhone.Deploy.0 = Debug|Any CPU
		{388E8CB6-7BE9-42C2-8A1A-0B159D196A33}.Debug|iPhoneSimulator.ActiveCfg = Debug|Any CPU
		{388E8CB6-7BE9-42C2-8A1A-0B159D196A33}.Debug|iPhoneSimulator.Build.0 = Debug|Any CPU
		{388E8CB6-7BE9-42C2-8A1A-0B159D196A33}.Debug|iPhoneSimulator.Deploy.0 = Debug|Any CPU
		{388E8CB6-7BE9-42C2-8A1A-0B159D196A33}.Debug|x64.ActiveCfg = Debug|Any CPU
		{388E8CB6-7BE9-42C2-8A1A-0B159D196A33}.Debug|x64.Build.0 = Debug|Any CPU
		{388E8CB6-7BE9-42C2-8A1A-0B159D196A33}.Debug|x64.Deploy.0 = Debug|Any CPU
		{388E8CB6-7BE9-42C2-8A1A-0B159D196A33}.Debug|x86.ActiveCfg = Debug|Any CPU
		{388E8CB6-7BE9-42C2-8A1A-0B159D196A33}.Debug|x86.Build.0 = Debug|Any CPU
		{388E8CB6-7BE9-42C2-8A1A-0B159D196A33}.Debug|x86.Deploy.0 = Debug|Any CPU
		{388E8CB6-7BE9-42C2-8A1A-0B159D196A33}.Release|Any CPU.ActiveCfg = Release|Any CPU
		{388E8CB6-7BE9-42C2-8A1A-0B159D196A33}.Release|Any CPU.Build.0 = Release|Any CPU
		{388E8CB6-7BE9-42C2-8A1A-0B159D196A33}.Release|Any CPU.Deploy.0 = Release|Any CPU
		{388E8CB6-7BE9-42C2-8A1A-0B159D196A33}.Release|ARM.ActiveCfg = Release|Any CPU
		{388E8CB6-7BE9-42C2-8A1A-0B159D196A33}.Release|ARM.Build.0 = Release|Any CPU
		{388E8CB6-7BE9-42C2-8A1A-0B159D196A33}.Release|ARM.Deploy.0 = Release|Any CPU
		{388E8CB6-7BE9-42C2-8A1A-0B159D196A33}.Release|iPhone.ActiveCfg = Release|Any CPU
		{388E8CB6-7BE9-42C2-8A1A-0B159D196A33}.Release|iPhone.Build.0 = Release|Any CPU
		{388E8CB6-7BE9-42C2-8A1A-0B159D196A33}.Release|iPhone.Deploy.0 = Release|Any CPU
		{388E8CB6-7BE9-42C2-8A1A-0B159D196A33}.Release|iPhoneSimulator.ActiveCfg = Release|Any CPU
		{388E8CB6-7BE9-42C2-8A1A-0B159D196A33}.Release|iPhoneSimulator.Build.0 = Release|Any CPU
		{388E8CB6-7BE9-42C2-8A1A-0B159D196A33}.Release|iPhoneSimulator.Deploy.0 = Release|Any CPU
		{388E8CB6-7BE9-42C2-8A1A-0B159D196A33}.Release|x64.ActiveCfg = Release|Any CPU
		{388E8CB6-7BE9-42C2-8A1A-0B159D196A33}.Release|x64.Build.0 = Release|Any CPU
		{388E8CB6-7BE9-42C2-8A1A-0B159D196A33}.Release|x64.Deploy.0 = Release|Any CPU
		{388E8CB6-7BE9-42C2-8A1A-0B159D196A33}.Release|x86.ActiveCfg = Release|Any CPU
		{388E8CB6-7BE9-42C2-8A1A-0B159D196A33}.Release|x86.Build.0 = Release|Any CPU
		{388E8CB6-7BE9-42C2-8A1A-0B159D196A33}.Release|x86.Deploy.0 = Release|Any CPU
		{D4B76102-6776-4192-A67B-BF17134217D2}.Ad-Hoc|Any CPU.ActiveCfg = Ad-Hoc|iPhone
		{D4B76102-6776-4192-A67B-BF17134217D2}.Ad-Hoc|Any CPU.Build.0 = Ad-Hoc|iPhone
		{D4B76102-6776-4192-A67B-BF17134217D2}.Ad-Hoc|Any CPU.Deploy.0 = Ad-Hoc|iPhone
		{D4B76102-6776-4192-A67B-BF17134217D2}.Ad-Hoc|ARM.ActiveCfg = Ad-Hoc|iPhone
		{D4B76102-6776-4192-A67B-BF17134217D2}.Ad-Hoc|ARM.Build.0 = Ad-Hoc|iPhone
		{D4B76102-6776-4192-A67B-BF17134217D2}.Ad-Hoc|ARM.Deploy.0 = Ad-Hoc|iPhone
		{D4B76102-6776-4192-A67B-BF17134217D2}.Ad-Hoc|iPhone.ActiveCfg = Ad-Hoc|iPhone
		{D4B76102-6776-4192-A67B-BF17134217D2}.Ad-Hoc|iPhone.Build.0 = Ad-Hoc|iPhone
		{D4B76102-6776-4192-A67B-BF17134217D2}.Ad-Hoc|iPhone.Deploy.0 = Ad-Hoc|iPhone
		{D4B76102-6776-4192-A67B-BF17134217D2}.Ad-Hoc|iPhoneSimulator.ActiveCfg = Ad-Hoc|iPhoneSimulator
		{D4B76102-6776-4192-A67B-BF17134217D2}.Ad-Hoc|iPhoneSimulator.Build.0 = Ad-Hoc|iPhoneSimulator
		{D4B76102-6776-4192-A67B-BF17134217D2}.Ad-Hoc|iPhoneSimulator.Deploy.0 = Ad-Hoc|iPhoneSimulator
		{D4B76102-6776-4192-A67B-BF17134217D2}.Ad-Hoc|x64.ActiveCfg = Ad-Hoc|iPhone
		{D4B76102-6776-4192-A67B-BF17134217D2}.Ad-Hoc|x64.Build.0 = Ad-Hoc|iPhone
		{D4B76102-6776-4192-A67B-BF17134217D2}.Ad-Hoc|x64.Deploy.0 = Ad-Hoc|iPhone
		{D4B76102-6776-4192-A67B-BF17134217D2}.Ad-Hoc|x86.ActiveCfg = Ad-Hoc|iPhone
		{D4B76102-6776-4192-A67B-BF17134217D2}.Ad-Hoc|x86.Build.0 = Ad-Hoc|iPhone
		{D4B76102-6776-4192-A67B-BF17134217D2}.Ad-Hoc|x86.Deploy.0 = Ad-Hoc|iPhone
		{D4B76102-6776-4192-A67B-BF17134217D2}.AppStore|Any CPU.ActiveCfg = AppStore|iPhone
		{D4B76102-6776-4192-A67B-BF17134217D2}.AppStore|Any CPU.Build.0 = AppStore|iPhone
		{D4B76102-6776-4192-A67B-BF17134217D2}.AppStore|Any CPU.Deploy.0 = AppStore|iPhone
		{D4B76102-6776-4192-A67B-BF17134217D2}.AppStore|ARM.ActiveCfg = AppStore|iPhone
		{D4B76102-6776-4192-A67B-BF17134217D2}.AppStore|ARM.Build.0 = AppStore|iPhone
		{D4B76102-6776-4192-A67B-BF17134217D2}.AppStore|ARM.Deploy.0 = AppStore|iPhone
		{D4B76102-6776-4192-A67B-BF17134217D2}.AppStore|iPhone.ActiveCfg = AppStore|iPhone
		{D4B76102-6776-4192-A67B-BF17134217D2}.AppStore|iPhone.Build.0 = AppStore|iPhone
		{D4B76102-6776-4192-A67B-BF17134217D2}.AppStore|iPhone.Deploy.0 = AppStore|iPhone
		{D4B76102-6776-4192-A67B-BF17134217D2}.AppStore|iPhoneSimulator.ActiveCfg = AppStore|iPhoneSimulator
		{D4B76102-6776-4192-A67B-BF17134217D2}.AppStore|iPhoneSimulator.Build.0 = AppStore|iPhoneSimulator
		{D4B76102-6776-4192-A67B-BF17134217D2}.AppStore|iPhoneSimulator.Deploy.0 = AppStore|iPhoneSimulator
		{D4B76102-6776-4192-A67B-BF17134217D2}.AppStore|x64.ActiveCfg = AppStore|iPhone
		{D4B76102-6776-4192-A67B-BF17134217D2}.AppStore|x64.Build.0 = AppStore|iPhone
		{D4B76102-6776-4192-A67B-BF17134217D2}.AppStore|x64.Deploy.0 = AppStore|iPhone
		{D4B76102-6776-4192-A67B-BF17134217D2}.AppStore|x86.ActiveCfg = AppStore|iPhone
		{D4B76102-6776-4192-A67B-BF17134217D2}.AppStore|x86.Build.0 = AppStore|iPhone
		{D4B76102-6776-4192-A67B-BF17134217D2}.AppStore|x86.Deploy.0 = AppStore|iPhone
		{D4B76102-6776-4192-A67B-BF17134217D2}.Debug|Any CPU.ActiveCfg = Debug|iPhoneSimulator
		{D4B76102-6776-4192-A67B-BF17134217D2}.Debug|Any CPU.Build.0 = Debug|iPhoneSimulator
		{D4B76102-6776-4192-A67B-BF17134217D2}.Debug|Any CPU.Deploy.0 = Debug|iPhoneSimulator
		{D4B76102-6776-4192-A67B-BF17134217D2}.Debug|ARM.ActiveCfg = Debug|iPhone
		{D4B76102-6776-4192-A67B-BF17134217D2}.Debug|ARM.Build.0 = Debug|iPhone
		{D4B76102-6776-4192-A67B-BF17134217D2}.Debug|ARM.Deploy.0 = Debug|iPhone
		{D4B76102-6776-4192-A67B-BF17134217D2}.Debug|iPhone.ActiveCfg = Debug|iPhone
		{D4B76102-6776-4192-A67B-BF17134217D2}.Debug|iPhone.Build.0 = Debug|iPhone
		{D4B76102-6776-4192-A67B-BF17134217D2}.Debug|iPhone.Deploy.0 = Debug|iPhone
		{D4B76102-6776-4192-A67B-BF17134217D2}.Debug|iPhoneSimulator.ActiveCfg = Debug|iPhoneSimulator
		{D4B76102-6776-4192-A67B-BF17134217D2}.Debug|iPhoneSimulator.Build.0 = Debug|iPhoneSimulator
		{D4B76102-6776-4192-A67B-BF17134217D2}.Debug|iPhoneSimulator.Deploy.0 = Debug|iPhoneSimulator
		{D4B76102-6776-4192-A67B-BF17134217D2}.Debug|x64.ActiveCfg = Debug|iPhone
		{D4B76102-6776-4192-A67B-BF17134217D2}.Debug|x64.Build.0 = Debug|iPhone
		{D4B76102-6776-4192-A67B-BF17134217D2}.Debug|x64.Deploy.0 = Debug|iPhone
		{D4B76102-6776-4192-A67B-BF17134217D2}.Debug|x86.ActiveCfg = Debug|iPhone
		{D4B76102-6776-4192-A67B-BF17134217D2}.Debug|x86.Build.0 = Debug|iPhone
		{D4B76102-6776-4192-A67B-BF17134217D2}.Debug|x86.Deploy.0 = Debug|iPhone
		{D4B76102-6776-4192-A67B-BF17134217D2}.Release|Any CPU.ActiveCfg = Release|iPhone
		{D4B76102-6776-4192-A67B-BF17134217D2}.Release|Any CPU.Build.0 = Release|iPhone
		{D4B76102-6776-4192-A67B-BF17134217D2}.Release|Any CPU.Deploy.0 = Release|iPhone
		{D4B76102-6776-4192-A67B-BF17134217D2}.Release|ARM.ActiveCfg = Release|iPhone
		{D4B76102-6776-4192-A67B-BF17134217D2}.Release|ARM.Build.0 = Release|iPhone
		{D4B76102-6776-4192-A67B-BF17134217D2}.Release|ARM.Deploy.0 = Release|iPhone
		{D4B76102-6776-4192-A67B-BF17134217D2}.Release|iPhone.ActiveCfg = Release|iPhone
		{D4B76102-6776-4192-A67B-BF17134217D2}.Release|iPhone.Build.0 = Release|iPhone
		{D4B76102-6776-4192-A67B-BF17134217D2}.Release|iPhone.Deploy.0 = Release|iPhone
		{D4B76102-6776-4192-A67B-BF17134217D2}.Release|iPhoneSimulator.ActiveCfg = Release|iPhoneSimulator
		{D4B76102-6776-4192-A67B-BF17134217D2}.Release|iPhoneSimulator.Build.0 = Release|iPhoneSimulator
		{D4B76102-6776-4192-A67B-BF17134217D2}.Release|iPhoneSimulator.Deploy.0 = Release|iPhoneSimulator
		{D4B76102-6776-4192-A67B-BF17134217D2}.Release|x64.ActiveCfg = Release|iPhone
		{D4B76102-6776-4192-A67B-BF17134217D2}.Release|x64.Build.0 = Release|iPhone
		{D4B76102-6776-4192-A67B-BF17134217D2}.Release|x64.Deploy.0 = Release|iPhone
		{D4B76102-6776-4192-A67B-BF17134217D2}.Release|x86.ActiveCfg = Release|iPhone
		{D4B76102-6776-4192-A67B-BF17134217D2}.Release|x86.Build.0 = Release|iPhone
		{D4B76102-6776-4192-A67B-BF17134217D2}.Release|x86.Deploy.0 = Release|iPhone
		{D9D2065A-6136-4476-8EBD-AC44DA7424ED}.Ad-Hoc|Any CPU.ActiveCfg = Release|x86
		{D9D2065A-6136-4476-8EBD-AC44DA7424ED}.Ad-Hoc|Any CPU.Build.0 = Release|x86
		{D9D2065A-6136-4476-8EBD-AC44DA7424ED}.Ad-Hoc|Any CPU.Deploy.0 = Release|x86
		{D9D2065A-6136-4476-8EBD-AC44DA7424ED}.Ad-Hoc|ARM.ActiveCfg = Release|ARM
		{D9D2065A-6136-4476-8EBD-AC44DA7424ED}.Ad-Hoc|ARM.Build.0 = Release|ARM
		{D9D2065A-6136-4476-8EBD-AC44DA7424ED}.Ad-Hoc|ARM.Deploy.0 = Release|ARM
		{D9D2065A-6136-4476-8EBD-AC44DA7424ED}.Ad-Hoc|iPhone.ActiveCfg = Release|x86
		{D9D2065A-6136-4476-8EBD-AC44DA7424ED}.Ad-Hoc|iPhone.Build.0 = Release|x86
		{D9D2065A-6136-4476-8EBD-AC44DA7424ED}.Ad-Hoc|iPhone.Deploy.0 = Release|x86
		{D9D2065A-6136-4476-8EBD-AC44DA7424ED}.Ad-Hoc|iPhoneSimulator.ActiveCfg = Release|x86
		{D9D2065A-6136-4476-8EBD-AC44DA7424ED}.Ad-Hoc|iPhoneSimulator.Build.0 = Release|x86
		{D9D2065A-6136-4476-8EBD-AC44DA7424ED}.Ad-Hoc|iPhoneSimulator.Deploy.0 = Release|x86
		{D9D2065A-6136-4476-8EBD-AC44DA7424ED}.Ad-Hoc|x64.ActiveCfg = Release|x64
		{D9D2065A-6136-4476-8EBD-AC44DA7424ED}.Ad-Hoc|x64.Build.0 = Release|x64
		{D9D2065A-6136-4476-8EBD-AC44DA7424ED}.Ad-Hoc|x64.Deploy.0 = Release|x64
		{D9D2065A-6136-4476-8EBD-AC44DA7424ED}.Ad-Hoc|x86.ActiveCfg = Release|x86
		{D9D2065A-6136-4476-8EBD-AC44DA7424ED}.Ad-Hoc|x86.Build.0 = Release|x86
		{D9D2065A-6136-4476-8EBD-AC44DA7424ED}.Ad-Hoc|x86.Deploy.0 = Release|x86
		{D9D2065A-6136-4476-8EBD-AC44DA7424ED}.AppStore|Any CPU.ActiveCfg = Release|x86
		{D9D2065A-6136-4476-8EBD-AC44DA7424ED}.AppStore|Any CPU.Build.0 = Release|x86
		{D9D2065A-6136-4476-8EBD-AC44DA7424ED}.AppStore|Any CPU.Deploy.0 = Release|x86
		{D9D2065A-6136-4476-8EBD-AC44DA7424ED}.AppStore|ARM.ActiveCfg = Release|ARM
		{D9D2065A-6136-4476-8EBD-AC44DA7424ED}.AppStore|ARM.Build.0 = Release|ARM
		{D9D2065A-6136-4476-8EBD-AC44DA7424ED}.AppStore|ARM.Deploy.0 = Release|ARM
		{D9D2065A-6136-4476-8EBD-AC44DA7424ED}.AppStore|iPhone.ActiveCfg = Release|x86
		{D9D2065A-6136-4476-8EBD-AC44DA7424ED}.AppStore|iPhone.Build.0 = Release|x86
		{D9D2065A-6136-4476-8EBD-AC44DA7424ED}.AppStore|iPhone.Deploy.0 = Release|x86
		{D9D2065A-6136-4476-8EBD-AC44DA7424ED}.AppStore|iPhoneSimulator.ActiveCfg = Release|x86
		{D9D2065A-6136-4476-8EBD-AC44DA7424ED}.AppStore|iPhoneSimulator.Build.0 = Release|x86
		{D9D2065A-6136-4476-8EBD-AC44DA7424ED}.AppStore|iPhoneSimulator.Deploy.0 = Release|x86
		{D9D2065A-6136-4476-8EBD-AC44DA7424ED}.AppStore|x64.ActiveCfg = Release|x64
		{D9D2065A-6136-4476-8EBD-AC44DA7424ED}.AppStore|x64.Build.0 = Release|x64
		{D9D2065A-6136-4476-8EBD-AC44DA7424ED}.AppStore|x64.Deploy.0 = Release|x64
		{D9D2065A-6136-4476-8EBD-AC44DA7424ED}.AppStore|x86.ActiveCfg = Release|x86
		{D9D2065A-6136-4476-8EBD-AC44DA7424ED}.AppStore|x86.Build.0 = Release|x86
		{D9D2065A-6136-4476-8EBD-AC44DA7424ED}.AppStore|x86.Deploy.0 = Release|x86
		{D9D2065A-6136-4476-8EBD-AC44DA7424ED}.Debug|Any CPU.ActiveCfg = Debug|x86
		{D9D2065A-6136-4476-8EBD-AC44DA7424ED}.Debug|Any CPU.Build.0 = Debug|x86
		{D9D2065A-6136-4476-8EBD-AC44DA7424ED}.Debug|Any CPU.Deploy.0 = Debug|x86
		{D9D2065A-6136-4476-8EBD-AC44DA7424ED}.Debug|ARM.ActiveCfg = Debug|ARM
		{D9D2065A-6136-4476-8EBD-AC44DA7424ED}.Debug|ARM.Build.0 = Debug|ARM
		{D9D2065A-6136-4476-8EBD-AC44DA7424ED}.Debug|ARM.Deploy.0 = Debug|ARM
		{D9D2065A-6136-4476-8EBD-AC44DA7424ED}.Debug|iPhone.ActiveCfg = Debug|x86
		{D9D2065A-6136-4476-8EBD-AC44DA7424ED}.Debug|iPhone.Build.0 = Debug|x86
		{D9D2065A-6136-4476-8EBD-AC44DA7424ED}.Debug|iPhone.Deploy.0 = Debug|x86
		{D9D2065A-6136-4476-8EBD-AC44DA7424ED}.Debug|iPhoneSimulator.ActiveCfg = Debug|x86
		{D9D2065A-6136-4476-8EBD-AC44DA7424ED}.Debug|iPhoneSimulator.Build.0 = Debug|x86
		{D9D2065A-6136-4476-8EBD-AC44DA7424ED}.Debug|iPhoneSimulator.Deploy.0 = Debug|x86
		{D9D2065A-6136-4476-8EBD-AC44DA7424ED}.Debug|x64.ActiveCfg = Debug|x64
		{D9D2065A-6136-4476-8EBD-AC44DA7424ED}.Debug|x64.Build.0 = Debug|x64
		{D9D2065A-6136-4476-8EBD-AC44DA7424ED}.Debug|x64.Deploy.0 = Debug|x64
		{D9D2065A-6136-4476-8EBD-AC44DA7424ED}.Debug|x86.ActiveCfg = Debug|x86
		{D9D2065A-6136-4476-8EBD-AC44DA7424ED}.Debug|x86.Build.0 = Debug|x86
		{D9D2065A-6136-4476-8EBD-AC44DA7424ED}.Debug|x86.Deploy.0 = Debug|x86
		{D9D2065A-6136-4476-8EBD-AC44DA7424ED}.Release|Any CPU.ActiveCfg = Release|x86
		{D9D2065A-6136-4476-8EBD-AC44DA7424ED}.Release|Any CPU.Build.0 = Release|x86
		{D9D2065A-6136-4476-8EBD-AC44DA7424ED}.Release|Any CPU.Deploy.0 = Release|x86
		{D9D2065A-6136-4476-8EBD-AC44DA7424ED}.Release|ARM.ActiveCfg = Release|ARM
		{D9D2065A-6136-4476-8EBD-AC44DA7424ED}.Release|ARM.Build.0 = Release|ARM
		{D9D2065A-6136-4476-8EBD-AC44DA7424ED}.Release|ARM.Deploy.0 = Release|ARM
		{D9D2065A-6136-4476-8EBD-AC44DA7424ED}.Release|iPhone.ActiveCfg = Release|x86
		{D9D2065A-6136-4476-8EBD-AC44DA7424ED}.Release|iPhone.Build.0 = Release|x86
		{D9D2065A-6136-4476-8EBD-AC44DA7424ED}.Release|iPhone.Deploy.0 = Release|x86
		{D9D2065A-6136-4476-8EBD-AC44DA7424ED}.Release|iPhoneSimulator.ActiveCfg = Release|x86
		{D9D2065A-6136-4476-8EBD-AC44DA7424ED}.Release|iPhoneSimulator.Build.0 = Release|x86
		{D9D2065A-6136-4476-8EBD-AC44DA7424ED}.Release|iPhoneSimulator.Deploy.0 = Release|x86
		{D9D2065A-6136-4476-8EBD-AC44DA7424ED}.Release|x64.ActiveCfg = Release|x64
		{D9D2065A-6136-4476-8EBD-AC44DA7424ED}.Release|x64.Build.0 = Release|x64
		{D9D2065A-6136-4476-8EBD-AC44DA7424ED}.Release|x64.Deploy.0 = Release|x64
		{D9D2065A-6136-4476-8EBD-AC44DA7424ED}.Release|x86.ActiveCfg = Release|x86
		{D9D2065A-6136-4476-8EBD-AC44DA7424ED}.Release|x86.Build.0 = Release|x86
		{D9D2065A-6136-4476-8EBD-AC44DA7424ED}.Release|x86.Deploy.0 = Release|x86
		{C2CD8743-90A5-4FBD-91CF-CE5C2F636B36}.Ad-Hoc|Any CPU.ActiveCfg = Debug|Any CPU
		{C2CD8743-90A5-4FBD-91CF-CE5C2F636B36}.Ad-Hoc|Any CPU.Build.0 = Debug|Any CPU
		{C2CD8743-90A5-4FBD-91CF-CE5C2F636B36}.Ad-Hoc|Any CPU.Deploy.0 = Debug|Any CPU
		{C2CD8743-90A5-4FBD-91CF-CE5C2F636B36}.Ad-Hoc|ARM.ActiveCfg = Debug|Any CPU
		{C2CD8743-90A5-4FBD-91CF-CE5C2F636B36}.Ad-Hoc|ARM.Build.0 = Debug|Any CPU
		{C2CD8743-90A5-4FBD-91CF-CE5C2F636B36}.Ad-Hoc|ARM.Deploy.0 = Debug|Any CPU
		{C2CD8743-90A5-4FBD-91CF-CE5C2F636B36}.Ad-Hoc|iPhone.ActiveCfg = Debug|Any CPU
		{C2CD8743-90A5-4FBD-91CF-CE5C2F636B36}.Ad-Hoc|iPhone.Build.0 = Debug|Any CPU
		{C2CD8743-90A5-4FBD-91CF-CE5C2F636B36}.Ad-Hoc|iPhone.Deploy.0 = Debug|Any CPU
		{C2CD8743-90A5-4FBD-91CF-CE5C2F636B36}.Ad-Hoc|iPhoneSimulator.ActiveCfg = Debug|Any CPU
		{C2CD8743-90A5-4FBD-91CF-CE5C2F636B36}.Ad-Hoc|iPhoneSimulator.Build.0 = Debug|Any CPU
		{C2CD8743-90A5-4FBD-91CF-CE5C2F636B36}.Ad-Hoc|iPhoneSimulator.Deploy.0 = Debug|Any CPU
		{C2CD8743-90A5-4FBD-91CF-CE5C2F636B36}.Ad-Hoc|x64.ActiveCfg = Debug|Any CPU
		{C2CD8743-90A5-4FBD-91CF-CE5C2F636B36}.Ad-Hoc|x64.Build.0 = Debug|Any CPU
		{C2CD8743-90A5-4FBD-91CF-CE5C2F636B36}.Ad-Hoc|x64.Deploy.0 = Debug|Any CPU
		{C2CD8743-90A5-4FBD-91CF-CE5C2F636B36}.Ad-Hoc|x86.ActiveCfg = Debug|Any CPU
		{C2CD8743-90A5-4FBD-91CF-CE5C2F636B36}.Ad-Hoc|x86.Build.0 = Debug|Any CPU
		{C2CD8743-90A5-4FBD-91CF-CE5C2F636B36}.Ad-Hoc|x86.Deploy.0 = Debug|Any CPU
		{C2CD8743-90A5-4FBD-91CF-CE5C2F636B36}.AppStore|Any CPU.ActiveCfg = Debug|Any CPU
		{C2CD8743-90A5-4FBD-91CF-CE5C2F636B36}.AppStore|Any CPU.Build.0 = Debug|Any CPU
		{C2CD8743-90A5-4FBD-91CF-CE5C2F636B36}.AppStore|Any CPU.Deploy.0 = Debug|Any CPU
		{C2CD8743-90A5-4FBD-91CF-CE5C2F636B36}.AppStore|ARM.ActiveCfg = Debug|Any CPU
		{C2CD8743-90A5-4FBD-91CF-CE5C2F636B36}.AppStore|ARM.Build.0 = Debug|Any CPU
		{C2CD8743-90A5-4FBD-91CF-CE5C2F636B36}.AppStore|ARM.Deploy.0 = Debug|Any CPU
		{C2CD8743-90A5-4FBD-91CF-CE5C2F636B36}.AppStore|iPhone.ActiveCfg = Debug|Any CPU
		{C2CD8743-90A5-4FBD-91CF-CE5C2F636B36}.AppStore|iPhone.Build.0 = Debug|Any CPU
		{C2CD8743-90A5-4FBD-91CF-CE5C2F636B36}.AppStore|iPhone.Deploy.0 = Debug|Any CPU
		{C2CD8743-90A5-4FBD-91CF-CE5C2F636B36}.AppStore|iPhoneSimulator.ActiveCfg = Debug|Any CPU
		{C2CD8743-90A5-4FBD-91CF-CE5C2F636B36}.AppStore|iPhoneSimulator.Build.0 = Debug|Any CPU
		{C2CD8743-90A5-4FBD-91CF-CE5C2F636B36}.AppStore|iPhoneSimulator.Deploy.0 = Debug|Any CPU
		{C2CD8743-90A5-4FBD-91CF-CE5C2F636B36}.AppStore|x64.ActiveCfg = Debug|Any CPU
		{C2CD8743-90A5-4FBD-91CF-CE5C2F636B36}.AppStore|x64.Build.0 = Debug|Any CPU
		{C2CD8743-90A5-4FBD-91CF-CE5C2F636B36}.AppStore|x64.Deploy.0 = Debug|Any CPU
		{C2CD8743-90A5-4FBD-91CF-CE5C2F636B36}.AppStore|x86.ActiveCfg = Debug|Any CPU
		{C2CD8743-90A5-4FBD-91CF-CE5C2F636B36}.AppStore|x86.Build.0 = Debug|Any CPU
		{C2CD8743-90A5-4FBD-91CF-CE5C2F636B36}.AppStore|x86.Deploy.0 = Debug|Any CPU
		{C2CD8743-90A5-4FBD-91CF-CE5C2F636B36}.Debug|Any CPU.ActiveCfg = Debug|Any CPU
		{C2CD8743-90A5-4FBD-91CF-CE5C2F636B36}.Debug|Any CPU.Build.0 = Debug|Any CPU
		{C2CD8743-90A5-4FBD-91CF-CE5C2F636B36}.Debug|Any CPU.Deploy.0 = Debug|Any CPU
		{C2CD8743-90A5-4FBD-91CF-CE5C2F636B36}.Debug|ARM.ActiveCfg = Debug|Any CPU
		{C2CD8743-90A5-4FBD-91CF-CE5C2F636B36}.Debug|ARM.Build.0 = Debug|Any CPU
		{C2CD8743-90A5-4FBD-91CF-CE5C2F636B36}.Debug|ARM.Deploy.0 = Debug|Any CPU
		{C2CD8743-90A5-4FBD-91CF-CE5C2F636B36}.Debug|iPhone.ActiveCfg = Debug|Any CPU
		{C2CD8743-90A5-4FBD-91CF-CE5C2F636B36}.Debug|iPhone.Build.0 = Debug|Any CPU
		{C2CD8743-90A5-4FBD-91CF-CE5C2F636B36}.Debug|iPhone.Deploy.0 = Debug|Any CPU
		{C2CD8743-90A5-4FBD-91CF-CE5C2F636B36}.Debug|iPhoneSimulator.ActiveCfg = Debug|Any CPU
		{C2CD8743-90A5-4FBD-91CF-CE5C2F636B36}.Debug|iPhoneSimulator.Build.0 = Debug|Any CPU
		{C2CD8743-90A5-4FBD-91CF-CE5C2F636B36}.Debug|iPhoneSimulator.Deploy.0 = Debug|Any CPU
		{C2CD8743-90A5-4FBD-91CF-CE5C2F636B36}.Debug|x64.ActiveCfg = Debug|Any CPU
		{C2CD8743-90A5-4FBD-91CF-CE5C2F636B36}.Debug|x64.Build.0 = Debug|Any CPU
		{C2CD8743-90A5-4FBD-91CF-CE5C2F636B36}.Debug|x64.Deploy.0 = Debug|Any CPU
		{C2CD8743-90A5-4FBD-91CF-CE5C2F636B36}.Debug|x86.ActiveCfg = Debug|Any CPU
		{C2CD8743-90A5-4FBD-91CF-CE5C2F636B36}.Debug|x86.Build.0 = Debug|Any CPU
		{C2CD8743-90A5-4FBD-91CF-CE5C2F636B36}.Debug|x86.Deploy.0 = Debug|Any CPU
		{C2CD8743-90A5-4FBD-91CF-CE5C2F636B36}.Release|Any CPU.ActiveCfg = Release|Any CPU
		{C2CD8743-90A5-4FBD-91CF-CE5C2F636B36}.Release|Any CPU.Build.0 = Release|Any CPU
		{C2CD8743-90A5-4FBD-91CF-CE5C2F636B36}.Release|Any CPU.Deploy.0 = Release|Any CPU
		{C2CD8743-90A5-4FBD-91CF-CE5C2F636B36}.Release|ARM.ActiveCfg = Release|Any CPU
		{C2CD8743-90A5-4FBD-91CF-CE5C2F636B36}.Release|ARM.Build.0 = Release|Any CPU
		{C2CD8743-90A5-4FBD-91CF-CE5C2F636B36}.Release|ARM.Deploy.0 = Release|Any CPU
		{C2CD8743-90A5-4FBD-91CF-CE5C2F636B36}.Release|iPhone.ActiveCfg = Release|Any CPU
		{C2CD8743-90A5-4FBD-91CF-CE5C2F636B36}.Release|iPhone.Build.0 = Release|Any CPU
		{C2CD8743-90A5-4FBD-91CF-CE5C2F636B36}.Release|iPhone.Deploy.0 = Release|Any CPU
		{C2CD8743-90A5-4FBD-91CF-CE5C2F636B36}.Release|iPhoneSimulator.ActiveCfg = Release|Any CPU
		{C2CD8743-90A5-4FBD-91CF-CE5C2F636B36}.Release|iPhoneSimulator.Build.0 = Release|Any CPU
		{C2CD8743-90A5-4FBD-91CF-CE5C2F636B36}.Release|iPhoneSimulator.Deploy.0 = Release|Any CPU
		{C2CD8743-90A5-4FBD-91CF-CE5C2F636B36}.Release|x64.ActiveCfg = Release|Any CPU
		{C2CD8743-90A5-4FBD-91CF-CE5C2F636B36}.Release|x64.Build.0 = Release|Any CPU
		{C2CD8743-90A5-4FBD-91CF-CE5C2F636B36}.Release|x64.Deploy.0 = Release|Any CPU
		{C2CD8743-90A5-4FBD-91CF-CE5C2F636B36}.Release|x86.ActiveCfg = Release|Any CPU
		{C2CD8743-90A5-4FBD-91CF-CE5C2F636B36}.Release|x86.Build.0 = Release|Any CPU
		{C2CD8743-90A5-4FBD-91CF-CE5C2F636B36}.Release|x86.Deploy.0 = Release|Any CPU
	EndGlobalSection
	GlobalSection(SolutionProperties) = preSolution
		HideSolutionNode = FALSE
	EndGlobalSection
	GlobalSection(ExtensibilityGlobals) = postSolution
		SolutionGuid = {489ACF94-61E2-4E8C-B026-469B3E3716D8}
	EndGlobalSection
EndGlobal
