
Microsoft Visual Studio Solution File, Format Version 12.00
# Visual Studio 15
VisualStudioVersion = 15.0.27428.2037
MinimumVisualStudioVersion = 10.0.40219.1
Project("{FAE04EC0-301F-11D3-BF4B-00C04F79EFBC}") = "App01_ConsultarCEP.Android", "App01_ConsultarCEP\App01_ConsultarCEP.Android\App01_ConsultarCEP.Android.csproj", "{36A43BD2-0AEF-4C70-BFA6-0A500CDB5C04}"
EndProject
Project("{FAE04EC0-301F-11D3-BF4B-00C04F79EFBC}") = "App01_ConsultarCEP.iOS", "App01_ConsultarCEP\App01_ConsultarCEP.iOS\App01_ConsultarCEP.iOS.csproj", "{E8C615A3-00AD-4F49-BD36-B9E75137649F}"
EndProject
Project("{FAE04EC0-301F-11D3-BF4B-00C04F79EFBC}") = "App01_ConsultarCEP.UWP", "App01_ConsultarCEP\App01_ConsultarCEP.UWP\App01_ConsultarCEP.UWP.csproj", "{68DC7DAF-5EC9-46EE-8C91-184B2075C0A1}"
EndProject
Project("{FAE04EC0-301F-11D3-BF4B-00C04F79EFBC}") = "App01_ConsultarCEP", "App01_ConsultarCEP\App01_ConsultarCEP\App01_ConsultarCEP.csproj", "{A1404823-8711-4403-AE84-8C17D9B2E1FF}"
EndProject
Global
	GlobalSection(SolutionConfigurationPlatforms) = preSolution
		Ad-Hoc|Any CPU = Ad-Hoc|Any CPU
		Ad-Hoc|ARM = Ad-Hoc|ARM
		Ad-Hoc|iPhone = Ad-Hoc|iPhone
		Ad-Hoc|iPhoneSimulator = Ad-Hoc|iPhoneSimulator
		Ad-Hoc|x64 = Ad-Hoc|x64
		Ad-Hoc|x86 = Ad-Hoc|x86
		AppStore|Any CPU = AppStore|Any CPU
		AppStore|ARM = AppStore|ARM
		AppStore|iPhone = AppStore|iPhone
		AppStore|iPhoneSimulator = AppStore|iPhoneSimulator
		AppStore|x64 = AppStore|x64
		AppStore|x86 = AppStore|x86
		Debug|Any CPU = Debug|Any CPU
		Debug|ARM = Debug|ARM
		Debug|iPhone = Debug|iPhone
		Debug|iPhoneSimulator = Debug|iPhoneSimulator
		Debug|x64 = Debug|x64
		Debug|x86 = Debug|x86
		Release|Any CPU = Release|Any CPU
		Release|ARM = Release|ARM
		Release|iPhone = Release|iPhone
		Release|iPhoneSimulator = Release|iPhoneSimulator
		Release|x64 = Release|x64
		Release|x86 = Release|x86
	EndGlobalSection
	GlobalSection(ProjectConfigurationPlatforms) = postSolution
		{36A43BD2-0AEF-4C70-BFA6-0A500CDB5C04}.Ad-Hoc|Any CPU.ActiveCfg = Release|Any CPU
		{36A43BD2-0AEF-4C70-BFA6-0A500CDB5C04}.Ad-Hoc|Any CPU.Build.0 = Release|Any CPU
		{36A43BD2-0AEF-4C70-BFA6-0A500CDB5C04}.Ad-Hoc|Any CPU.Deploy.0 = Release|Any CPU
		{36A43BD2-0AEF-4C70-BFA6-0A500CDB5C04}.Ad-Hoc|ARM.ActiveCfg = Release|Any CPU
		{36A43BD2-0AEF-4C70-BFA6-0A500CDB5C04}.Ad-Hoc|ARM.Build.0 = Release|Any CPU
		{36A43BD2-0AEF-4C70-BFA6-0A500CDB5C04}.Ad-Hoc|ARM.Deploy.0 = Release|Any CPU
		{36A43BD2-0AEF-4C70-BFA6-0A500CDB5C04}.Ad-Hoc|iPhone.ActiveCfg = Release|Any CPU
		{36A43BD2-0AEF-4C70-BFA6-0A500CDB5C04}.Ad-Hoc|iPhone.Build.0 = Release|Any CPU
		{36A43BD2-0AEF-4C70-BFA6-0A500CDB5C04}.Ad-Hoc|iPhone.Deploy.0 = Release|Any CPU
		{36A43BD2-0AEF-4C70-BFA6-0A500CDB5C04}.Ad-Hoc|iPhoneSimulator.ActiveCfg = Release|Any CPU
		{36A43BD2-0AEF-4C70-BFA6-0A500CDB5C04}.Ad-Hoc|iPhoneSimulator.Build.0 = Release|Any CPU
		{36A43BD2-0AEF-4C70-BFA6-0A500CDB5C04}.Ad-Hoc|iPhoneSimulator.Deploy.0 = Release|Any CPU
		{36A43BD2-0AEF-4C70-BFA6-0A500CDB5C04}.Ad-Hoc|x64.ActiveCfg = Release|Any CPU
		{36A43BD2-0AEF-4C70-BFA6-0A500CDB5C04}.Ad-Hoc|x64.Build.0 = Release|Any CPU
		{36A43BD2-0AEF-4C70-BFA6-0A500CDB5C04}.Ad-Hoc|x64.Deploy.0 = Release|Any CPU
		{36A43BD2-0AEF-4C70-BFA6-0A500CDB5C04}.Ad-Hoc|x86.ActiveCfg = Release|Any CPU
		{36A43BD2-0AEF-4C70-BFA6-0A500CDB5C04}.Ad-Hoc|x86.Build.0 = Release|Any CPU
		{36A43BD2-0AEF-4C70-BFA6-0A500CDB5C04}.Ad-Hoc|x86.Deploy.0 = Release|Any CPU
		{36A43BD2-0AEF-4C70-BFA6-0A500CDB5C04}.AppStore|Any CPU.ActiveCfg = Release|Any CPU
		{36A43BD2-0AEF-4C70-BFA6-0A500CDB5C04}.AppStore|Any CPU.Build.0 = Release|Any CPU
		{36A43BD2-0AEF-4C70-BFA6-0A500CDB5C04}.AppStore|Any CPU.Deploy.0 = Release|Any CPU
		{36A43BD2-0AEF-4C70-BFA6-0A500CDB5C04}.AppStore|ARM.ActiveCfg = Release|Any CPU
		{36A43BD2-0AEF-4C70-BFA6-0A500CDB5C04}.AppStore|ARM.Build.0 = Release|Any CPU
		{36A43BD2-0AEF-4C70-BFA6-0A500CDB5C04}.AppStore|ARM.Deploy.0 = Release|Any CPU
		{36A43BD2-0AEF-4C70-BFA6-0A500CDB5C04}.AppStore|iPhone.ActiveCfg = Release|Any CPU
		{36A43BD2-0AEF-4C70-BFA6-0A500CDB5C04}.AppStore|iPhone.Build.0 = Release|Any CPU
		{36A43BD2-0AEF-4C70-BFA6-0A500CDB5C04}.AppStore|iPhone.Deploy.0 = Release|Any CPU
		{36A43BD2-0AEF-4C70-BFA6-0A500CDB5C04}.AppStore|iPhoneSimulator.ActiveCfg = Release|Any CPU
		{36A43BD2-0AEF-4C70-BFA6-0A500CDB5C04}.AppStore|iPhoneSimulator.Build.0 = Release|Any CPU
		{36A43BD2-0AEF-4C70-BFA6-0A500CDB5C04}.AppStore|iPhoneSimulator.Deploy.0 = Release|Any CPU
		{36A43BD2-0AEF-4C70-BFA6-0A500CDB5C04}.AppStore|x64.ActiveCfg = Release|Any CPU
		{36A43BD2-0AEF-4C70-BFA6-0A500CDB5C04}.AppStore|x64.Build.0 = Release|Any CPU
		{36A43BD2-0AEF-4C70-BFA6-0A500CDB5C04}.AppStore|x64.Deploy.0 = Release|Any CPU
		{36A43BD2-0AEF-4C70-BFA6-0A500CDB5C04}.AppStore|x86.ActiveCfg = Release|Any CPU
		{36A43BD2-0AEF-4C70-BFA6-0A500CDB5C04}.AppStore|x86.Build.0 = Release|Any CPU
		{36A43BD2-0AEF-4C70-BFA6-0A500CDB5C04}.AppStore|x86.Deploy.0 = Release|Any CPU
		{36A43BD2-0AEF-4C70-BFA6-0A500CDB5C04}.Debug|Any CPU.ActiveCfg = Debug|Any CPU
		{36A43BD2-0AEF-4C70-BFA6-0A500CDB5C04}.Debug|Any CPU.Build.0 = Debug|Any CPU
		{36A43BD2-0AEF-4C70-BFA6-0A500CDB5C04}.Debug|Any CPU.Deploy.0 = Debug|Any CPU
		{36A43BD2-0AEF-4C70-BFA6-0A500CDB5C04}.Debug|ARM.ActiveCfg = Debug|Any CPU
		{36A43BD2-0AEF-4C70-BFA6-0A500CDB5C04}.Debug|ARM.Build.0 = Debug|Any CPU
		{36A43BD2-0AEF-4C70-BFA6-0A500CDB5C04}.Debug|ARM.Deploy.0 = Debug|Any CPU
		{36A43BD2-0AEF-4C70-BFA6-0A500CDB5C04}.Debug|iPhone.ActiveCfg = Debug|Any CPU
		{36A43BD2-0AEF-4C70-BFA6-0A500CDB5C04}.Debug|iPhone.Build.0 = Debug|Any CPU
		{36A43BD2-0AEF-4C70-BFA6-0A500CDB5C04}.Debug|iPhone.Deploy.0 = Debug|Any CPU
		{36A43BD2-0AEF-4C70-BFA6-0A500CDB5C04}.Debug|iPhoneSimulator.ActiveCfg = Debug|Any CPU
		{36A43BD2-0AEF-4C70-BFA6-0A500CDB5C04}.Debug|iPhoneSimulator.Build.0 = Debug|Any CPU
		{36A43BD2-0AEF-4C70-BFA6-0A500CDB5C04}.Debug|iPhoneSimulator.Deploy.0 = Debug|Any CPU
		{36A43BD2-0AEF-4C70-BFA6-0A500CDB5C04}.Debug|x64.ActiveCfg = Debug|Any CPU
		{36A43BD2-0AEF-4C70-BFA6-0A500CDB5C04}.Debug|x64.Build.0 = Debug|Any CPU
		{36A43BD2-0AEF-4C70-BFA6-0A500CDB5C04}.Debug|x64.Deploy.0 = Debug|Any CPU
		{36A43BD2-0AEF-4C70-BFA6-0A500CDB5C04}.Debug|x86.ActiveCfg = Debug|Any CPU
		{36A43BD2-0AEF-4C70-BFA6-0A500CDB5C04}.Debug|x86.Build.0 = Debug|Any CPU
		{36A43BD2-0AEF-4C70-BFA6-0A500CDB5C04}.Debug|x86.Deploy.0 = Debug|Any CPU
		{36A43BD2-0AEF-4C70-BFA6-0A500CDB5C04}.Release|Any CPU.ActiveCfg = Release|Any CPU
		{36A43BD2-0AEF-4C70-BFA6-0A500CDB5C04}.Release|Any CPU.Build.0 = Release|Any CPU
		{36A43BD2-0AEF-4C70-BFA6-0A500CDB5C04}.Release|Any CPU.Deploy.0 = Release|Any CPU
		{36A43BD2-0AEF-4C70-BFA6-0A500CDB5C04}.Release|ARM.ActiveCfg = Release|Any CPU
		{36A43BD2-0AEF-4C70-BFA6-0A500CDB5C04}.Release|ARM.Build.0 = Release|Any CPU
		{36A43BD2-0AEF-4C70-BFA6-0A500CDB5C04}.Release|ARM.Deploy.0 = Release|Any CPU
		{36A43BD2-0AEF-4C70-BFA6-0A500CDB5C04}.Release|iPhone.ActiveCfg = Release|Any CPU
		{36A43BD2-0AEF-4C70-BFA6-0A500CDB5C04}.Release|iPhone.Build.0 = Release|Any CPU
		{36A43BD2-0AEF-4C70-BFA6-0A500CDB5C04}.Release|iPhone.Deploy.0 = Release|Any CPU
		{36A43BD2-0AEF-4C70-BFA6-0A500CDB5C04}.Release|iPhoneSimulator.ActiveCfg = Release|Any CPU
		{36A43BD2-0AEF-4C70-BFA6-0A500CDB5C04}.Release|iPhoneSimulator.Build.0 = Release|Any CPU
		{36A43BD2-0AEF-4C70-BFA6-0A500CDB5C04}.Release|iPhoneSimulator.Deploy.0 = Release|Any CPU
		{36A43BD2-0AEF-4C70-BFA6-0A500CDB5C04}.Release|x64.ActiveCfg = Release|Any CPU
		{36A43BD2-0AEF-4C70-BFA6-0A500CDB5C04}.Release|x64.Build.0 = Release|Any CPU
		{36A43BD2-0AEF-4C70-BFA6-0A500CDB5C04}.Release|x64.Deploy.0 = Release|Any CPU
		{36A43BD2-0AEF-4C70-BFA6-0A500CDB5C04}.Release|x86.ActiveCfg = Release|Any CPU
		{36A43BD2-0AEF-4C70-BFA6-0A500CDB5C04}.Release|x86.Build.0 = Release|Any CPU
		{36A43BD2-0AEF-4C70-BFA6-0A500CDB5C04}.Release|x86.Deploy.0 = Release|Any CPU
		{E8C615A3-00AD-4F49-BD36-B9E75137649F}.Ad-Hoc|Any CPU.ActiveCfg = Ad-Hoc|iPhone
		{E8C615A3-00AD-4F49-BD36-B9E75137649F}.Ad-Hoc|ARM.ActiveCfg = Ad-Hoc|iPhone
		{E8C615A3-00AD-4F49-BD36-B9E75137649F}.Ad-Hoc|iPhone.ActiveCfg = Ad-Hoc|iPhone
		{E8C615A3-00AD-4F49-BD36-B9E75137649F}.Ad-Hoc|iPhone.Build.0 = Ad-Hoc|iPhone
		{E8C615A3-00AD-4F49-BD36-B9E75137649F}.Ad-Hoc|iPhoneSimulator.ActiveCfg = Ad-Hoc|iPhoneSimulator
		{E8C615A3-00AD-4F49-BD36-B9E75137649F}.Ad-Hoc|iPhoneSimulator.Build.0 = Ad-Hoc|iPhoneSimulator
		{E8C615A3-00AD-4F49-BD36-B9E75137649F}.Ad-Hoc|x64.ActiveCfg = Ad-Hoc|iPhone
		{E8C615A3-00AD-4F49-BD36-B9E75137649F}.Ad-Hoc|x86.ActiveCfg = Ad-Hoc|iPhone
		{E8C615A3-00AD-4F49-BD36-B9E75137649F}.AppStore|Any CPU.ActiveCfg = AppStore|iPhone
		{E8C615A3-00AD-4F49-BD36-B9E75137649F}.AppStore|ARM.ActiveCfg = AppStore|iPhone
		{E8C615A3-00AD-4F49-BD36-B9E75137649F}.AppStore|iPhone.ActiveCfg = AppStore|iPhone
		{E8C615A3-00AD-4F49-BD36-B9E75137649F}.AppStore|iPhone.Build.0 = AppStore|iPhone
		{E8C615A3-00AD-4F49-BD36-B9E75137649F}.AppStore|iPhoneSimulator.ActiveCfg = AppStore|iPhoneSimulator
		{E8C615A3-00AD-4F49-BD36-B9E75137649F}.AppStore|iPhoneSimulator.Build.0 = AppStore|iPhoneSimulator
		{E8C615A3-00AD-4F49-BD36-B9E75137649F}.AppStore|x64.ActiveCfg = AppStore|iPhone
		{E8C615A3-00AD-4F49-BD36-B9E75137649F}.AppStore|x86.ActiveCfg = AppStore|iPhone
		{E8C615A3-00AD-4F49-BD36-B9E75137649F}.Debug|Any CPU.ActiveCfg = Debug|iPhone
		{E8C615A3-00AD-4F49-BD36-B9E75137649F}.Debug|ARM.ActiveCfg = Debug|iPhone
		{E8C615A3-00AD-4F49-BD36-B9E75137649F}.Debug|iPhone.ActiveCfg = Debug|iPhone
		{E8C615A3-00AD-4F49-BD36-B9E75137649F}.Debug|iPhone.Build.0 = Debug|iPhone
		{E8C615A3-00AD-4F49-BD36-B9E75137649F}.Debug|iPhoneSimulator.ActiveCfg = Debug|iPhoneSimulator
		{E8C615A3-00AD-4F49-BD36-B9E75137649F}.Debug|iPhoneSimulator.Build.0 = Debug|iPhoneSimulator
		{E8C615A3-00AD-4F49-BD36-B9E75137649F}.Debug|x64.ActiveCfg = Debug|iPhone
		{E8C615A3-00AD-4F49-BD36-B9E75137649F}.Debug|x86.ActiveCfg = Debug|iPhone
		{E8C615A3-00AD-4F49-BD36-B9E75137649F}.Release|Any CPU.ActiveCfg = Release|iPhone
		{E8C615A3-00AD-4F49-BD36-B9E75137649F}.Release|ARM.ActiveCfg = Release|iPhone
		{E8C615A3-00AD-4F49-BD36-B9E75137649F}.Release|iPhone.ActiveCfg = Release|iPhone
		{E8C615A3-00AD-4F49-BD36-B9E75137649F}.Release|iPhone.Build.0 = Release|iPhone
		{E8C615A3-00AD-4F49-BD36-B9E75137649F}.Release|iPhoneSimulator.ActiveCfg = Release|iPhoneSimulator
		{E8C615A3-00AD-4F49-BD36-B9E75137649F}.Release|iPhoneSimulator.Build.0 = Release|iPhoneSimulator
		{E8C615A3-00AD-4F49-BD36-B9E75137649F}.Release|x64.ActiveCfg = Release|iPhone
		{E8C615A3-00AD-4F49-BD36-B9E75137649F}.Release|x86.ActiveCfg = Release|iPhone
		{68DC7DAF-5EC9-46EE-8C91-184B2075C0A1}.Ad-Hoc|Any CPU.ActiveCfg = Release|x86
		{68DC7DAF-5EC9-46EE-8C91-184B2075C0A1}.Ad-Hoc|Any CPU.Build.0 = Release|x86
		{68DC7DAF-5EC9-46EE-8C91-184B2075C0A1}.Ad-Hoc|Any CPU.Deploy.0 = Release|x86
		{68DC7DAF-5EC9-46EE-8C91-184B2075C0A1}.Ad-Hoc|ARM.ActiveCfg = Release|ARM
		{68DC7DAF-5EC9-46EE-8C91-184B2075C0A1}.Ad-Hoc|ARM.Build.0 = Release|ARM
		{68DC7DAF-5EC9-46EE-8C91-184B2075C0A1}.Ad-Hoc|ARM.Deploy.0 = Release|ARM
		{68DC7DAF-5EC9-46EE-8C91-184B2075C0A1}.Ad-Hoc|iPhone.ActiveCfg = Release|x86
		{68DC7DAF-5EC9-46EE-8C91-184B2075C0A1}.Ad-Hoc|iPhone.Build.0 = Release|x86
		{68DC7DAF-5EC9-46EE-8C91-184B2075C0A1}.Ad-Hoc|iPhone.Deploy.0 = Release|x86
		{68DC7DAF-5EC9-46EE-8C91-184B2075C0A1}.Ad-Hoc|iPhoneSimulator.ActiveCfg = Release|x86
		{68DC7DAF-5EC9-46EE-8C91-184B2075C0A1}.Ad-Hoc|iPhoneSimulator.Build.0 = Release|x86
		{68DC7DAF-5EC9-46EE-8C91-184B2075C0A1}.Ad-Hoc|iPhoneSimulator.Deploy.0 = Release|x86
		{68DC7DAF-5EC9-46EE-8C91-184B2075C0A1}.Ad-Hoc|x64.ActiveCfg = Release|x64
		{68DC7DAF-5EC9-46EE-8C91-184B2075C0A1}.Ad-Hoc|x64.Build.0 = Release|x64
		{68DC7DAF-5EC9-46EE-8C91-184B2075C0A1}.Ad-Hoc|x64.Deploy.0 = Release|x64
		{68DC7DAF-5EC9-46EE-8C91-184B2075C0A1}.Ad-Hoc|x86.ActiveCfg = Release|x86
		{68DC7DAF-5EC9-46EE-8C91-184B2075C0A1}.Ad-Hoc|x86.Build.0 = Release|x86
		{68DC7DAF-5EC9-46EE-8C91-184B2075C0A1}.Ad-Hoc|x86.Deploy.0 = Release|x86
		{68DC7DAF-5EC9-46EE-8C91-184B2075C0A1}.AppStore|Any CPU.ActiveCfg = Release|x86
		{68DC7DAF-5EC9-46EE-8C91-184B2075C0A1}.AppStore|Any CPU.Build.0 = Release|x86
		{68DC7DAF-5EC9-46EE-8C91-184B2075C0A1}.AppStore|Any CPU.Deploy.0 = Release|x86
		{68DC7DAF-5EC9-46EE-8C91-184B2075C0A1}.AppStore|ARM.ActiveCfg = Release|ARM
		{68DC7DAF-5EC9-46EE-8C91-184B2075C0A1}.AppStore|ARM.Build.0 = Release|ARM
		{68DC7DAF-5EC9-46EE-8C91-184B2075C0A1}.AppStore|ARM.Deploy.0 = Release|ARM
		{68DC7DAF-5EC9-46EE-8C91-184B2075C0A1}.AppStore|iPhone.ActiveCfg = Release|x86
		{68DC7DAF-5EC9-46EE-8C91-184B2075C0A1}.AppStore|iPhone.Build.0 = Release|x86
		{68DC7DAF-5EC9-46EE-8C91-184B2075C0A1}.AppStore|iPhone.Deploy.0 = Release|x86
		{68DC7DAF-5EC9-46EE-8C91-184B2075C0A1}.AppStore|iPhoneSimulator.ActiveCfg = Release|x86
		{68DC7DAF-5EC9-46EE-8C91-184B2075C0A1}.AppStore|iPhoneSimulator.Build.0 = Release|x86
		{68DC7DAF-5EC9-46EE-8C91-184B2075C0A1}.AppStore|iPhoneSimulator.Deploy.0 = Release|x86
		{68DC7DAF-5EC9-46EE-8C91-184B2075C0A1}.AppStore|x64.ActiveCfg = Release|x64
		{68DC7DAF-5EC9-46EE-8C91-184B2075C0A1}.AppStore|x64.Build.0 = Release|x64
		{68DC7DAF-5EC9-46EE-8C91-184B2075C0A1}.AppStore|x64.Deploy.0 = Release|x64
		{68DC7DAF-5EC9-46EE-8C91-184B2075C0A1}.AppStore|x86.ActiveCfg = Release|x86
		{68DC7DAF-5EC9-46EE-8C91-184B2075C0A1}.AppStore|x86.Build.0 = Release|x86
		{68DC7DAF-5EC9-46EE-8C91-184B2075C0A1}.AppStore|x86.Deploy.0 = Release|x86
		{68DC7DAF-5EC9-46EE-8C91-184B2075C0A1}.Debug|Any CPU.ActiveCfg = Debug|x86
		{68DC7DAF-5EC9-46EE-8C91-184B2075C0A1}.Debug|ARM.ActiveCfg = Debug|ARM
		{68DC7DAF-5EC9-46EE-8C91-184B2075C0A1}.Debug|ARM.Build.0 = Debug|ARM
		{68DC7DAF-5EC9-46EE-8C91-184B2075C0A1}.Debug|ARM.Deploy.0 = Debug|ARM
		{68DC7DAF-5EC9-46EE-8C91-184B2075C0A1}.Debug|iPhone.ActiveCfg = Debug|x86
		{68DC7DAF-5EC9-46EE-8C91-184B2075C0A1}.Debug|iPhoneSimulator.ActiveCfg = Debug|x86
		{68DC7DAF-5EC9-46EE-8C91-184B2075C0A1}.Debug|x64.ActiveCfg = Debug|x64
		{68DC7DAF-5EC9-46EE-8C91-184B2075C0A1}.Debug|x64.Build.0 = Debug|x64
		{68DC7DAF-5EC9-46EE-8C91-184B2075C0A1}.Debug|x64.Deploy.0 = Debug|x64
		{68DC7DAF-5EC9-46EE-8C91-184B2075C0A1}.Debug|x86.ActiveCfg = Debug|x86
		{68DC7DAF-5EC9-46EE-8C91-184B2075C0A1}.Debug|x86.Build.0 = Debug|x86
		{68DC7DAF-5EC9-46EE-8C91-184B2075C0A1}.Debug|x86.Deploy.0 = Debug|x86
		{68DC7DAF-5EC9-46EE-8C91-184B2075C0A1}.Release|Any CPU.ActiveCfg = Release|x86
		{68DC7DAF-5EC9-46EE-8C91-184B2075C0A1}.Release|ARM.ActiveCfg = Release|ARM
		{68DC7DAF-5EC9-46EE-8C91-184B2075C0A1}.Release|ARM.Build.0 = Release|ARM
		{68DC7DAF-5EC9-46EE-8C91-184B2075C0A1}.Release|ARM.Deploy.0 = Release|ARM
		{68DC7DAF-5EC9-46EE-8C91-184B2075C0A1}.Release|iPhone.ActiveCfg = Release|x86
		{68DC7DAF-5EC9-46EE-8C91-184B2075C0A1}.Release|iPhoneSimulator.ActiveCfg = Release|x86
		{68DC7DAF-5EC9-46EE-8C91-184B2075C0A1}.Release|x64.ActiveCfg = Release|x64
		{68DC7DAF-5EC9-46EE-8C91-184B2075C0A1}.Release|x64.Build.0 = Release|x64
		{68DC7DAF-5EC9-46EE-8C91-184B2075C0A1}.Release|x64.Deploy.0 = Release|x64
		{68DC7DAF-5EC9-46EE-8C91-184B2075C0A1}.Release|x86.ActiveCfg = Release|x86
		{68DC7DAF-5EC9-46EE-8C91-184B2075C0A1}.Release|x86.Build.0 = Release|x86
		{68DC7DAF-5EC9-46EE-8C91-184B2075C0A1}.Release|x86.Deploy.0 = Release|x86
		{A1404823-8711-4403-AE84-8C17D9B2E1FF}.Ad-Hoc|Any CPU.ActiveCfg = Debug|Any CPU
		{A1404823-8711-4403-AE84-8C17D9B2E1FF}.Ad-Hoc|Any CPU.Build.0 = Debug|Any CPU
		{A1404823-8711-4403-AE84-8C17D9B2E1FF}.Ad-Hoc|ARM.ActiveCfg = Debug|Any CPU
		{A1404823-8711-4403-AE84-8C17D9B2E1FF}.Ad-Hoc|ARM.Build.0 = Debug|Any CPU
		{A1404823-8711-4403-AE84-8C17D9B2E1FF}.Ad-Hoc|iPhone.ActiveCfg = Debug|Any CPU
		{A1404823-8711-4403-AE84-8C17D9B2E1FF}.Ad-Hoc|iPhone.Build.0 = Debug|Any CPU
		{A1404823-8711-4403-AE84-8C17D9B2E1FF}.Ad-Hoc|iPhoneSimulator.ActiveCfg = Debug|Any CPU
		{A1404823-8711-4403-AE84-8C17D9B2E1FF}.Ad-Hoc|iPhoneSimulator.Build.0 = Debug|Any CPU
		{A1404823-8711-4403-AE84-8C17D9B2E1FF}.Ad-Hoc|x64.ActiveCfg = Debug|Any CPU
		{A1404823-8711-4403-AE84-8C17D9B2E1FF}.Ad-Hoc|x64.Build.0 = Debug|Any CPU
		{A1404823-8711-4403-AE84-8C17D9B2E1FF}.Ad-Hoc|x86.ActiveCfg = Debug|Any CPU
		{A1404823-8711-4403-AE84-8C17D9B2E1FF}.Ad-Hoc|x86.Build.0 = Debug|Any CPU
		{A1404823-8711-4403-AE84-8C17D9B2E1FF}.AppStore|Any CPU.ActiveCfg = Debug|Any CPU
		{A1404823-8711-4403-AE84-8C17D9B2E1FF}.AppStore|Any CPU.Build.0 = Debug|Any CPU
		{A1404823-8711-4403-AE84-8C17D9B2E1FF}.AppStore|ARM.ActiveCfg = Debug|Any CPU
		{A1404823-8711-4403-AE84-8C17D9B2E1FF}.AppStore|ARM.Build.0 = Debug|Any CPU
		{A1404823-8711-4403-AE84-8C17D9B2E1FF}.AppStore|iPhone.ActiveCfg = Debug|Any CPU
		{A1404823-8711-4403-AE84-8C17D9B2E1FF}.AppStore|iPhone.Build.0 = Debug|Any CPU
		{A1404823-8711-4403-AE84-8C17D9B2E1FF}.AppStore|iPhoneSimulator.ActiveCfg = Debug|Any CPU
		{A1404823-8711-4403-AE84-8C17D9B2E1FF}.AppStore|iPhoneSimulator.Build.0 = Debug|Any CPU
		{A1404823-8711-4403-AE84-8C17D9B2E1FF}.AppStore|x64.ActiveCfg = Debug|Any CPU
		{A1404823-8711-4403-AE84-8C17D9B2E1FF}.AppStore|x64.Build.0 = Debug|Any CPU
		{A1404823-8711-4403-AE84-8C17D9B2E1FF}.AppStore|x86.ActiveCfg = Debug|Any CPU
		{A1404823-8711-4403-AE84-8C17D9B2E1FF}.AppStore|x86.Build.0 = Debug|Any CPU
		{A1404823-8711-4403-AE84-8C17D9B2E1FF}.Debug|Any CPU.ActiveCfg = Debug|Any CPU
		{A1404823-8711-4403-AE84-8C17D9B2E1FF}.Debug|Any CPU.Build.0 = Debug|Any CPU
		{A1404823-8711-4403-AE84-8C17D9B2E1FF}.Debug|ARM.ActiveCfg = Debug|Any CPU
		{A1404823-8711-4403-AE84-8C17D9B2E1FF}.Debug|ARM.Build.0 = Debug|Any CPU
		{A1404823-8711-4403-AE84-8C17D9B2E1FF}.Debug|iPhone.ActiveCfg = Debug|Any CPU
		{A1404823-8711-4403-AE84-8C17D9B2E1FF}.Debug|iPhone.Build.0 = Debug|Any CPU
		{A1404823-8711-4403-AE84-8C17D9B2E1FF}.Debug|iPhoneSimulator.ActiveCfg = Debug|Any CPU
		{A1404823-8711-4403-AE84-8C17D9B2E1FF}.Debug|iPhoneSimulator.Build.0 = Debug|Any CPU
		{A1404823-8711-4403-AE84-8C17D9B2E1FF}.Debug|x64.ActiveCfg = Debug|Any CPU
		{A1404823-8711-4403-AE84-8C17D9B2E1FF}.Debug|x64.Build.0 = Debug|Any CPU
		{A1404823-8711-4403-AE84-8C17D9B2E1FF}.Debug|x86.ActiveCfg = Debug|Any CPU
		{A1404823-8711-4403-AE84-8C17D9B2E1FF}.Debug|x86.Build.0 = Debug|Any CPU
		{A1404823-8711-4403-AE84-8C17D9B2E1FF}.Release|Any CPU.ActiveCfg = Release|Any CPU
		{A1404823-8711-4403-AE84-8C17D9B2E1FF}.Release|Any CPU.Build.0 = Release|Any CPU
		{A1404823-8711-4403-AE84-8C17D9B2E1FF}.Release|ARM.ActiveCfg = Release|Any CPU
		{A1404823-8711-4403-AE84-8C17D9B2E1FF}.Release|ARM.Build.0 = Release|Any CPU
		{A1404823-8711-4403-AE84-8C17D9B2E1FF}.Release|iPhone.ActiveCfg = Release|Any CPU
		{A1404823-8711-4403-AE84-8C17D9B2E1FF}.Release|iPhone.Build.0 = Release|Any CPU
		{A1404823-8711-4403-AE84-8C17D9B2E1FF}.Release|iPhoneSimulator.ActiveCfg = Release|Any CPU
		{A1404823-8711-4403-AE84-8C17D9B2E1FF}.Release|iPhoneSimulator.Build.0 = Release|Any CPU
		{A1404823-8711-4403-AE84-8C17D9B2E1FF}.Release|x64.ActiveCfg = Release|Any CPU
		{A1404823-8711-4403-AE84-8C17D9B2E1FF}.Release|x64.Build.0 = Release|Any CPU
		{A1404823-8711-4403-AE84-8C17D9B2E1FF}.Release|x86.ActiveCfg = Release|Any CPU
		{A1404823-8711-4403-AE84-8C17D9B2E1FF}.Release|x86.Build.0 = Release|Any CPU
	EndGlobalSection
	GlobalSection(SolutionProperties) = preSolution
		HideSolutionNode = FALSE
	EndGlobalSection
	GlobalSection(ExtensibilityGlobals) = postSolution
		SolutionGuid = {9583C5CE-3CBF-4043-959A-14E2F7D2E33E}
	EndGlobalSection
EndGlobal
