
Microsoft Visual Studio Solution File, Format Version 12.00
# Visual Studio 15
VisualStudioVersion = 15.0.27428.2037
MinimumVisualStudioVersion = 10.0.40219.1
Project("{FAE04EC0-301F-11D3-BF4B-00C04F79EFBC}") = "App02_TipoPaginaXF.Android", "App02_TipoPaginaXF\App02_TipoPaginaXF.Android\App02_TipoPaginaXF.Android.csproj", "{24444B76-2281-44C7-997B-2EA9BD7ADC4C}"
EndProject
Project("{FAE04EC0-301F-11D3-BF4B-00C04F79EFBC}") = "App02_TipoPaginaXF.iOS", "App02_TipoPaginaXF\App02_TipoPaginaXF.iOS\App02_TipoPaginaXF.iOS.csproj", "{B75E85CD-DA37-48A3-93B8-39EA79D0264D}"
EndProject
Project("{FAE04EC0-301F-11D3-BF4B-00C04F79EFBC}") = "App02_TipoPaginaXF.UWP", "App02_TipoPaginaXF\App02_TipoPaginaXF.UWP\App02_TipoPaginaXF.UWP.csproj", "{E802A5C1-C96B-4E7E-BDE1-DD80464B2560}"
EndProject
Project("{FAE04EC0-301F-11D3-BF4B-00C04F79EFBC}") = "App02_TipoPaginaXF", "App02_TipoPaginaXF\App02_TipoPaginaXF\App02_TipoPaginaXF.csproj", "{091D3AFB-70DF-415D-8663-9BD9C1E7AAF9}"
EndProject
Global
	GlobalSection(SolutionConfigurationPlatforms) = preSolution
		Ad-Hoc|Any CPU = Ad-Hoc|Any CPU
		Ad-Hoc|ARM = Ad-Hoc|ARM
		Ad-Hoc|iPhone = Ad-Hoc|iPhone
		Ad-Hoc|iPhoneSimulator = Ad-Hoc|iPhoneSimulator
		Ad-Hoc|x64 = Ad-Hoc|x64
		Ad-Hoc|x86 = Ad-Hoc|x86
		AppStore|Any CPU = AppStore|Any CPU
		AppStore|ARM = AppStore|ARM
		AppStore|iPhone = AppStore|iPhone
		AppStore|iPhoneSimulator = AppStore|iPhoneSimulator
		AppStore|x64 = AppStore|x64
		AppStore|x86 = AppStore|x86
		Debug|Any CPU = Debug|Any CPU
		Debug|ARM = Debug|ARM
		Debug|iPhone = Debug|iPhone
		Debug|iPhoneSimulator = Debug|iPhoneSimulator
		Debug|x64 = Debug|x64
		Debug|x86 = Debug|x86
		Release|Any CPU = Release|Any CPU
		Release|ARM = Release|ARM
		Release|iPhone = Release|iPhone
		Release|iPhoneSimulator = Release|iPhoneSimulator
		Release|x64 = Release|x64
		Release|x86 = Release|x86
	EndGlobalSection
	GlobalSection(ProjectConfigurationPlatforms) = postSolution
		{24444B76-2281-44C7-997B-2EA9BD7ADC4C}.Ad-Hoc|Any CPU.ActiveCfg = Release|Any CPU
		{24444B76-2281-44C7-997B-2EA9BD7ADC4C}.Ad-Hoc|Any CPU.Build.0 = Release|Any CPU
		{24444B76-2281-44C7-997B-2EA9BD7ADC4C}.Ad-Hoc|Any CPU.Deploy.0 = Release|Any CPU
		{24444B76-2281-44C7-997B-2EA9BD7ADC4C}.Ad-Hoc|ARM.ActiveCfg = Release|Any CPU
		{24444B76-2281-44C7-997B-2EA9BD7ADC4C}.Ad-Hoc|ARM.Build.0 = Release|Any CPU
		{24444B76-2281-44C7-997B-2EA9BD7ADC4C}.Ad-Hoc|ARM.Deploy.0 = Release|Any CPU
		{24444B76-2281-44C7-997B-2EA9BD7ADC4C}.Ad-Hoc|iPhone.ActiveCfg = Release|Any CPU
		{24444B76-2281-44C7-997B-2EA9BD7ADC4C}.Ad-Hoc|iPhone.Build.0 = Release|Any CPU
		{24444B76-2281-44C7-997B-2EA9BD7ADC4C}.Ad-Hoc|iPhone.Deploy.0 = Release|Any CPU
		{24444B76-2281-44C7-997B-2EA9BD7ADC4C}.Ad-Hoc|iPhoneSimulator.ActiveCfg = Release|Any CPU
		{24444B76-2281-44C7-997B-2EA9BD7ADC4C}.Ad-Hoc|iPhoneSimulator.Build.0 = Release|Any CPU
		{24444B76-2281-44C7-997B-2EA9BD7ADC4C}.Ad-Hoc|iPhoneSimulator.Deploy.0 = Release|Any CPU
		{24444B76-2281-44C7-997B-2EA9BD7ADC4C}.Ad-Hoc|x64.ActiveCfg = Release|Any CPU
		{24444B76-2281-44C7-997B-2EA9BD7ADC4C}.Ad-Hoc|x64.Build.0 = Release|Any CPU
		{24444B76-2281-44C7-997B-2EA9BD7ADC4C}.Ad-Hoc|x64.Deploy.0 = Release|Any CPU
		{24444B76-2281-44C7-997B-2EA9BD7ADC4C}.Ad-Hoc|x86.ActiveCfg = Release|Any CPU
		{24444B76-2281-44C7-997B-2EA9BD7ADC4C}.Ad-Hoc|x86.Build.0 = Release|Any CPU
		{24444B76-2281-44C7-997B-2EA9BD7ADC4C}.Ad-Hoc|x86.Deploy.0 = Release|Any CPU
		{24444B76-2281-44C7-997B-2EA9BD7ADC4C}.AppStore|Any CPU.ActiveCfg = Release|Any CPU
		{24444B76-2281-44C7-997B-2EA9BD7ADC4C}.AppStore|Any CPU.Build.0 = Release|Any CPU
		{24444B76-2281-44C7-997B-2EA9BD7ADC4C}.AppStore|Any CPU.Deploy.0 = Release|Any CPU
		{24444B76-2281-44C7-997B-2EA9BD7ADC4C}.AppStore|ARM.ActiveCfg = Release|Any CPU
		{24444B76-2281-44C7-997B-2EA9BD7ADC4C}.AppStore|ARM.Build.0 = Release|Any CPU
		{24444B76-2281-44C7-997B-2EA9BD7ADC4C}.AppStore|ARM.Deploy.0 = Release|Any CPU
		{24444B76-2281-44C7-997B-2EA9BD7ADC4C}.AppStore|iPhone.ActiveCfg = Release|Any CPU
		{24444B76-2281-44C7-997B-2EA9BD7ADC4C}.AppStore|iPhone.Build.0 = Release|Any CPU
		{24444B76-2281-44C7-997B-2EA9BD7ADC4C}.AppStore|iPhone.Deploy.0 = Release|Any CPU
		{24444B76-2281-44C7-997B-2EA9BD7ADC4C}.AppStore|iPhoneSimulator.ActiveCfg = Release|Any CPU
		{24444B76-2281-44C7-997B-2EA9BD7ADC4C}.AppStore|iPhoneSimulator.Build.0 = Release|Any CPU
		{24444B76-2281-44C7-997B-2EA9BD7ADC4C}.AppStore|iPhoneSimulator.Deploy.0 = Release|Any CPU
		{24444B76-2281-44C7-997B-2EA9BD7ADC4C}.AppStore|x64.ActiveCfg = Release|Any CPU
		{24444B76-2281-44C7-997B-2EA9BD7ADC4C}.AppStore|x64.Build.0 = Release|Any CPU
		{24444B76-2281-44C7-997B-2EA9BD7ADC4C}.AppStore|x64.Deploy.0 = Release|Any CPU
		{24444B76-2281-44C7-997B-2EA9BD7ADC4C}.AppStore|x86.ActiveCfg = Release|Any CPU
		{24444B76-2281-44C7-997B-2EA9BD7ADC4C}.AppStore|x86.Build.0 = Release|Any CPU
		{24444B76-2281-44C7-997B-2EA9BD7ADC4C}.AppStore|x86.Deploy.0 = Release|Any CPU
		{24444B76-2281-44C7-997B-2EA9BD7ADC4C}.Debug|Any CPU.ActiveCfg = Debug|Any CPU
		{24444B76-2281-44C7-997B-2EA9BD7ADC4C}.Debug|Any CPU.Build.0 = Debug|Any CPU
		{24444B76-2281-44C7-997B-2EA9BD7ADC4C}.Debug|Any CPU.Deploy.0 = Debug|Any CPU
		{24444B76-2281-44C7-997B-2EA9BD7ADC4C}.Debug|ARM.ActiveCfg = Debug|Any CPU
		{24444B76-2281-44C7-997B-2EA9BD7ADC4C}.Debug|ARM.Build.0 = Debug|Any CPU
		{24444B76-2281-44C7-997B-2EA9BD7ADC4C}.Debug|ARM.Deploy.0 = Debug|Any CPU
		{24444B76-2281-44C7-997B-2EA9BD7ADC4C}.Debug|iPhone.ActiveCfg = Debug|Any CPU
		{24444B76-2281-44C7-997B-2EA9BD7ADC4C}.Debug|iPhone.Build.0 = Debug|Any CPU
		{24444B76-2281-44C7-997B-2EA9BD7ADC4C}.Debug|iPhone.Deploy.0 = Debug|Any CPU
		{24444B76-2281-44C7-997B-2EA9BD7ADC4C}.Debug|iPhoneSimulator.ActiveCfg = Debug|Any CPU
		{24444B76-2281-44C7-997B-2EA9BD7ADC4C}.Debug|iPhoneSimulator.Build.0 = Debug|Any CPU
		{24444B76-2281-44C7-997B-2EA9BD7ADC4C}.Debug|iPhoneSimulator.Deploy.0 = Debug|Any CPU
		{24444B76-2281-44C7-997B-2EA9BD7ADC4C}.Debug|x64.ActiveCfg = Debug|Any CPU
		{24444B76-2281-44C7-997B-2EA9BD7ADC4C}.Debug|x64.Build.0 = Debug|Any CPU
		{24444B76-2281-44C7-997B-2EA9BD7ADC4C}.Debug|x64.Deploy.0 = Debug|Any CPU
		{24444B76-2281-44C7-997B-2EA9BD7ADC4C}.Debug|x86.ActiveCfg = Debug|Any CPU
		{24444B76-2281-44C7-997B-2EA9BD7ADC4C}.Debug|x86.Build.0 = Debug|Any CPU
		{24444B76-2281-44C7-997B-2EA9BD7ADC4C}.Debug|x86.Deploy.0 = Debug|Any CPU
		{24444B76-2281-44C7-997B-2EA9BD7ADC4C}.Release|Any CPU.ActiveCfg = Release|Any CPU
		{24444B76-2281-44C7-997B-2EA9BD7ADC4C}.Release|Any CPU.Build.0 = Release|Any CPU
		{24444B76-2281-44C7-997B-2EA9BD7ADC4C}.Release|Any CPU.Deploy.0 = Release|Any CPU
		{24444B76-2281-44C7-997B-2EA9BD7ADC4C}.Release|ARM.ActiveCfg = Release|Any CPU
		{24444B76-2281-44C7-997B-2EA9BD7ADC4C}.Release|ARM.Build.0 = Release|Any CPU
		{24444B76-2281-44C7-997B-2EA9BD7ADC4C}.Release|ARM.Deploy.0 = Release|Any CPU
		{24444B76-2281-44C7-997B-2EA9BD7ADC4C}.Release|iPhone.ActiveCfg = Release|Any CPU
		{24444B76-2281-44C7-997B-2EA9BD7ADC4C}.Release|iPhone.Build.0 = Release|Any CPU
		{24444B76-2281-44C7-997B-2EA9BD7ADC4C}.Release|iPhone.Deploy.0 = Release|Any CPU
		{24444B76-2281-44C7-997B-2EA9BD7ADC4C}.Release|iPhoneSimulator.ActiveCfg = Release|Any CPU
		{24444B76-2281-44C7-997B-2EA9BD7ADC4C}.Release|iPhoneSimulator.Build.0 = Release|Any CPU
		{24444B76-2281-44C7-997B-2EA9BD7ADC4C}.Release|iPhoneSimulator.Deploy.0 = Release|Any CPU
		{24444B76-2281-44C7-997B-2EA9BD7ADC4C}.Release|x64.ActiveCfg = Release|Any CPU
		{24444B76-2281-44C7-997B-2EA9BD7ADC4C}.Release|x64.Build.0 = Release|Any CPU
		{24444B76-2281-44C7-997B-2EA9BD7ADC4C}.Release|x64.Deploy.0 = Release|Any CPU
		{24444B76-2281-44C7-997B-2EA9BD7ADC4C}.Release|x86.ActiveCfg = Release|Any CPU
		{24444B76-2281-44C7-997B-2EA9BD7ADC4C}.Release|x86.Build.0 = Release|Any CPU
		{24444B76-2281-44C7-997B-2EA9BD7ADC4C}.Release|x86.Deploy.0 = Release|Any CPU
		{B75E85CD-DA37-48A3-93B8-39EA79D0264D}.Ad-Hoc|Any CPU.ActiveCfg = Ad-Hoc|iPhone
		{B75E85CD-DA37-48A3-93B8-39EA79D0264D}.Ad-Hoc|ARM.ActiveCfg = Ad-Hoc|iPhone
		{B75E85CD-DA37-48A3-93B8-39EA79D0264D}.Ad-Hoc|iPhone.ActiveCfg = Ad-Hoc|iPhone
		{B75E85CD-DA37-48A3-93B8-39EA79D0264D}.Ad-Hoc|iPhone.Build.0 = Ad-Hoc|iPhone
		{B75E85CD-DA37-48A3-93B8-39EA79D0264D}.Ad-Hoc|iPhoneSimulator.ActiveCfg = Ad-Hoc|iPhoneSimulator
		{B75E85CD-DA37-48A3-93B8-39EA79D0264D}.Ad-Hoc|iPhoneSimulator.Build.0 = Ad-Hoc|iPhoneSimulator
		{B75E85CD-DA37-48A3-93B8-39EA79D0264D}.Ad-Hoc|x64.ActiveCfg = Ad-Hoc|iPhone
		{B75E85CD-DA37-48A3-93B8-39EA79D0264D}.Ad-Hoc|x86.ActiveCfg = Ad-Hoc|iPhone
		{B75E85CD-DA37-48A3-93B8-39EA79D0264D}.AppStore|Any CPU.ActiveCfg = AppStore|iPhone
		{B75E85CD-DA37-48A3-93B8-39EA79D0264D}.AppStore|ARM.ActiveCfg = AppStore|iPhone
		{B75E85CD-DA37-48A3-93B8-39EA79D0264D}.AppStore|iPhone.ActiveCfg = AppStore|iPhone
		{B75E85CD-DA37-48A3-93B8-39EA79D0264D}.AppStore|iPhone.Build.0 = AppStore|iPhone
		{B75E85CD-DA37-48A3-93B8-39EA79D0264D}.AppStore|iPhoneSimulator.ActiveCfg = AppStore|iPhoneSimulator
		{B75E85CD-DA37-48A3-93B8-39EA79D0264D}.AppStore|iPhoneSimulator.Build.0 = AppStore|iPhoneSimulator
		{B75E85CD-DA37-48A3-93B8-39EA79D0264D}.AppStore|x64.ActiveCfg = AppStore|iPhone
		{B75E85CD-DA37-48A3-93B8-39EA79D0264D}.AppStore|x86.ActiveCfg = AppStore|iPhone
		{B75E85CD-DA37-48A3-93B8-39EA79D0264D}.Debug|Any CPU.ActiveCfg = Debug|iPhone
		{B75E85CD-DA37-48A3-93B8-39EA79D0264D}.Debug|ARM.ActiveCfg = Debug|iPhone
		{B75E85CD-DA37-48A3-93B8-39EA79D0264D}.Debug|iPhone.ActiveCfg = Debug|iPhone
		{B75E85CD-DA37-48A3-93B8-39EA79D0264D}.Debug|iPhone.Build.0 = Debug|iPhone
		{B75E85CD-DA37-48A3-93B8-39EA79D0264D}.Debug|iPhoneSimulator.ActiveCfg = Debug|iPhoneSimulator
		{B75E85CD-DA37-48A3-93B8-39EA79D0264D}.Debug|iPhoneSimulator.Build.0 = Debug|iPhoneSimulator
		{B75E85CD-DA37-48A3-93B8-39EA79D0264D}.Debug|x64.ActiveCfg = Debug|iPhone
		{B75E85CD-DA37-48A3-93B8-39EA79D0264D}.Debug|x86.ActiveCfg = Debug|iPhone
		{B75E85CD-DA37-48A3-93B8-39EA79D0264D}.Release|Any CPU.ActiveCfg = Release|iPhone
		{B75E85CD-DA37-48A3-93B8-39EA79D0264D}.Release|ARM.ActiveCfg = Release|iPhone
		{B75E85CD-DA37-48A3-93B8-39EA79D0264D}.Release|iPhone.ActiveCfg = Release|iPhone
		{B75E85CD-DA37-48A3-93B8-39EA79D0264D}.Release|iPhone.Build.0 = Release|iPhone
		{B75E85CD-DA37-48A3-93B8-39EA79D0264D}.Release|iPhoneSimulator.ActiveCfg = Release|iPhoneSimulator
		{B75E85CD-DA37-48A3-93B8-39EA79D0264D}.Release|iPhoneSimulator.Build.0 = Release|iPhoneSimulator
		{B75E85CD-DA37-48A3-93B8-39EA79D0264D}.Release|x64.ActiveCfg = Release|iPhone
		{B75E85CD-DA37-48A3-93B8-39EA79D0264D}.Release|x86.ActiveCfg = Release|iPhone
		{E802A5C1-C96B-4E7E-BDE1-DD80464B2560}.Ad-Hoc|Any CPU.ActiveCfg = Release|x86
		{E802A5C1-C96B-4E7E-BDE1-DD80464B2560}.Ad-Hoc|Any CPU.Build.0 = Release|x86
		{E802A5C1-C96B-4E7E-BDE1-DD80464B2560}.Ad-Hoc|Any CPU.Deploy.0 = Release|x86
		{E802A5C1-C96B-4E7E-BDE1-DD80464B2560}.Ad-Hoc|ARM.ActiveCfg = Release|ARM
		{E802A5C1-C96B-4E7E-BDE1-DD80464B2560}.Ad-Hoc|ARM.Build.0 = Release|ARM
		{E802A5C1-C96B-4E7E-BDE1-DD80464B2560}.Ad-Hoc|ARM.Deploy.0 = Release|ARM
		{E802A5C1-C96B-4E7E-BDE1-DD80464B2560}.Ad-Hoc|iPhone.ActiveCfg = Release|x86
		{E802A5C1-C96B-4E7E-BDE1-DD80464B2560}.Ad-Hoc|iPhone.Build.0 = Release|x86
		{E802A5C1-C96B-4E7E-BDE1-DD80464B2560}.Ad-Hoc|iPhone.Deploy.0 = Release|x86
		{E802A5C1-C96B-4E7E-BDE1-DD80464B2560}.Ad-Hoc|iPhoneSimulator.ActiveCfg = Release|x86
		{E802A5C1-C96B-4E7E-BDE1-DD80464B2560}.Ad-Hoc|iPhoneSimulator.Build.0 = Release|x86
		{E802A5C1-C96B-4E7E-BDE1-DD80464B2560}.Ad-Hoc|iPhoneSimulator.Deploy.0 = Release|x86
		{E802A5C1-C96B-4E7E-BDE1-DD80464B2560}.Ad-Hoc|x64.ActiveCfg = Release|x64
		{E802A5C1-C96B-4E7E-BDE1-DD80464B2560}.Ad-Hoc|x64.Build.0 = Release|x64
		{E802A5C1-C96B-4E7E-BDE1-DD80464B2560}.Ad-Hoc|x64.Deploy.0 = Release|x64
		{E802A5C1-C96B-4E7E-BDE1-DD80464B2560}.Ad-Hoc|x86.ActiveCfg = Release|x86
		{E802A5C1-C96B-4E7E-BDE1-DD80464B2560}.Ad-Hoc|x86.Build.0 = Release|x86
		{E802A5C1-C96B-4E7E-BDE1-DD80464B2560}.Ad-Hoc|x86.Deploy.0 = Release|x86
		{E802A5C1-C96B-4E7E-BDE1-DD80464B2560}.AppStore|Any CPU.ActiveCfg = Release|x86
		{E802A5C1-C96B-4E7E-BDE1-DD80464B2560}.AppStore|Any CPU.Build.0 = Release|x86
		{E802A5C1-C96B-4E7E-BDE1-DD80464B2560}.AppStore|Any CPU.Deploy.0 = Release|x86
		{E802A5C1-C96B-4E7E-BDE1-DD80464B2560}.AppStore|ARM.ActiveCfg = Release|ARM
		{E802A5C1-C96B-4E7E-BDE1-DD80464B2560}.AppStore|ARM.Build.0 = Release|ARM
		{E802A5C1-C96B-4E7E-BDE1-DD80464B2560}.AppStore|ARM.Deploy.0 = Release|ARM
		{E802A5C1-C96B-4E7E-BDE1-DD80464B2560}.AppStore|iPhone.ActiveCfg = Release|x86
		{E802A5C1-C96B-4E7E-BDE1-DD80464B2560}.AppStore|iPhone.Build.0 = Release|x86
		{E802A5C1-C96B-4E7E-BDE1-DD80464B2560}.AppStore|iPhone.Deploy.0 = Release|x86
		{E802A5C1-C96B-4E7E-BDE1-DD80464B2560}.AppStore|iPhoneSimulator.ActiveCfg = Release|x86
		{E802A5C1-C96B-4E7E-BDE1-DD80464B2560}.AppStore|iPhoneSimulator.Build.0 = Release|x86
		{E802A5C1-C96B-4E7E-BDE1-DD80464B2560}.AppStore|iPhoneSimulator.Deploy.0 = Release|x86
		{E802A5C1-C96B-4E7E-BDE1-DD80464B2560}.AppStore|x64.ActiveCfg = Release|x64
		{E802A5C1-C96B-4E7E-BDE1-DD80464B2560}.AppStore|x64.Build.0 = Release|x64
		{E802A5C1-C96B-4E7E-BDE1-DD80464B2560}.AppStore|x64.Deploy.0 = Release|x64
		{E802A5C1-C96B-4E7E-BDE1-DD80464B2560}.AppStore|x86.ActiveCfg = Release|x86
		{E802A5C1-C96B-4E7E-BDE1-DD80464B2560}.AppStore|x86.Build.0 = Release|x86
		{E802A5C1-C96B-4E7E-BDE1-DD80464B2560}.AppStore|x86.Deploy.0 = Release|x86
		{E802A5C1-C96B-4E7E-BDE1-DD80464B2560}.Debug|Any CPU.ActiveCfg = Debug|x86
		{E802A5C1-C96B-4E7E-BDE1-DD80464B2560}.Debug|ARM.ActiveCfg = Debug|ARM
		{E802A5C1-C96B-4E7E-BDE1-DD80464B2560}.Debug|ARM.Build.0 = Debug|ARM
		{E802A5C1-C96B-4E7E-BDE1-DD80464B2560}.Debug|ARM.Deploy.0 = Debug|ARM
		{E802A5C1-C96B-4E7E-BDE1-DD80464B2560}.Debug|iPhone.ActiveCfg = Debug|x86
		{E802A5C1-C96B-4E7E-BDE1-DD80464B2560}.Debug|iPhoneSimulator.ActiveCfg = Debug|x86
		{E802A5C1-C96B-4E7E-BDE1-DD80464B2560}.Debug|x64.ActiveCfg = Debug|x64
		{E802A5C1-C96B-4E7E-BDE1-DD80464B2560}.Debug|x64.Build.0 = Debug|x64
		{E802A5C1-C96B-4E7E-BDE1-DD80464B2560}.Debug|x64.Deploy.0 = Debug|x64
		{E802A5C1-C96B-4E7E-BDE1-DD80464B2560}.Debug|x86.ActiveCfg = Debug|x86
		{E802A5C1-C96B-4E7E-BDE1-DD80464B2560}.Debug|x86.Build.0 = Debug|x86
		{E802A5C1-C96B-4E7E-BDE1-DD80464B2560}.Debug|x86.Deploy.0 = Debug|x86
		{E802A5C1-C96B-4E7E-BDE1-DD80464B2560}.Release|Any CPU.ActiveCfg = Release|x86
		{E802A5C1-C96B-4E7E-BDE1-DD80464B2560}.Release|ARM.ActiveCfg = Release|ARM
		{E802A5C1-C96B-4E7E-BDE1-DD80464B2560}.Release|ARM.Build.0 = Release|ARM
		{E802A5C1-C96B-4E7E-BDE1-DD80464B2560}.Release|ARM.Deploy.0 = Release|ARM
		{E802A5C1-C96B-4E7E-BDE1-DD80464B2560}.Release|iPhone.ActiveCfg = Release|x86
		{E802A5C1-C96B-4E7E-BDE1-DD80464B2560}.Release|iPhoneSimulator.ActiveCfg = Release|x86
		{E802A5C1-C96B-4E7E-BDE1-DD80464B2560}.Release|x64.ActiveCfg = Release|x64
		{E802A5C1-C96B-4E7E-BDE1-DD80464B2560}.Release|x64.Build.0 = Release|x64
		{E802A5C1-C96B-4E7E-BDE1-DD80464B2560}.Release|x64.Deploy.0 = Release|x64
		{E802A5C1-C96B-4E7E-BDE1-DD80464B2560}.Release|x86.ActiveCfg = Release|x86
		{E802A5C1-C96B-4E7E-BDE1-DD80464B2560}.Release|x86.Build.0 = Release|x86
		{E802A5C1-C96B-4E7E-BDE1-DD80464B2560}.Release|x86.Deploy.0 = Release|x86
		{091D3AFB-70DF-415D-8663-9BD9C1E7AAF9}.Ad-Hoc|Any CPU.ActiveCfg = Debug|Any CPU
		{091D3AFB-70DF-415D-8663-9BD9C1E7AAF9}.Ad-Hoc|Any CPU.Build.0 = Debug|Any CPU
		{091D3AFB-70DF-415D-8663-9BD9C1E7AAF9}.Ad-Hoc|ARM.ActiveCfg = Debug|Any CPU
		{091D3AFB-70DF-415D-8663-9BD9C1E7AAF9}.Ad-Hoc|ARM.Build.0 = Debug|Any CPU
		{091D3AFB-70DF-415D-8663-9BD9C1E7AAF9}.Ad-Hoc|iPhone.ActiveCfg = Debug|Any CPU
		{091D3AFB-70DF-415D-8663-9BD9C1E7AAF9}.Ad-Hoc|iPhone.Build.0 = Debug|Any CPU
		{091D3AFB-70DF-415D-8663-9BD9C1E7AAF9}.Ad-Hoc|iPhoneSimulator.ActiveCfg = Debug|Any CPU
		{091D3AFB-70DF-415D-8663-9BD9C1E7AAF9}.Ad-Hoc|iPhoneSimulator.Build.0 = Debug|Any CPU
		{091D3AFB-70DF-415D-8663-9BD9C1E7AAF9}.Ad-Hoc|x64.ActiveCfg = Debug|Any CPU
		{091D3AFB-70DF-415D-8663-9BD9C1E7AAF9}.Ad-Hoc|x64.Build.0 = Debug|Any CPU
		{091D3AFB-70DF-415D-8663-9BD9C1E7AAF9}.Ad-Hoc|x86.ActiveCfg = Debug|Any CPU
		{091D3AFB-70DF-415D-8663-9BD9C1E7AAF9}.Ad-Hoc|x86.Build.0 = Debug|Any CPU
		{091D3AFB-70DF-415D-8663-9BD9C1E7AAF9}.AppStore|Any CPU.ActiveCfg = Debug|Any CPU
		{091D3AFB-70DF-415D-8663-9BD9C1E7AAF9}.AppStore|Any CPU.Build.0 = Debug|Any CPU
		{091D3AFB-70DF-415D-8663-9BD9C1E7AAF9}.AppStore|ARM.ActiveCfg = Debug|Any CPU
		{091D3AFB-70DF-415D-8663-9BD9C1E7AAF9}.AppStore|ARM.Build.0 = Debug|Any CPU
		{091D3AFB-70DF-415D-8663-9BD9C1E7AAF9}.AppStore|iPhone.ActiveCfg = Debug|Any CPU
		{091D3AFB-70DF-415D-8663-9BD9C1E7AAF9}.AppStore|iPhone.Build.0 = Debug|Any CPU
		{091D3AFB-70DF-415D-8663-9BD9C1E7AAF9}.AppStore|iPhoneSimulator.ActiveCfg = Debug|Any CPU
		{091D3AFB-70DF-415D-8663-9BD9C1E7AAF9}.AppStore|iPhoneSimulator.Build.0 = Debug|Any CPU
		{091D3AFB-70DF-415D-8663-9BD9C1E7AAF9}.AppStore|x64.ActiveCfg = Debug|Any CPU
		{091D3AFB-70DF-415D-8663-9BD9C1E7AAF9}.AppStore|x64.Build.0 = Debug|Any CPU
		{091D3AFB-70DF-415D-8663-9BD9C1E7AAF9}.AppStore|x86.ActiveCfg = Debug|Any CPU
		{091D3AFB-70DF-415D-8663-9BD9C1E7AAF9}.AppStore|x86.Build.0 = Debug|Any CPU
		{091D3AFB-70DF-415D-8663-9BD9C1E7AAF9}.Debug|Any CPU.ActiveCfg = Debug|Any CPU
		{091D3AFB-70DF-415D-8663-9BD9C1E7AAF9}.Debug|Any CPU.Build.0 = Debug|Any CPU
		{091D3AFB-70DF-415D-8663-9BD9C1E7AAF9}.Debug|ARM.ActiveCfg = Debug|Any CPU
		{091D3AFB-70DF-415D-8663-9BD9C1E7AAF9}.Debug|ARM.Build.0 = Debug|Any CPU
		{091D3AFB-70DF-415D-8663-9BD9C1E7AAF9}.Debug|iPhone.ActiveCfg = Debug|Any CPU
		{091D3AFB-70DF-415D-8663-9BD9C1E7AAF9}.Debug|iPhone.Build.0 = Debug|Any CPU
		{091D3AFB-70DF-415D-8663-9BD9C1E7AAF9}.Debug|iPhoneSimulator.ActiveCfg = Debug|Any CPU
		{091D3AFB-70DF-415D-8663-9BD9C1E7AAF9}.Debug|iPhoneSimulator.Build.0 = Debug|Any CPU
		{091D3AFB-70DF-415D-8663-9BD9C1E7AAF9}.Debug|x64.ActiveCfg = Debug|Any CPU
		{091D3AFB-70DF-415D-8663-9BD9C1E7AAF9}.Debug|x64.Build.0 = Debug|Any CPU
		{091D3AFB-70DF-415D-8663-9BD9C1E7AAF9}.Debug|x86.ActiveCfg = Debug|Any CPU
		{091D3AFB-70DF-415D-8663-9BD9C1E7AAF9}.Debug|x86.Build.0 = Debug|Any CPU
		{091D3AFB-70DF-415D-8663-9BD9C1E7AAF9}.Release|Any CPU.ActiveCfg = Release|Any CPU
		{091D3AFB-70DF-415D-8663-9BD9C1E7AAF9}.Release|Any CPU.Build.0 = Release|Any CPU
		{091D3AFB-70DF-415D-8663-9BD9C1E7AAF9}.Release|ARM.ActiveCfg = Release|Any CPU
		{091D3AFB-70DF-415D-8663-9BD9C1E7AAF9}.Release|ARM.Build.0 = Release|Any CPU
		{091D3AFB-70DF-415D-8663-9BD9C1E7AAF9}.Release|iPhone.ActiveCfg = Release|Any CPU
		{091D3AFB-70DF-415D-8663-9BD9C1E7AAF9}.Release|iPhone.Build.0 = Release|Any CPU
		{091D3AFB-70DF-415D-8663-9BD9C1E7AAF9}.Release|iPhoneSimulator.ActiveCfg = Release|Any CPU
		{091D3AFB-70DF-415D-8663-9BD9C1E7AAF9}.Release|iPhoneSimulator.Build.0 = Release|Any CPU
		{091D3AFB-70DF-415D-8663-9BD9C1E7AAF9}.Release|x64.ActiveCfg = Release|Any CPU
		{091D3AFB-70DF-415D-8663-9BD9C1E7AAF9}.Release|x64.Build.0 = Release|Any CPU
		{091D3AFB-70DF-415D-8663-9BD9C1E7AAF9}.Release|x86.ActiveCfg = Release|Any CPU
		{091D3AFB-70DF-415D-8663-9BD9C1E7AAF9}.Release|x86.Build.0 = Release|Any CPU
	EndGlobalSection
	GlobalSection(SolutionProperties) = preSolution
		HideSolutionNode = FALSE
	EndGlobalSection
	GlobalSection(ExtensibilityGlobals) = postSolution
		SolutionGuid = {1935D43A-CE28-4895-A5EB-9568F8754AD2}
	EndGlobalSection
EndGlobal
