
Microsoft Visual Studio Solution File, Format Version 12.00
# Visual Studio 15
VisualStudioVersion = 15.0.27428.2037
MinimumVisualStudioVersion = 10.0.40219.1
Project("{FAE04EC0-301F-11D3-BF4B-00C04F79EFBC}") = "App01_LayoutXF.Android", "App01_LayoutXF\App01_LayoutXF.Android\App01_LayoutXF.Android.csproj", "{7F9C8653-4E16-43AB-9279-21735021B279}"
EndProject
Project("{FAE04EC0-301F-11D3-BF4B-00C04F79EFBC}") = "App01_LayoutXF.iOS", "App01_LayoutXF\App01_LayoutXF.iOS\App01_LayoutXF.iOS.csproj", "{5AE33E32-058B-4177-866B-49A522AF9554}"
EndProject
Project("{FAE04EC0-301F-11D3-BF4B-00C04F79EFBC}") = "App01_LayoutXF.UWP", "App01_LayoutXF\App01_LayoutXF.UWP\App01_LayoutXF.UWP.csproj", "{129E4D85-9114-4C35-98E4-1025C95A9471}"
EndProject
Project("{FAE04EC0-301F-11D3-BF4B-00C04F79EFBC}") = "App01_LayoutXF", "App01_LayoutXF\App01_LayoutXF\App01_LayoutXF.csproj", "{F4BA9EBF-A20C-455C-9690-A9CC047316F5}"
EndProject
Global
	GlobalSection(SolutionConfigurationPlatforms) = preSolution
		Ad-Hoc|Any CPU = Ad-Hoc|Any CPU
		Ad-Hoc|ARM = Ad-Hoc|ARM
		Ad-Hoc|iPhone = Ad-Hoc|iPhone
		Ad-Hoc|iPhoneSimulator = Ad-Hoc|iPhoneSimulator
		Ad-Hoc|x64 = Ad-Hoc|x64
		Ad-Hoc|x86 = Ad-Hoc|x86
		AppStore|Any CPU = AppStore|Any CPU
		AppStore|ARM = AppStore|ARM
		AppStore|iPhone = AppStore|iPhone
		AppStore|iPhoneSimulator = AppStore|iPhoneSimulator
		AppStore|x64 = AppStore|x64
		AppStore|x86 = AppStore|x86
		Debug|Any CPU = Debug|Any CPU
		Debug|ARM = Debug|ARM
		Debug|iPhone = Debug|iPhone
		Debug|iPhoneSimulator = Debug|iPhoneSimulator
		Debug|x64 = Debug|x64
		Debug|x86 = Debug|x86
		Release|Any CPU = Release|Any CPU
		Release|ARM = Release|ARM
		Release|iPhone = Release|iPhone
		Release|iPhoneSimulator = Release|iPhoneSimulator
		Release|x64 = Release|x64
		Release|x86 = Release|x86
	EndGlobalSection
	GlobalSection(ProjectConfigurationPlatforms) = postSolution
		{7F9C8653-4E16-43AB-9279-21735021B279}.Ad-Hoc|Any CPU.ActiveCfg = Release|Any CPU
		{7F9C8653-4E16-43AB-9279-21735021B279}.Ad-Hoc|Any CPU.Build.0 = Release|Any CPU
		{7F9C8653-4E16-43AB-9279-21735021B279}.Ad-Hoc|Any CPU.Deploy.0 = Release|Any CPU
		{7F9C8653-4E16-43AB-9279-21735021B279}.Ad-Hoc|ARM.ActiveCfg = Release|Any CPU
		{7F9C8653-4E16-43AB-9279-21735021B279}.Ad-Hoc|ARM.Build.0 = Release|Any CPU
		{7F9C8653-4E16-43AB-9279-21735021B279}.Ad-Hoc|ARM.Deploy.0 = Release|Any CPU
		{7F9C8653-4E16-43AB-9279-21735021B279}.Ad-Hoc|iPhone.ActiveCfg = Release|Any CPU
		{7F9C8653-4E16-43AB-9279-21735021B279}.Ad-Hoc|iPhone.Build.0 = Release|Any CPU
		{7F9C8653-4E16-43AB-9279-21735021B279}.Ad-Hoc|iPhone.Deploy.0 = Release|Any CPU
		{7F9C8653-4E16-43AB-9279-21735021B279}.Ad-Hoc|iPhoneSimulator.ActiveCfg = Release|Any CPU
		{7F9C8653-4E16-43AB-9279-21735021B279}.Ad-Hoc|iPhoneSimulator.Build.0 = Release|Any CPU
		{7F9C8653-4E16-43AB-9279-21735021B279}.Ad-Hoc|iPhoneSimulator.Deploy.0 = Release|Any CPU
		{7F9C8653-4E16-43AB-9279-21735021B279}.Ad-Hoc|x64.ActiveCfg = Release|Any CPU
		{7F9C8653-4E16-43AB-9279-21735021B279}.Ad-Hoc|x64.Build.0 = Release|Any CPU
		{7F9C8653-4E16-43AB-9279-21735021B279}.Ad-Hoc|x64.Deploy.0 = Release|Any CPU
		{7F9C8653-4E16-43AB-9279-21735021B279}.Ad-Hoc|x86.ActiveCfg = Release|Any CPU
		{7F9C8653-4E16-43AB-9279-21735021B279}.Ad-Hoc|x86.Build.0 = Release|Any CPU
		{7F9C8653-4E16-43AB-9279-21735021B279}.Ad-Hoc|x86.Deploy.0 = Release|Any CPU
		{7F9C8653-4E16-43AB-9279-21735021B279}.AppStore|Any CPU.ActiveCfg = Release|Any CPU
		{7F9C8653-4E16-43AB-9279-21735021B279}.AppStore|Any CPU.Build.0 = Release|Any CPU
		{7F9C8653-4E16-43AB-9279-21735021B279}.AppStore|Any CPU.Deploy.0 = Release|Any CPU
		{7F9C8653-4E16-43AB-9279-21735021B279}.AppStore|ARM.ActiveCfg = Release|Any CPU
		{7F9C8653-4E16-43AB-9279-21735021B279}.AppStore|ARM.Build.0 = Release|Any CPU
		{7F9C8653-4E16-43AB-9279-21735021B279}.AppStore|ARM.Deploy.0 = Release|Any CPU
		{7F9C8653-4E16-43AB-9279-21735021B279}.AppStore|iPhone.ActiveCfg = Release|Any CPU
		{7F9C8653-4E16-43AB-9279-21735021B279}.AppStore|iPhone.Build.0 = Release|Any CPU
		{7F9C8653-4E16-43AB-9279-21735021B279}.AppStore|iPhone.Deploy.0 = Release|Any CPU
		{7F9C8653-4E16-43AB-9279-21735021B279}.AppStore|iPhoneSimulator.ActiveCfg = Release|Any CPU
		{7F9C8653-4E16-43AB-9279-21735021B279}.AppStore|iPhoneSimulator.Build.0 = Release|Any CPU
		{7F9C8653-4E16-43AB-9279-21735021B279}.AppStore|iPhoneSimulator.Deploy.0 = Release|Any CPU
		{7F9C8653-4E16-43AB-9279-21735021B279}.AppStore|x64.ActiveCfg = Release|Any CPU
		{7F9C8653-4E16-43AB-9279-21735021B279}.AppStore|x64.Build.0 = Release|Any CPU
		{7F9C8653-4E16-43AB-9279-21735021B279}.AppStore|x64.Deploy.0 = Release|Any CPU
		{7F9C8653-4E16-43AB-9279-21735021B279}.AppStore|x86.ActiveCfg = Release|Any CPU
		{7F9C8653-4E16-43AB-9279-21735021B279}.AppStore|x86.Build.0 = Release|Any CPU
		{7F9C8653-4E16-43AB-9279-21735021B279}.AppStore|x86.Deploy.0 = Release|Any CPU
		{7F9C8653-4E16-43AB-9279-21735021B279}.Debug|Any CPU.ActiveCfg = Debug|Any CPU
		{7F9C8653-4E16-43AB-9279-21735021B279}.Debug|Any CPU.Build.0 = Debug|Any CPU
		{7F9C8653-4E16-43AB-9279-21735021B279}.Debug|Any CPU.Deploy.0 = Debug|Any CPU
		{7F9C8653-4E16-43AB-9279-21735021B279}.Debug|ARM.ActiveCfg = Debug|Any CPU
		{7F9C8653-4E16-43AB-9279-21735021B279}.Debug|ARM.Build.0 = Debug|Any CPU
		{7F9C8653-4E16-43AB-9279-21735021B279}.Debug|ARM.Deploy.0 = Debug|Any CPU
		{7F9C8653-4E16-43AB-9279-21735021B279}.Debug|iPhone.ActiveCfg = Debug|Any CPU
		{7F9C8653-4E16-43AB-9279-21735021B279}.Debug|iPhone.Build.0 = Debug|Any CPU
		{7F9C8653-4E16-43AB-9279-21735021B279}.Debug|iPhone.Deploy.0 = Debug|Any CPU
		{7F9C8653-4E16-43AB-9279-21735021B279}.Debug|iPhoneSimulator.ActiveCfg = Debug|Any CPU
		{7F9C8653-4E16-43AB-9279-21735021B279}.Debug|iPhoneSimulator.Build.0 = Debug|Any CPU
		{7F9C8653-4E16-43AB-9279-21735021B279}.Debug|iPhoneSimulator.Deploy.0 = Debug|Any CPU
		{7F9C8653-4E16-43AB-9279-21735021B279}.Debug|x64.ActiveCfg = Debug|Any CPU
		{7F9C8653-4E16-43AB-9279-21735021B279}.Debug|x64.Build.0 = Debug|Any CPU
		{7F9C8653-4E16-43AB-9279-21735021B279}.Debug|x64.Deploy.0 = Debug|Any CPU
		{7F9C8653-4E16-43AB-9279-21735021B279}.Debug|x86.ActiveCfg = Debug|Any CPU
		{7F9C8653-4E16-43AB-9279-21735021B279}.Debug|x86.Build.0 = Debug|Any CPU
		{7F9C8653-4E16-43AB-9279-21735021B279}.Debug|x86.Deploy.0 = Debug|Any CPU
		{7F9C8653-4E16-43AB-9279-21735021B279}.Release|Any CPU.ActiveCfg = Release|Any CPU
		{7F9C8653-4E16-43AB-9279-21735021B279}.Release|Any CPU.Build.0 = Release|Any CPU
		{7F9C8653-4E16-43AB-9279-21735021B279}.Release|Any CPU.Deploy.0 = Release|Any CPU
		{7F9C8653-4E16-43AB-9279-21735021B279}.Release|ARM.ActiveCfg = Release|Any CPU
		{7F9C8653-4E16-43AB-9279-21735021B279}.Release|ARM.Build.0 = Release|Any CPU
		{7F9C8653-4E16-43AB-9279-21735021B279}.Release|ARM.Deploy.0 = Release|Any CPU
		{7F9C8653-4E16-43AB-9279-21735021B279}.Release|iPhone.ActiveCfg = Release|Any CPU
		{7F9C8653-4E16-43AB-9279-21735021B279}.Release|iPhone.Build.0 = Release|Any CPU
		{7F9C8653-4E16-43AB-9279-21735021B279}.Release|iPhone.Deploy.0 = Release|Any CPU
		{7F9C8653-4E16-43AB-9279-21735021B279}.Release|iPhoneSimulator.ActiveCfg = Release|Any CPU
		{7F9C8653-4E16-43AB-9279-21735021B279}.Release|iPhoneSimulator.Build.0 = Release|Any CPU
		{7F9C8653-4E16-43AB-9279-21735021B279}.Release|iPhoneSimulator.Deploy.0 = Release|Any CPU
		{7F9C8653-4E16-43AB-9279-21735021B279}.Release|x64.ActiveCfg = Release|Any CPU
		{7F9C8653-4E16-43AB-9279-21735021B279}.Release|x64.Build.0 = Release|Any CPU
		{7F9C8653-4E16-43AB-9279-21735021B279}.Release|x64.Deploy.0 = Release|Any CPU
		{7F9C8653-4E16-43AB-9279-21735021B279}.Release|x86.ActiveCfg = Release|Any CPU
		{7F9C8653-4E16-43AB-9279-21735021B279}.Release|x86.Build.0 = Release|Any CPU
		{7F9C8653-4E16-43AB-9279-21735021B279}.Release|x86.Deploy.0 = Release|Any CPU
		{5AE33E32-058B-4177-866B-49A522AF9554}.Ad-Hoc|Any CPU.ActiveCfg = Ad-Hoc|iPhone
		{5AE33E32-058B-4177-866B-49A522AF9554}.Ad-Hoc|ARM.ActiveCfg = Ad-Hoc|iPhone
		{5AE33E32-058B-4177-866B-49A522AF9554}.Ad-Hoc|iPhone.ActiveCfg = Ad-Hoc|iPhone
		{5AE33E32-058B-4177-866B-49A522AF9554}.Ad-Hoc|iPhone.Build.0 = Ad-Hoc|iPhone
		{5AE33E32-058B-4177-866B-49A522AF9554}.Ad-Hoc|iPhoneSimulator.ActiveCfg = Ad-Hoc|iPhoneSimulator
		{5AE33E32-058B-4177-866B-49A522AF9554}.Ad-Hoc|iPhoneSimulator.Build.0 = Ad-Hoc|iPhoneSimulator
		{5AE33E32-058B-4177-866B-49A522AF9554}.Ad-Hoc|x64.ActiveCfg = Ad-Hoc|iPhone
		{5AE33E32-058B-4177-866B-49A522AF9554}.Ad-Hoc|x86.ActiveCfg = Ad-Hoc|iPhone
		{5AE33E32-058B-4177-866B-49A522AF9554}.AppStore|Any CPU.ActiveCfg = AppStore|iPhone
		{5AE33E32-058B-4177-866B-49A522AF9554}.AppStore|ARM.ActiveCfg = AppStore|iPhone
		{5AE33E32-058B-4177-866B-49A522AF9554}.AppStore|iPhone.ActiveCfg = AppStore|iPhone
		{5AE33E32-058B-4177-866B-49A522AF9554}.AppStore|iPhone.Build.0 = AppStore|iPhone
		{5AE33E32-058B-4177-866B-49A522AF9554}.AppStore|iPhoneSimulator.ActiveCfg = AppStore|iPhoneSimulator
		{5AE33E32-058B-4177-866B-49A522AF9554}.AppStore|iPhoneSimulator.Build.0 = AppStore|iPhoneSimulator
		{5AE33E32-058B-4177-866B-49A522AF9554}.AppStore|x64.ActiveCfg = AppStore|iPhone
		{5AE33E32-058B-4177-866B-49A522AF9554}.AppStore|x86.ActiveCfg = AppStore|iPhone
		{5AE33E32-058B-4177-866B-49A522AF9554}.Debug|Any CPU.ActiveCfg = Debug|iPhone
		{5AE33E32-058B-4177-866B-49A522AF9554}.Debug|ARM.ActiveCfg = Debug|iPhone
		{5AE33E32-058B-4177-866B-49A522AF9554}.Debug|iPhone.ActiveCfg = Debug|iPhone
		{5AE33E32-058B-4177-866B-49A522AF9554}.Debug|iPhone.Build.0 = Debug|iPhone
		{5AE33E32-058B-4177-866B-49A522AF9554}.Debug|iPhoneSimulator.ActiveCfg = Debug|iPhoneSimulator
		{5AE33E32-058B-4177-866B-49A522AF9554}.Debug|iPhoneSimulator.Build.0 = Debug|iPhoneSimulator
		{5AE33E32-058B-4177-866B-49A522AF9554}.Debug|x64.ActiveCfg = Debug|iPhone
		{5AE33E32-058B-4177-866B-49A522AF9554}.Debug|x86.ActiveCfg = Debug|iPhone
		{5AE33E32-058B-4177-866B-49A522AF9554}.Release|Any CPU.ActiveCfg = Release|iPhone
		{5AE33E32-058B-4177-866B-49A522AF9554}.Release|ARM.ActiveCfg = Release|iPhone
		{5AE33E32-058B-4177-866B-49A522AF9554}.Release|iPhone.ActiveCfg = Release|iPhone
		{5AE33E32-058B-4177-866B-49A522AF9554}.Release|iPhone.Build.0 = Release|iPhone
		{5AE33E32-058B-4177-866B-49A522AF9554}.Release|iPhoneSimulator.ActiveCfg = Release|iPhoneSimulator
		{5AE33E32-058B-4177-866B-49A522AF9554}.Release|iPhoneSimulator.Build.0 = Release|iPhoneSimulator
		{5AE33E32-058B-4177-866B-49A522AF9554}.Release|x64.ActiveCfg = Release|iPhone
		{5AE33E32-058B-4177-866B-49A522AF9554}.Release|x86.ActiveCfg = Release|iPhone
		{129E4D85-9114-4C35-98E4-1025C95A9471}.Ad-Hoc|Any CPU.ActiveCfg = Release|x86
		{129E4D85-9114-4C35-98E4-1025C95A9471}.Ad-Hoc|Any CPU.Build.0 = Release|x86
		{129E4D85-9114-4C35-98E4-1025C95A9471}.Ad-Hoc|Any CPU.Deploy.0 = Release|x86
		{129E4D85-9114-4C35-98E4-1025C95A9471}.Ad-Hoc|ARM.ActiveCfg = Release|ARM
		{129E4D85-9114-4C35-98E4-1025C95A9471}.Ad-Hoc|ARM.Build.0 = Release|ARM
		{129E4D85-9114-4C35-98E4-1025C95A9471}.Ad-Hoc|ARM.Deploy.0 = Release|ARM
		{129E4D85-9114-4C35-98E4-1025C95A9471}.Ad-Hoc|iPhone.ActiveCfg = Release|x86
		{129E4D85-9114-4C35-98E4-1025C95A9471}.Ad-Hoc|iPhone.Build.0 = Release|x86
		{129E4D85-9114-4C35-98E4-1025C95A9471}.Ad-Hoc|iPhone.Deploy.0 = Release|x86
		{129E4D85-9114-4C35-98E4-1025C95A9471}.Ad-Hoc|iPhoneSimulator.ActiveCfg = Release|x86
		{129E4D85-9114-4C35-98E4-1025C95A9471}.Ad-Hoc|iPhoneSimulator.Build.0 = Release|x86
		{129E4D85-9114-4C35-98E4-1025C95A9471}.Ad-Hoc|iPhoneSimulator.Deploy.0 = Release|x86
		{129E4D85-9114-4C35-98E4-1025C95A9471}.Ad-Hoc|x64.ActiveCfg = Release|x64
		{129E4D85-9114-4C35-98E4-1025C95A9471}.Ad-Hoc|x64.Build.0 = Release|x64
		{129E4D85-9114-4C35-98E4-1025C95A9471}.Ad-Hoc|x64.Deploy.0 = Release|x64
		{129E4D85-9114-4C35-98E4-1025C95A9471}.Ad-Hoc|x86.ActiveCfg = Release|x86
		{129E4D85-9114-4C35-98E4-1025C95A9471}.Ad-Hoc|x86.Build.0 = Release|x86
		{129E4D85-9114-4C35-98E4-1025C95A9471}.Ad-Hoc|x86.Deploy.0 = Release|x86
		{129E4D85-9114-4C35-98E4-1025C95A9471}.AppStore|Any CPU.ActiveCfg = Release|x86
		{129E4D85-9114-4C35-98E4-1025C95A9471}.AppStore|Any CPU.Build.0 = Release|x86
		{129E4D85-9114-4C35-98E4-1025C95A9471}.AppStore|Any CPU.Deploy.0 = Release|x86
		{129E4D85-9114-4C35-98E4-1025C95A9471}.AppStore|ARM.ActiveCfg = Release|ARM
		{129E4D85-9114-4C35-98E4-1025C95A9471}.AppStore|ARM.Build.0 = Release|ARM
		{129E4D85-9114-4C35-98E4-1025C95A9471}.AppStore|ARM.Deploy.0 = Release|ARM
		{129E4D85-9114-4C35-98E4-1025C95A9471}.AppStore|iPhone.ActiveCfg = Release|x86
		{129E4D85-9114-4C35-98E4-1025C95A9471}.AppStore|iPhone.Build.0 = Release|x86
		{129E4D85-9114-4C35-98E4-1025C95A9471}.AppStore|iPhone.Deploy.0 = Release|x86
		{129E4D85-9114-4C35-98E4-1025C95A9471}.AppStore|iPhoneSimulator.ActiveCfg = Release|x86
		{129E4D85-9114-4C35-98E4-1025C95A9471}.AppStore|iPhoneSimulator.Build.0 = Release|x86
		{129E4D85-9114-4C35-98E4-1025C95A9471}.AppStore|iPhoneSimulator.Deploy.0 = Release|x86
		{129E4D85-9114-4C35-98E4-1025C95A9471}.AppStore|x64.ActiveCfg = Release|x64
		{129E4D85-9114-4C35-98E4-1025C95A9471}.AppStore|x64.Build.0 = Release|x64
		{129E4D85-9114-4C35-98E4-1025C95A9471}.AppStore|x64.Deploy.0 = Release|x64
		{129E4D85-9114-4C35-98E4-1025C95A9471}.AppStore|x86.ActiveCfg = Release|x86
		{129E4D85-9114-4C35-98E4-1025C95A9471}.AppStore|x86.Build.0 = Release|x86
		{129E4D85-9114-4C35-98E4-1025C95A9471}.AppStore|x86.Deploy.0 = Release|x86
		{129E4D85-9114-4C35-98E4-1025C95A9471}.Debug|Any CPU.ActiveCfg = Debug|x86
		{129E4D85-9114-4C35-98E4-1025C95A9471}.Debug|ARM.ActiveCfg = Debug|ARM
		{129E4D85-9114-4C35-98E4-1025C95A9471}.Debug|ARM.Build.0 = Debug|ARM
		{129E4D85-9114-4C35-98E4-1025C95A9471}.Debug|ARM.Deploy.0 = Debug|ARM
		{129E4D85-9114-4C35-98E4-1025C95A9471}.Debug|iPhone.ActiveCfg = Debug|x86
		{129E4D85-9114-4C35-98E4-1025C95A9471}.Debug|iPhoneSimulator.ActiveCfg = Debug|x86
		{129E4D85-9114-4C35-98E4-1025C95A9471}.Debug|x64.ActiveCfg = Debug|x64
		{129E4D85-9114-4C35-98E4-1025C95A9471}.Debug|x64.Build.0 = Debug|x64
		{129E4D85-9114-4C35-98E4-1025C95A9471}.Debug|x64.Deploy.0 = Debug|x64
		{129E4D85-9114-4C35-98E4-1025C95A9471}.Debug|x86.ActiveCfg = Debug|x86
		{129E4D85-9114-4C35-98E4-1025C95A9471}.Debug|x86.Build.0 = Debug|x86
		{129E4D85-9114-4C35-98E4-1025C95A9471}.Debug|x86.Deploy.0 = Debug|x86
		{129E4D85-9114-4C35-98E4-1025C95A9471}.Release|Any CPU.ActiveCfg = Release|x86
		{129E4D85-9114-4C35-98E4-1025C95A9471}.Release|ARM.ActiveCfg = Release|ARM
		{129E4D85-9114-4C35-98E4-1025C95A9471}.Release|ARM.Build.0 = Release|ARM
		{129E4D85-9114-4C35-98E4-1025C95A9471}.Release|ARM.Deploy.0 = Release|ARM
		{129E4D85-9114-4C35-98E4-1025C95A9471}.Release|iPhone.ActiveCfg = Release|x86
		{129E4D85-9114-4C35-98E4-1025C95A9471}.Release|iPhoneSimulator.ActiveCfg = Release|x86
		{129E4D85-9114-4C35-98E4-1025C95A9471}.Release|x64.ActiveCfg = Release|x64
		{129E4D85-9114-4C35-98E4-1025C95A9471}.Release|x64.Build.0 = Release|x64
		{129E4D85-9114-4C35-98E4-1025C95A9471}.Release|x64.Deploy.0 = Release|x64
		{129E4D85-9114-4C35-98E4-1025C95A9471}.Release|x86.ActiveCfg = Release|x86
		{129E4D85-9114-4C35-98E4-1025C95A9471}.Release|x86.Build.0 = Release|x86
		{129E4D85-9114-4C35-98E4-1025C95A9471}.Release|x86.Deploy.0 = Release|x86
		{F4BA9EBF-A20C-455C-9690-A9CC047316F5}.Ad-Hoc|Any CPU.ActiveCfg = Debug|Any CPU
		{F4BA9EBF-A20C-455C-9690-A9CC047316F5}.Ad-Hoc|Any CPU.Build.0 = Debug|Any CPU
		{F4BA9EBF-A20C-455C-9690-A9CC047316F5}.Ad-Hoc|ARM.ActiveCfg = Debug|Any CPU
		{F4BA9EBF-A20C-455C-9690-A9CC047316F5}.Ad-Hoc|ARM.Build.0 = Debug|Any CPU
		{F4BA9EBF-A20C-455C-9690-A9CC047316F5}.Ad-Hoc|iPhone.ActiveCfg = Debug|Any CPU
		{F4BA9EBF-A20C-455C-9690-A9CC047316F5}.Ad-Hoc|iPhone.Build.0 = Debug|Any CPU
		{F4BA9EBF-A20C-455C-9690-A9CC047316F5}.Ad-Hoc|iPhoneSimulator.ActiveCfg = Debug|Any CPU
		{F4BA9EBF-A20C-455C-9690-A9CC047316F5}.Ad-Hoc|iPhoneSimulator.Build.0 = Debug|Any CPU
		{F4BA9EBF-A20C-455C-9690-A9CC047316F5}.Ad-Hoc|x64.ActiveCfg = Debug|Any CPU
		{F4BA9EBF-A20C-455C-9690-A9CC047316F5}.Ad-Hoc|x64.Build.0 = Debug|Any CPU
		{F4BA9EBF-A20C-455C-9690-A9CC047316F5}.Ad-Hoc|x86.ActiveCfg = Debug|Any CPU
		{F4BA9EBF-A20C-455C-9690-A9CC047316F5}.Ad-Hoc|x86.Build.0 = Debug|Any CPU
		{F4BA9EBF-A20C-455C-9690-A9CC047316F5}.AppStore|Any CPU.ActiveCfg = Debug|Any CPU
		{F4BA9EBF-A20C-455C-9690-A9CC047316F5}.AppStore|Any CPU.Build.0 = Debug|Any CPU
		{F4BA9EBF-A20C-455C-9690-A9CC047316F5}.AppStore|ARM.ActiveCfg = Debug|Any CPU
		{F4BA9EBF-A20C-455C-9690-A9CC047316F5}.AppStore|ARM.Build.0 = Debug|Any CPU
		{F4BA9EBF-A20C-455C-9690-A9CC047316F5}.AppStore|iPhone.ActiveCfg = Debug|Any CPU
		{F4BA9EBF-A20C-455C-9690-A9CC047316F5}.AppStore|iPhone.Build.0 = Debug|Any CPU
		{F4BA9EBF-A20C-455C-9690-A9CC047316F5}.AppStore|iPhoneSimulator.ActiveCfg = Debug|Any CPU
		{F4BA9EBF-A20C-455C-9690-A9CC047316F5}.AppStore|iPhoneSimulator.Build.0 = Debug|Any CPU
		{F4BA9EBF-A20C-455C-9690-A9CC047316F5}.AppStore|x64.ActiveCfg = Debug|Any CPU
		{F4BA9EBF-A20C-455C-9690-A9CC047316F5}.AppStore|x64.Build.0 = Debug|Any CPU
		{F4BA9EBF-A20C-455C-9690-A9CC047316F5}.AppStore|x86.ActiveCfg = Debug|Any CPU
		{F4BA9EBF-A20C-455C-9690-A9CC047316F5}.AppStore|x86.Build.0 = Debug|Any CPU
		{F4BA9EBF-A20C-455C-9690-A9CC047316F5}.Debug|Any CPU.ActiveCfg = Debug|Any CPU
		{F4BA9EBF-A20C-455C-9690-A9CC047316F5}.Debug|Any CPU.Build.0 = Debug|Any CPU
		{F4BA9EBF-A20C-455C-9690-A9CC047316F5}.Debug|ARM.ActiveCfg = Debug|Any CPU
		{F4BA9EBF-A20C-455C-9690-A9CC047316F5}.Debug|ARM.Build.0 = Debug|Any CPU
		{F4BA9EBF-A20C-455C-9690-A9CC047316F5}.Debug|iPhone.ActiveCfg = Debug|Any CPU
		{F4BA9EBF-A20C-455C-9690-A9CC047316F5}.Debug|iPhone.Build.0 = Debug|Any CPU
		{F4BA9EBF-A20C-455C-9690-A9CC047316F5}.Debug|iPhoneSimulator.ActiveCfg = Debug|Any CPU
		{F4BA9EBF-A20C-455C-9690-A9CC047316F5}.Debug|iPhoneSimulator.Build.0 = Debug|Any CPU
		{F4BA9EBF-A20C-455C-9690-A9CC047316F5}.Debug|x64.ActiveCfg = Debug|Any CPU
		{F4BA9EBF-A20C-455C-9690-A9CC047316F5}.Debug|x64.Build.0 = Debug|Any CPU
		{F4BA9EBF-A20C-455C-9690-A9CC047316F5}.Debug|x86.ActiveCfg = Debug|Any CPU
		{F4BA9EBF-A20C-455C-9690-A9CC047316F5}.Debug|x86.Build.0 = Debug|Any CPU
		{F4BA9EBF-A20C-455C-9690-A9CC047316F5}.Release|Any CPU.ActiveCfg = Release|Any CPU
		{F4BA9EBF-A20C-455C-9690-A9CC047316F5}.Release|Any CPU.Build.0 = Release|Any CPU
		{F4BA9EBF-A20C-455C-9690-A9CC047316F5}.Release|ARM.ActiveCfg = Release|Any CPU
		{F4BA9EBF-A20C-455C-9690-A9CC047316F5}.Release|ARM.Build.0 = Release|Any CPU
		{F4BA9EBF-A20C-455C-9690-A9CC047316F5}.Release|iPhone.ActiveCfg = Release|Any CPU
		{F4BA9EBF-A20C-455C-9690-A9CC047316F5}.Release|iPhone.Build.0 = Release|Any CPU
		{F4BA9EBF-A20C-455C-9690-A9CC047316F5}.Release|iPhoneSimulator.ActiveCfg = Release|Any CPU
		{F4BA9EBF-A20C-455C-9690-A9CC047316F5}.Release|iPhoneSimulator.Build.0 = Release|Any CPU
		{F4BA9EBF-A20C-455C-9690-A9CC047316F5}.Release|x64.ActiveCfg = Release|Any CPU
		{F4BA9EBF-A20C-455C-9690-A9CC047316F5}.Release|x64.Build.0 = Release|Any CPU
		{F4BA9EBF-A20C-455C-9690-A9CC047316F5}.Release|x86.ActiveCfg = Release|Any CPU
		{F4BA9EBF-A20C-455C-9690-A9CC047316F5}.Release|x86.Build.0 = Release|Any CPU
	EndGlobalSection
	GlobalSection(SolutionProperties) = preSolution
		HideSolutionNode = FALSE
	EndGlobalSection
	GlobalSection(ExtensibilityGlobals) = postSolution
		SolutionGuid = {1D248C1A-F829-45B3-B616-640F8A22D271}
	EndGlobalSection
EndGlobal
